// !$*UTF8*$!
{
	archiveVersion = 1;
	classes = {
	};
	objectVersion = 50;
	objects = {

/* Begin PBXAggregateTarget section */
		26A7DE91229363EA004F6252 /* GeneratePrjFSVersion */ = {
			isa = PBXAggregateTarget;
			buildConfigurationList = 26A7DE95229363EA004F6252 /* Build configuration list for PBXAggregateTarget "GeneratePrjFSVersion" */;
			buildPhases = (
				26A7DE96229363F2004F6252 /* ShellScript */,
			);
			dependencies = (
			);
			name = GeneratePrjFSVersion;
			productName = GeneratePrjFSVersion;
		};
		4391F90021E436210008103C /* Build All */ = {
			isa = PBXAggregateTarget;
			buildConfigurationList = 4391F90121E436210008103C /* Build configuration list for PBXAggregateTarget "Build All" */;
			buildPhases = (
			);
			dependencies = (
				4A08257521E77BEB00E21AFD /* PBXTargetDependency */,
				4391F90521E4362B0008103C /* PBXTargetDependency */,
				4391F90721E4362B0008103C /* PBXTargetDependency */,
				4391F90921E4362B0008103C /* PBXTargetDependency */,
			);
			name = "Build All";
			productName = "Build All";
		};
/* End PBXAggregateTarget section */

/* Begin PBXBuildFile section */
		264758C921EFBA8B0095B9F8 /* VnodeCache.cpp in Sources */ = {isa = PBXBuildFile; fileRef = 264758C721EFBA8B0095B9F8 /* VnodeCache.cpp */; };
		264758CA21EFBA8B0095B9F8 /* VnodeCache.hpp in Headers */ = {isa = PBXBuildFile; fileRef = 264758C821EFBA8B0095B9F8 /* VnodeCache.hpp */; };
		264758CC21FA709B0095B9F8 /* VnodeCacheTestable.hpp in Headers */ = {isa = PBXBuildFile; fileRef = 264758CB21FA709B0095B9F8 /* VnodeCacheTestable.hpp */; };
		264758CE21FA71140095B9F8 /* VnodeCacheTests.mm in Sources */ = {isa = PBXBuildFile; fileRef = 264758CD21FA71140095B9F8 /* VnodeCacheTests.mm */; };
		264758CF21FA71E10095B9F8 /* VnodeCache.cpp in Sources */ = {isa = PBXBuildFile; fileRef = 264758C721EFBA8B0095B9F8 /* VnodeCache.cpp */; };
		264E723322930DA90059E150 /* JsonWriter.cpp in Sources */ = {isa = PBXBuildFile; fileRef = 26786AE6228B816E00F53311 /* JsonWriter.cpp */; };
		264E723422930E1E0059E150 /* JsonWriter.cpp in Sources */ = {isa = PBXBuildFile; fileRef = 26786AE6228B816E00F53311 /* JsonWriter.cpp */; };
		264E723E22930E660059E150 /* libPrjFSLib.dylib in Frameworks */ = {isa = PBXBuildFile; fileRef = 4391F8D521E430CF0008103C /* libPrjFSLib.dylib */; };
		264E7245229318170059E150 /* JsonWriterTests.mm in Sources */ = {isa = PBXBuildFile; fileRef = 264E723122930AA30059E150 /* JsonWriterTests.mm */; };
		264F8B642298455900B6EF84 /* ShouldHandleFileOpTests.mm in Sources */ = {isa = PBXBuildFile; fileRef = 264F8B632298455900B6EF84 /* ShouldHandleFileOpTests.mm */; };
		265504D0224ADE11005FAD74 /* MockPerfTracing.cpp in Sources */ = {isa = PBXBuildFile; fileRef = 265504CE224ADE11005FAD74 /* MockPerfTracing.cpp */; };
		43057C5E21E439C700487681 /* prjfs-log.cpp in Sources */ = {isa = PBXBuildFile; fileRef = 43057C5B21E439C700487681 /* prjfs-log.cpp */; };
		43057C5F21E439C700487681 /* kext-perf-tracing.cpp in Sources */ = {isa = PBXBuildFile; fileRef = 43057C5C21E439C700487681 /* kext-perf-tracing.cpp */; };
		4391F8A821E42AC50008103C /* Locks.hpp in Headers */ = {isa = PBXBuildFile; fileRef = 4391F88E21E42AC40008103C /* Locks.hpp */; };
		4391F8AB21E42AC50008103C /* KextLog.cpp in Sources */ = {isa = PBXBuildFile; fileRef = 4391F89121E42AC40008103C /* KextLog.cpp */; };
		4391F8AC21E42AC50008103C /* KextLog.hpp in Headers */ = {isa = PBXBuildFile; fileRef = 4391F89221E42AC40008103C /* KextLog.hpp */; };
		4391F8AD21E42AC50008103C /* KauthHandler.cpp in Sources */ = {isa = PBXBuildFile; fileRef = 4391F89321E42AC40008103C /* KauthHandler.cpp */; };
		4391F8AE21E42AC50008103C /* VirtualizationRoots.hpp in Headers */ = {isa = PBXBuildFile; fileRef = 4391F89421E42AC40008103C /* VirtualizationRoots.hpp */; };
		4391F8AF21E42AC50008103C /* PrjFSProviderUserClient.cpp in Sources */ = {isa = PBXBuildFile; fileRef = 4391F89521E42AC40008103C /* PrjFSProviderUserClient.cpp */; };
		4391F8B121E42AC50008103C /* Memory.cpp in Sources */ = {isa = PBXBuildFile; fileRef = 4391F89721E42AC40008103C /* Memory.cpp */; };
		4391F8B221E42AC50008103C /* Memory.hpp in Headers */ = {isa = PBXBuildFile; fileRef = 4391F89821E42AC40008103C /* Memory.hpp */; };
		4391F8B321E42AC50008103C /* PrjFSService.hpp in Headers */ = {isa = PBXBuildFile; fileRef = 4391F89921E42AC40008103C /* PrjFSService.hpp */; };
		4391F8B421E42AC50008103C /* PrjFSService.cpp in Sources */ = {isa = PBXBuildFile; fileRef = 4391F89A21E42AC40008103C /* PrjFSService.cpp */; };
		4391F8B521E42AC50008103C /* Message_Kernel.cpp in Sources */ = {isa = PBXBuildFile; fileRef = 4391F89B21E42AC40008103C /* Message_Kernel.cpp */; };
		4391F8B621E42AC50008103C /* PrjFSKext.cpp in Sources */ = {isa = PBXBuildFile; fileRef = 4391F89C21E42AC40008103C /* PrjFSKext.cpp */; };
		4391F8B721E42AC50008103C /* PrjFSClasses.hpp in Headers */ = {isa = PBXBuildFile; fileRef = 4391F89D21E42AC50008103C /* PrjFSClasses.hpp */; };
		4391F8B821E42AC50008103C /* PrjFSLogUserClient.hpp in Headers */ = {isa = PBXBuildFile; fileRef = 4391F89E21E42AC50008103C /* PrjFSLogUserClient.hpp */; };
		4391F8B921E42AC50008103C /* PrjFSProviderUserClientPrivate.hpp in Headers */ = {isa = PBXBuildFile; fileRef = 4391F89F21E42AC50008103C /* PrjFSProviderUserClientPrivate.hpp */; };
		4391F8BA21E42AC50008103C /* PrjFSLogUserClient.cpp in Sources */ = {isa = PBXBuildFile; fileRef = 4391F8A021E42AC50008103C /* PrjFSLogUserClient.cpp */; };
		4391F8BB21E42AC50008103C /* VnodeUtilities.cpp in Sources */ = {isa = PBXBuildFile; fileRef = 4391F8A121E42AC50008103C /* VnodeUtilities.cpp */; };
		4391F8BC21E42AC50008103C /* VnodeUtilities.hpp in Headers */ = {isa = PBXBuildFile; fileRef = 4391F8A221E42AC50008103C /* VnodeUtilities.hpp */; };
		4391F8BD21E42AC50008103C /* PerformanceTracing.hpp in Headers */ = {isa = PBXBuildFile; fileRef = 4391F8A321E42AC50008103C /* PerformanceTracing.hpp */; };
		4391F8BE21E42AC50008103C /* KauthHandler.hpp in Headers */ = {isa = PBXBuildFile; fileRef = 4391F8A421E42AC50008103C /* KauthHandler.hpp */; };
		4391F8BF21E42AC50008103C /* PerformanceTracing.cpp in Sources */ = {isa = PBXBuildFile; fileRef = 4391F8A521E42AC50008103C /* PerformanceTracing.cpp */; };
		4391F8C021E42AC50008103C /* Locks.cpp in Sources */ = {isa = PBXBuildFile; fileRef = 4391F8A621E42AC50008103C /* Locks.cpp */; };
		4391F8C121E42AC50008103C /* VirtualizationRoots.cpp in Sources */ = {isa = PBXBuildFile; fileRef = 4391F8A721E42AC50008103C /* VirtualizationRoots.cpp */; };
		4391F8DB21E430E20008103C /* CoreFoundation.framework in Frameworks */ = {isa = PBXBuildFile; fileRef = 4391F8DA21E430E20008103C /* CoreFoundation.framework */; };
		4391F8DD21E430EB0008103C /* IOKit.framework in Frameworks */ = {isa = PBXBuildFile; fileRef = 4391F8DC21E430EB0008103C /* IOKit.framework */; };
		4391F8EA21E435230008103C /* PrjFSLib.h in Headers */ = {isa = PBXBuildFile; fileRef = 4391F8E321E435230008103C /* PrjFSLib.h */; };
		4391F8EB21E435230008103C /* PrjFSUser.cpp in Sources */ = {isa = PBXBuildFile; fileRef = 4391F8E421E435230008103C /* PrjFSUser.cpp */; };
		4391F8EC21E435230008103C /* PrjFSLib.cpp in Sources */ = {isa = PBXBuildFile; fileRef = 4391F8E521E435230008103C /* PrjFSLib.cpp */; };
		4391F8EE21E435230008103C /* PrjFSUser.hpp in Headers */ = {isa = PBXBuildFile; fileRef = 4391F8E721E435230008103C /* PrjFSUser.hpp */; };
		4391F8FD21E435720008103C /* PrjFSUser.cpp in Sources */ = {isa = PBXBuildFile; fileRef = 4391F8E421E435230008103C /* PrjFSUser.cpp */; };
		4391F8FE21E435810008103C /* IOKit.framework in Frameworks */ = {isa = PBXBuildFile; fileRef = 4391F8DC21E430EB0008103C /* IOKit.framework */; };
		4391F8FF21E435890008103C /* CoreFoundation.framework in Frameworks */ = {isa = PBXBuildFile; fileRef = 4391F8DA21E430E20008103C /* CoreFoundation.framework */; };
		4A08257321E77BDD00E21AFD /* PrjFSKextLogDaemon.cpp in Sources */ = {isa = PBXBuildFile; fileRef = 4A08257121E77BDD00E21AFD /* PrjFSKextLogDaemon.cpp */; };
		4A08257621E77C4600E21AFD /* CoreFoundation.framework in Frameworks */ = {isa = PBXBuildFile; fileRef = 4391F8DA21E430E20008103C /* CoreFoundation.framework */; };
		4A08257721E77C4B00E21AFD /* IOKit.framework in Frameworks */ = {isa = PBXBuildFile; fileRef = 4391F8DC21E430EB0008103C /* IOKit.framework */; };
		4A08257821E77C5400E21AFD /* PrjFSUser.cpp in Sources */ = {isa = PBXBuildFile; fileRef = 4391F8E421E435230008103C /* PrjFSUser.cpp */; };
		4A08257921E77C7000E21AFD /* org.vfsforgit.prjfs.PrjFSKextLogDaemon.plist in CopyFiles */ = {isa = PBXBuildFile; fileRef = 4A08257021E77BDD00E21AFD /* org.vfsforgit.prjfs.PrjFSKextLogDaemon.plist */; };
		4A2A69A02297339A00ACAAAF /* KextAssertIntegration.m in Sources */ = {isa = PBXBuildFile; fileRef = 4A2A699F2297339A00ACAAAF /* KextAssertIntegration.m */; };
		4A558DBA22357AB000AFDE07 /* ProviderMessaging.cpp in Sources */ = {isa = PBXBuildFile; fileRef = 4A558DB822357AB000AFDE07 /* ProviderMessaging.cpp */; };
		4A558DBC22357AB000AFDE07 /* ProviderMessaging.hpp in Headers */ = {isa = PBXBuildFile; fileRef = 4A558DB922357AB000AFDE07 /* ProviderMessaging.hpp */; };
		4A558DBD22357AB000AFDE07 /* ProviderMessaging.hpp in Headers */ = {isa = PBXBuildFile; fileRef = 4A558DB922357AB000AFDE07 /* ProviderMessaging.hpp */; };
		4A781DA52220946000DB7733 /* VirtualizationRootsTests.mm in Sources */ = {isa = PBXBuildFile; fileRef = 4A781DA42220946000DB7733 /* VirtualizationRootsTests.mm */; };
		4A781DA72220971E00DB7733 /* VirtualizationRoots.cpp in Sources */ = {isa = PBXBuildFile; fileRef = 4391F8A721E42AC50008103C /* VirtualizationRoots.cpp */; };
		4A781DAB222330F700DB7733 /* KextMockUtilities.cpp in Sources */ = {isa = PBXBuildFile; fileRef = 4A781DAA222330F700DB7733 /* KextMockUtilities.cpp */; };
		4A781DAE2223374200DB7733 /* MockVnodeAndMount.cpp in Sources */ = {isa = PBXBuildFile; fileRef = 4A781DAC2223374200DB7733 /* MockVnodeAndMount.cpp */; };
		4A781DB02223391A00DB7733 /* KextLogMock.cpp in Sources */ = {isa = PBXBuildFile; fileRef = 4A781DAF2223391A00DB7733 /* KextLogMock.cpp */; };
		4A781DB222233A1E00DB7733 /* TestLocks.cpp in Sources */ = {isa = PBXBuildFile; fileRef = 4A781DB122233A1E00DB7733 /* TestLocks.cpp */; };
		4A781DB422233A4500DB7733 /* TestMemory.cpp in Sources */ = {isa = PBXBuildFile; fileRef = 4A781DB322233A4500DB7733 /* TestMemory.cpp */; };
		4A82C45722807C6F00276002 /* Message_Shared.cpp in Sources */ = {isa = PBXBuildFile; fileRef = 4A82C45622807C6F00276002 /* Message_Shared.cpp */; };
		4A82C45822807C6F00276002 /* Message_Shared.cpp in Sources */ = {isa = PBXBuildFile; fileRef = 4A82C45622807C6F00276002 /* Message_Shared.cpp */; };
		4A82C45922807C6F00276002 /* Message_Shared.cpp in Sources */ = {isa = PBXBuildFile; fileRef = 4A82C45622807C6F00276002 /* Message_Shared.cpp */; };
		4A82C45C228086F800276002 /* MessageTests.mm in Sources */ = {isa = PBXBuildFile; fileRef = 4A82C45B228086F800276002 /* MessageTests.mm */; };
		4A8C13A521F23F0200002878 /* KauthHandler.cpp in Sources */ = {isa = PBXBuildFile; fileRef = 4391F89321E42AC40008103C /* KauthHandler.cpp */; };
		4A8C13A621F2418400002878 /* libPrjFSKextTestable.a in Frameworks */ = {isa = PBXBuildFile; fileRef = 4A8C13A021F23EE800002878 /* libPrjFSKextTestable.a */; };
		4AAE3FCA22832340002673FA /* HandleFileOpOperationTests.mm in Sources */ = {isa = PBXBuildFile; fileRef = 4AAE3FC922832340002673FA /* HandleFileOpOperationTests.mm */; };
		D9C087F222384670009C1110 /* MemoryTests.mm in Sources */ = {isa = PBXBuildFile; fileRef = D9C087F122384670009C1110 /* MemoryTests.mm */; };
		F554202D224BB6E5008BAE95 /* ProviderMessagingMock.cpp in Sources */ = {isa = PBXBuildFile; fileRef = F554202C224BB6E5008BAE95 /* ProviderMessagingMock.cpp */; };
		F5554F422239883B00B31D19 /* MockProc.cpp in Sources */ = {isa = PBXBuildFile; fileRef = F5554F412239883B00B31D19 /* MockProc.cpp */; };
		F5E39C7A21F1118D006D65C2 /* KauthHandlerTests.mm in Sources */ = {isa = PBXBuildFile; fileRef = F5E39C7921F1118D006D65C2 /* KauthHandlerTests.mm */; };
		F5E39C8321F11556006D65C2 /* KauthHandlerTestable.hpp in Headers */ = {isa = PBXBuildFile; fileRef = F5E39C8121F11556006D65C2 /* KauthHandlerTestable.hpp */; };
		F5EACDC22242AB2D00EEA70E /* HandleOperationTests.mm in Sources */ = {isa = PBXBuildFile; fileRef = F5EACDC12242AB2D00EEA70E /* HandleOperationTests.mm */; };
/* End PBXBuildFile section */

/* Begin PBXContainerItemProxy section */
		264E723F22930E660059E150 /* PBXContainerItemProxy */ = {
			isa = PBXContainerItemProxy;
			containerPortal = 4391F87621E4278C0008103C /* Project object */;
			proxyType = 1;
			remoteGlobalIDString = 4391F8D421E430CF0008103C;
			remoteInfo = PrjFSLib;
		};
		26A7DE972293643F004F6252 /* PBXContainerItemProxy */ = {
			isa = PBXContainerItemProxy;
			containerPortal = 4391F87621E4278C0008103C /* Project object */;
			proxyType = 1;
			remoteGlobalIDString = 26A7DE91229363EA004F6252;
			remoteInfo = GeneratePrjFSVersion;
		};
		26A7DE992293644B004F6252 /* PBXContainerItemProxy */ = {
			isa = PBXContainerItemProxy;
			containerPortal = 4391F87621E4278C0008103C /* Project object */;
			proxyType = 1;
			remoteGlobalIDString = 26A7DE91229363EA004F6252;
			remoteInfo = GeneratePrjFSVersion;
		};
		26A7DE9B22936451004F6252 /* PBXContainerItemProxy */ = {
			isa = PBXContainerItemProxy;
			containerPortal = 4391F87621E4278C0008103C /* Project object */;
			proxyType = 1;
			remoteGlobalIDString = 26A7DE91229363EA004F6252;
			remoteInfo = GeneratePrjFSVersion;
		};
		26A7DE9D22936459004F6252 /* PBXContainerItemProxy */ = {
			isa = PBXContainerItemProxy;
			containerPortal = 4391F87621E4278C0008103C /* Project object */;
			proxyType = 1;
			remoteGlobalIDString = 26A7DE91229363EA004F6252;
			remoteInfo = GeneratePrjFSVersion;
		};
		26A7DEA122936473004F6252 /* PBXContainerItemProxy */ = {
			isa = PBXContainerItemProxy;
			containerPortal = 4391F87621E4278C0008103C /* Project object */;
			proxyType = 1;
			remoteGlobalIDString = 26A7DE91229363EA004F6252;
			remoteInfo = GeneratePrjFSVersion;
		};
		26A7DEA322936496004F6252 /* PBXContainerItemProxy */ = {
			isa = PBXContainerItemProxy;
			containerPortal = 4391F87621E4278C0008103C /* Project object */;
			proxyType = 1;
			remoteGlobalIDString = 26A7DE91229363EA004F6252;
			remoteInfo = GeneratePrjFSVersion;
		};
		26A7DEA52293649E004F6252 /* PBXContainerItemProxy */ = {
			isa = PBXContainerItemProxy;
			containerPortal = 4391F87621E4278C0008103C /* Project object */;
			proxyType = 1;
			remoteGlobalIDString = 26A7DE91229363EA004F6252;
			remoteInfo = GeneratePrjFSVersion;
		};
		4391F90421E4362B0008103C /* PBXContainerItemProxy */ = {
			isa = PBXContainerItemProxy;
			containerPortal = 4391F87621E4278C0008103C /* Project object */;
			proxyType = 1;
			remoteGlobalIDString = 4391F87E21E4278C0008103C;
			remoteInfo = PrjFS;
		};
		4391F90621E4362B0008103C /* PBXContainerItemProxy */ = {
			isa = PBXContainerItemProxy;
			containerPortal = 4391F87621E4278C0008103C /* Project object */;
			proxyType = 1;
			remoteGlobalIDString = 4391F8D421E430CF0008103C;
			remoteInfo = PrjFSLib;
		};
		4391F90821E4362B0008103C /* PBXContainerItemProxy */ = {
			isa = PBXContainerItemProxy;
			containerPortal = 4391F87621E4278C0008103C /* Project object */;
			proxyType = 1;
			remoteGlobalIDString = 4391F8F321E4355C0008103C;
			remoteInfo = "prjfs-log";
		};
		4A08257421E77BEB00E21AFD /* PBXContainerItemProxy */ = {
			isa = PBXContainerItemProxy;
			containerPortal = 4391F87621E4278C0008103C /* Project object */;
			proxyType = 1;
			remoteGlobalIDString = 4A08256721E77B7F00E21AFD;
			remoteInfo = PrjFSKextLogDaemon;
		};
		4A8C13A721F241ED00002878 /* PBXContainerItemProxy */ = {
			isa = PBXContainerItemProxy;
			containerPortal = 4391F87621E4278C0008103C /* Project object */;
			proxyType = 1;
			remoteGlobalIDString = 4A8C139F21F23EE800002878;
			remoteInfo = PrjFSKextTestable;
		};
/* End PBXContainerItemProxy section */

/* Begin PBXCopyFilesBuildPhase section */
		4391F8F221E4355C0008103C /* CopyFiles */ = {
			isa = PBXCopyFilesBuildPhase;
			buildActionMask = 2147483647;
			dstPath = /usr/share/man/man1/;
			dstSubfolderSpec = 0;
			files = (
			);
			runOnlyForDeploymentPostprocessing = 1;
		};
		4A08256621E77B7F00E21AFD /* CopyFiles */ = {
			isa = PBXCopyFilesBuildPhase;
			buildActionMask = 12;
			dstPath = "";
			dstSubfolderSpec = 16;
			files = (
				4A08257921E77C7000E21AFD /* org.vfsforgit.prjfs.PrjFSKextLogDaemon.plist in CopyFiles */,
			);
			runOnlyForDeploymentPostprocessing = 0;
		};
/* End PBXCopyFilesBuildPhase section */

/* Begin PBXFileReference section */
		262DFF982230798E005CC5DD /* VnodeCachePrivate.hpp */ = {isa = PBXFileReference; lastKnownFileType = sourcecode.cpp.h; path = VnodeCachePrivate.hpp; sourceTree = "<group>"; };
		263DD5AD225D44C2005FEE9C /* VnodeCacheEntriesWrapper.hpp */ = {isa = PBXFileReference; fileEncoding = 4; lastKnownFileType = sourcecode.cpp.h; path = VnodeCacheEntriesWrapper.hpp; sourceTree = "<group>"; };
		264758C721EFBA8B0095B9F8 /* VnodeCache.cpp */ = {isa = PBXFileReference; fileEncoding = 4; lastKnownFileType = sourcecode.cpp.cpp; path = VnodeCache.cpp; sourceTree = "<group>"; };
		264758C821EFBA8B0095B9F8 /* VnodeCache.hpp */ = {isa = PBXFileReference; fileEncoding = 4; lastKnownFileType = sourcecode.cpp.h; path = VnodeCache.hpp; sourceTree = "<group>"; };
		264758CB21FA709B0095B9F8 /* VnodeCacheTestable.hpp */ = {isa = PBXFileReference; fileEncoding = 4; lastKnownFileType = sourcecode.cpp.h; path = VnodeCacheTestable.hpp; sourceTree = "<group>"; };
		264758CD21FA71140095B9F8 /* VnodeCacheTests.mm */ = {isa = PBXFileReference; fileEncoding = 4; lastKnownFileType = sourcecode.cpp.objcpp; path = VnodeCacheTests.mm; sourceTree = "<group>"; };
		264E723122930AA30059E150 /* JsonWriterTests.mm */ = {isa = PBXFileReference; lastKnownFileType = sourcecode.cpp.objcpp; path = JsonWriterTests.mm; sourceTree = "<group>"; };
		264E723922930E660059E150 /* PrjFSLibTests.xctest */ = {isa = PBXFileReference; explicitFileType = wrapper.cfbundle; includeInIndex = 0; path = PrjFSLibTests.xctest; sourceTree = BUILT_PRODUCTS_DIR; };
		264E723D22930E660059E150 /* Info.plist */ = {isa = PBXFileReference; lastKnownFileType = text.plist.xml; path = Info.plist; sourceTree = "<group>"; };
		264F8B632298455900B6EF84 /* ShouldHandleFileOpTests.mm */ = {isa = PBXFileReference; lastKnownFileType = sourcecode.cpp.objcpp; path = ShouldHandleFileOpTests.mm; sourceTree = "<group>"; };
		265504CE224ADE11005FAD74 /* MockPerfTracing.cpp */ = {isa = PBXFileReference; fileEncoding = 4; lastKnownFileType = sourcecode.cpp.cpp; path = MockPerfTracing.cpp; sourceTree = "<group>"; };
		26786AE5228B815E00F53311 /* JsonWriter.hpp */ = {isa = PBXFileReference; lastKnownFileType = sourcecode.cpp.h; path = JsonWriter.hpp; sourceTree = "<group>"; };
		26786AE6228B816E00F53311 /* JsonWriter.cpp */ = {isa = PBXFileReference; lastKnownFileType = sourcecode.cpp.cpp; path = JsonWriter.cpp; sourceTree = "<group>"; };
		43057C5B21E439C700487681 /* prjfs-log.cpp */ = {isa = PBXFileReference; fileEncoding = 4; lastKnownFileType = sourcecode.cpp.cpp; path = "prjfs-log.cpp"; sourceTree = "<group>"; };
		43057C5C21E439C700487681 /* kext-perf-tracing.cpp */ = {isa = PBXFileReference; fileEncoding = 4; lastKnownFileType = sourcecode.cpp.cpp; path = "kext-perf-tracing.cpp"; sourceTree = "<group>"; };
		43057C5D21E439C700487681 /* kext-perf-tracing.hpp */ = {isa = PBXFileReference; fileEncoding = 4; lastKnownFileType = sourcecode.cpp.h; path = "kext-perf-tracing.hpp"; sourceTree = "<group>"; };
		4391F87F21E4278C0008103C /* PrjFSKext.kext */ = {isa = PBXFileReference; explicitFileType = wrapper.cfbundle; includeInIndex = 0; path = PrjFSKext.kext; sourceTree = BUILT_PRODUCTS_DIR; };
		4391F88E21E42AC40008103C /* Locks.hpp */ = {isa = PBXFileReference; fileEncoding = 4; lastKnownFileType = sourcecode.cpp.h; path = Locks.hpp; sourceTree = "<group>"; };
		4391F88F21E42AC40008103C /* Info.plist */ = {isa = PBXFileReference; fileEncoding = 4; lastKnownFileType = text.plist.xml; path = Info.plist; sourceTree = "<group>"; };
		4391F89021E42AC40008103C /* kernel-header-wrappers */ = {isa = PBXFileReference; lastKnownFileType = folder; path = "kernel-header-wrappers"; sourceTree = "<group>"; };
		4391F89121E42AC40008103C /* KextLog.cpp */ = {isa = PBXFileReference; fileEncoding = 4; lastKnownFileType = sourcecode.cpp.cpp; path = KextLog.cpp; sourceTree = "<group>"; };
		4391F89221E42AC40008103C /* KextLog.hpp */ = {isa = PBXFileReference; fileEncoding = 4; lastKnownFileType = sourcecode.cpp.h; path = KextLog.hpp; sourceTree = "<group>"; };
		4391F89321E42AC40008103C /* KauthHandler.cpp */ = {isa = PBXFileReference; fileEncoding = 4; lastKnownFileType = sourcecode.cpp.cpp; path = KauthHandler.cpp; sourceTree = "<group>"; };
		4391F89421E42AC40008103C /* VirtualizationRoots.hpp */ = {isa = PBXFileReference; fileEncoding = 4; lastKnownFileType = sourcecode.cpp.h; path = VirtualizationRoots.hpp; sourceTree = "<group>"; };
		4391F89521E42AC40008103C /* PrjFSProviderUserClient.cpp */ = {isa = PBXFileReference; fileEncoding = 4; lastKnownFileType = sourcecode.cpp.cpp; path = PrjFSProviderUserClient.cpp; sourceTree = "<group>"; };
		4391F89621E42AC40008103C /* public */ = {isa = PBXFileReference; lastKnownFileType = folder; path = public; sourceTree = "<group>"; };
		4391F89721E42AC40008103C /* Memory.cpp */ = {isa = PBXFileReference; fileEncoding = 4; lastKnownFileType = sourcecode.cpp.cpp; path = Memory.cpp; sourceTree = "<group>"; };
		4391F89821E42AC40008103C /* Memory.hpp */ = {isa = PBXFileReference; fileEncoding = 4; lastKnownFileType = sourcecode.cpp.h; path = Memory.hpp; sourceTree = "<group>"; };
		4391F89921E42AC40008103C /* PrjFSService.hpp */ = {isa = PBXFileReference; fileEncoding = 4; lastKnownFileType = sourcecode.cpp.h; path = PrjFSService.hpp; sourceTree = "<group>"; };
		4391F89A21E42AC40008103C /* PrjFSService.cpp */ = {isa = PBXFileReference; fileEncoding = 4; lastKnownFileType = sourcecode.cpp.cpp; path = PrjFSService.cpp; sourceTree = "<group>"; };
		4391F89B21E42AC40008103C /* Message_Kernel.cpp */ = {isa = PBXFileReference; fileEncoding = 4; lastKnownFileType = sourcecode.cpp.cpp; path = Message_Kernel.cpp; sourceTree = "<group>"; };
		4391F89C21E42AC40008103C /* PrjFSKext.cpp */ = {isa = PBXFileReference; fileEncoding = 4; lastKnownFileType = sourcecode.cpp.cpp; path = PrjFSKext.cpp; sourceTree = "<group>"; };
		4391F89D21E42AC50008103C /* PrjFSClasses.hpp */ = {isa = PBXFileReference; fileEncoding = 4; lastKnownFileType = sourcecode.cpp.h; path = PrjFSClasses.hpp; sourceTree = "<group>"; };
		4391F89E21E42AC50008103C /* PrjFSLogUserClient.hpp */ = {isa = PBXFileReference; fileEncoding = 4; lastKnownFileType = sourcecode.cpp.h; path = PrjFSLogUserClient.hpp; sourceTree = "<group>"; };
		4391F89F21E42AC50008103C /* PrjFSProviderUserClientPrivate.hpp */ = {isa = PBXFileReference; fileEncoding = 4; lastKnownFileType = sourcecode.cpp.h; path = PrjFSProviderUserClientPrivate.hpp; sourceTree = "<group>"; };
		4391F8A021E42AC50008103C /* PrjFSLogUserClient.cpp */ = {isa = PBXFileReference; fileEncoding = 4; lastKnownFileType = sourcecode.cpp.cpp; path = PrjFSLogUserClient.cpp; sourceTree = "<group>"; };
		4391F8A121E42AC50008103C /* VnodeUtilities.cpp */ = {isa = PBXFileReference; fileEncoding = 4; lastKnownFileType = sourcecode.cpp.cpp; path = VnodeUtilities.cpp; sourceTree = "<group>"; };
		4391F8A221E42AC50008103C /* VnodeUtilities.hpp */ = {isa = PBXFileReference; fileEncoding = 4; lastKnownFileType = sourcecode.cpp.h; path = VnodeUtilities.hpp; sourceTree = "<group>"; };
		4391F8A321E42AC50008103C /* PerformanceTracing.hpp */ = {isa = PBXFileReference; fileEncoding = 4; lastKnownFileType = sourcecode.cpp.h; path = PerformanceTracing.hpp; sourceTree = "<group>"; };
		4391F8A421E42AC50008103C /* KauthHandler.hpp */ = {isa = PBXFileReference; fileEncoding = 4; lastKnownFileType = sourcecode.cpp.h; path = KauthHandler.hpp; sourceTree = "<group>"; };
		4391F8A521E42AC50008103C /* PerformanceTracing.cpp */ = {isa = PBXFileReference; fileEncoding = 4; lastKnownFileType = sourcecode.cpp.cpp; path = PerformanceTracing.cpp; sourceTree = "<group>"; };
		4391F8A621E42AC50008103C /* Locks.cpp */ = {isa = PBXFileReference; fileEncoding = 4; lastKnownFileType = sourcecode.cpp.cpp; path = Locks.cpp; sourceTree = "<group>"; };
		4391F8A721E42AC50008103C /* VirtualizationRoots.cpp */ = {isa = PBXFileReference; fileEncoding = 4; lastKnownFileType = sourcecode.cpp.cpp; path = VirtualizationRoots.cpp; sourceTree = "<group>"; };
		4391F8D521E430CF0008103C /* libPrjFSLib.dylib */ = {isa = PBXFileReference; explicitFileType = "compiled.mach-o.dylib"; includeInIndex = 0; path = libPrjFSLib.dylib; sourceTree = BUILT_PRODUCTS_DIR; };
		4391F8DA21E430E20008103C /* CoreFoundation.framework */ = {isa = PBXFileReference; lastKnownFileType = wrapper.framework; name = CoreFoundation.framework; path = System/Library/Frameworks/CoreFoundation.framework; sourceTree = SDKROOT; };
		4391F8DC21E430EB0008103C /* IOKit.framework */ = {isa = PBXFileReference; lastKnownFileType = wrapper.framework; name = IOKit.framework; path = System/Library/Frameworks/IOKit.framework; sourceTree = SDKROOT; };
		4391F8E321E435230008103C /* PrjFSLib.h */ = {isa = PBXFileReference; fileEncoding = 4; lastKnownFileType = sourcecode.c.h; path = PrjFSLib.h; sourceTree = "<group>"; };
		4391F8E421E435230008103C /* PrjFSUser.cpp */ = {isa = PBXFileReference; fileEncoding = 4; lastKnownFileType = sourcecode.cpp.cpp; path = PrjFSUser.cpp; sourceTree = "<group>"; };
		4391F8E521E435230008103C /* PrjFSLib.cpp */ = {isa = PBXFileReference; fileEncoding = 4; lastKnownFileType = sourcecode.cpp.cpp; path = PrjFSLib.cpp; sourceTree = "<group>"; };
		4391F8E721E435230008103C /* PrjFSUser.hpp */ = {isa = PBXFileReference; fileEncoding = 4; lastKnownFileType = sourcecode.cpp.h; path = PrjFSUser.hpp; sourceTree = "<group>"; };
		4391F8F421E4355C0008103C /* prjfs-log */ = {isa = PBXFileReference; explicitFileType = "compiled.mach-o.executable"; includeInIndex = 0; path = "prjfs-log"; sourceTree = BUILT_PRODUCTS_DIR; };
		4A08256821E77B7F00E21AFD /* PrjFSKextLogDaemon */ = {isa = PBXFileReference; explicitFileType = "compiled.mach-o.executable"; includeInIndex = 0; path = PrjFSKextLogDaemon; sourceTree = BUILT_PRODUCTS_DIR; };
		4A08257021E77BDD00E21AFD /* org.vfsforgit.prjfs.PrjFSKextLogDaemon.plist */ = {isa = PBXFileReference; fileEncoding = 4; lastKnownFileType = text.plist.xml; path = org.vfsforgit.prjfs.PrjFSKextLogDaemon.plist; sourceTree = "<group>"; };
		4A08257121E77BDD00E21AFD /* PrjFSKextLogDaemon.cpp */ = {isa = PBXFileReference; fileEncoding = 4; lastKnownFileType = sourcecode.cpp.cpp; path = PrjFSKextLogDaemon.cpp; sourceTree = "<group>"; };
		4A08257221E77BDD00E21AFD /* Info.plist */ = {isa = PBXFileReference; fileEncoding = 4; lastKnownFileType = text.plist.xml; path = Info.plist; sourceTree = "<group>"; };
		4A2A699B2295AA7800ACAAAF /* ArrayUtilities.hpp */ = {isa = PBXFileReference; lastKnownFileType = sourcecode.cpp.h; path = ArrayUtilities.hpp; sourceTree = "<group>"; };
		4A2A699D2296BACE00ACAAAF /* KauthHandlerPrivate.hpp */ = {isa = PBXFileReference; lastKnownFileType = sourcecode.cpp.h; path = KauthHandlerPrivate.hpp; sourceTree = "<group>"; };
		4A2A699F2297339A00ACAAAF /* KextAssertIntegration.m */ = {isa = PBXFileReference; lastKnownFileType = sourcecode.c.objc; path = KextAssertIntegration.m; sourceTree = "<group>"; };
		4A2A69A12297375A00ACAAAF /* KextAssertIntegration.h */ = {isa = PBXFileReference; lastKnownFileType = sourcecode.c.h; path = KextAssertIntegration.h; sourceTree = "<group>"; };
		4A558DB822357AB000AFDE07 /* ProviderMessaging.cpp */ = {isa = PBXFileReference; lastKnownFileType = sourcecode.cpp.cpp; path = ProviderMessaging.cpp; sourceTree = "<group>"; };
		4A558DB922357AB000AFDE07 /* ProviderMessaging.hpp */ = {isa = PBXFileReference; lastKnownFileType = sourcecode.cpp.h; path = ProviderMessaging.hpp; sourceTree = "<group>"; };
		4A781DA42220946000DB7733 /* VirtualizationRootsTests.mm */ = {isa = PBXFileReference; lastKnownFileType = sourcecode.cpp.objcpp; path = VirtualizationRootsTests.mm; sourceTree = "<group>"; };
		4A781DA6222094C300DB7733 /* VirtualizationRootsPrivate.hpp */ = {isa = PBXFileReference; lastKnownFileType = sourcecode.cpp.h; path = VirtualizationRootsPrivate.hpp; sourceTree = "<group>"; };
		4A781DA82222C6EA00DB7733 /* PrjFSProviderUserClient.hpp */ = {isa = PBXFileReference; lastKnownFileType = sourcecode.cpp.h; path = PrjFSProviderUserClient.hpp; sourceTree = "<group>"; };
		4A781DA92223305C00DB7733 /* KextMockUtilities.hpp */ = {isa = PBXFileReference; lastKnownFileType = sourcecode.cpp.h; path = KextMockUtilities.hpp; sourceTree = "<group>"; };
		4A781DAA222330F700DB7733 /* KextMockUtilities.cpp */ = {isa = PBXFileReference; lastKnownFileType = sourcecode.cpp.cpp; path = KextMockUtilities.cpp; sourceTree = "<group>"; };
		4A781DAC2223374200DB7733 /* MockVnodeAndMount.cpp */ = {isa = PBXFileReference; lastKnownFileType = sourcecode.cpp.cpp; path = MockVnodeAndMount.cpp; sourceTree = "<group>"; };
		4A781DAD2223374200DB7733 /* MockVnodeAndMount.hpp */ = {isa = PBXFileReference; lastKnownFileType = sourcecode.cpp.h; path = MockVnodeAndMount.hpp; sourceTree = "<group>"; };
		4A781DAF2223391A00DB7733 /* KextLogMock.cpp */ = {isa = PBXFileReference; lastKnownFileType = sourcecode.cpp.cpp; path = KextLogMock.cpp; sourceTree = "<group>"; };
		4A781DB122233A1E00DB7733 /* TestLocks.cpp */ = {isa = PBXFileReference; lastKnownFileType = sourcecode.cpp.cpp; path = TestLocks.cpp; sourceTree = "<group>"; };
		4A781DB322233A4500DB7733 /* TestMemory.cpp */ = {isa = PBXFileReference; lastKnownFileType = sourcecode.cpp.cpp; path = TestMemory.cpp; sourceTree = "<group>"; };
		4A781DB722299C5300DB7733 /* VirtualizationRootsTestable.hpp */ = {isa = PBXFileReference; lastKnownFileType = sourcecode.cpp.h; path = VirtualizationRootsTestable.hpp; sourceTree = "<group>"; };
		4A82C45622807C6F00276002 /* Message_Shared.cpp */ = {isa = PBXFileReference; lastKnownFileType = sourcecode.cpp.cpp; path = Message_Shared.cpp; sourceTree = "<group>"; };
		4A82C45A22807FD800276002 /* Message_Kernel.hpp */ = {isa = PBXFileReference; lastKnownFileType = sourcecode.cpp.h; path = Message_Kernel.hpp; sourceTree = "<group>"; };
		4A82C45B228086F800276002 /* MessageTests.mm */ = {isa = PBXFileReference; lastKnownFileType = sourcecode.cpp.objcpp; path = MessageTests.mm; sourceTree = "<group>"; };
		4A8C13A021F23EE800002878 /* libPrjFSKextTestable.a */ = {isa = PBXFileReference; explicitFileType = archive.ar; includeInIndex = 0; path = libPrjFSKextTestable.a; sourceTree = BUILT_PRODUCTS_DIR; };
		4A8C13AA21F268FE00002878 /* PrjFSKextTests.exp */ = {isa = PBXFileReference; lastKnownFileType = sourcecode.exports; path = PrjFSKextTests.exp; sourceTree = "<group>"; };
		4AAE3FC922832340002673FA /* HandleFileOpOperationTests.mm */ = {isa = PBXFileReference; fileEncoding = 4; lastKnownFileType = sourcecode.cpp.objcpp; path = HandleFileOpOperationTests.mm; sourceTree = "<group>"; };
		D9C087F122384670009C1110 /* MemoryTests.mm */ = {isa = PBXFileReference; lastKnownFileType = sourcecode.cpp.objcpp; path = MemoryTests.mm; sourceTree = "<group>"; };
		F5151F7F226F9083004B92C9 /* ProviderMessagingMock.hpp */ = {isa = PBXFileReference; lastKnownFileType = sourcecode.cpp.h; path = ProviderMessagingMock.hpp; sourceTree = "<group>"; };
		F554202C224BB6E5008BAE95 /* ProviderMessagingMock.cpp */ = {isa = PBXFileReference; lastKnownFileType = sourcecode.cpp.cpp; path = ProviderMessagingMock.cpp; sourceTree = "<group>"; };
		F5554F402239881800B31D19 /* MockProc.hpp */ = {isa = PBXFileReference; lastKnownFileType = sourcecode.cpp.h; path = MockProc.hpp; sourceTree = "<group>"; };
		F5554F412239883B00B31D19 /* MockProc.cpp */ = {isa = PBXFileReference; lastKnownFileType = sourcecode.cpp.cpp; path = MockProc.cpp; sourceTree = "<group>"; };
		F557623E22009F0E005DE35E /* KextLogMock.h */ = {isa = PBXFileReference; lastKnownFileType = sourcecode.c.h; path = KextLogMock.h; sourceTree = "<group>"; };
		F5E39C7721F1118D006D65C2 /* PrjFSKextTests.xctest */ = {isa = PBXFileReference; explicitFileType = wrapper.cfbundle; includeInIndex = 0; path = PrjFSKextTests.xctest; sourceTree = BUILT_PRODUCTS_DIR; };
		F5E39C7921F1118D006D65C2 /* KauthHandlerTests.mm */ = {isa = PBXFileReference; lastKnownFileType = sourcecode.cpp.objcpp; path = KauthHandlerTests.mm; sourceTree = "<group>"; };
		F5E39C7B21F1118D006D65C2 /* Info.plist */ = {isa = PBXFileReference; lastKnownFileType = text.plist.xml; path = Info.plist; sourceTree = "<group>"; };
		F5E39C8121F11556006D65C2 /* KauthHandlerTestable.hpp */ = {isa = PBXFileReference; lastKnownFileType = sourcecode.cpp.h; path = KauthHandlerTestable.hpp; sourceTree = "<group>"; };
		F5EACDC12242AB2D00EEA70E /* HandleOperationTests.mm */ = {isa = PBXFileReference; lastKnownFileType = sourcecode.cpp.objcpp; path = HandleOperationTests.mm; sourceTree = "<group>"; };
/* End PBXFileReference section */

/* Begin PBXFrameworksBuildPhase section */
		264E723622930E660059E150 /* Frameworks */ = {
			isa = PBXFrameworksBuildPhase;
			buildActionMask = 2147483647;
			files = (
				264E723E22930E660059E150 /* libPrjFSLib.dylib in Frameworks */,
			);
			runOnlyForDeploymentPostprocessing = 0;
		};
		4391F87C21E4278C0008103C /* Frameworks */ = {
			isa = PBXFrameworksBuildPhase;
			buildActionMask = 2147483647;
			files = (
			);
			runOnlyForDeploymentPostprocessing = 0;
		};
		4391F8D321E430CF0008103C /* Frameworks */ = {
			isa = PBXFrameworksBuildPhase;
			buildActionMask = 2147483647;
			files = (
				4391F8DD21E430EB0008103C /* IOKit.framework in Frameworks */,
				4391F8DB21E430E20008103C /* CoreFoundation.framework in Frameworks */,
			);
			runOnlyForDeploymentPostprocessing = 0;
		};
		4391F8F121E4355C0008103C /* Frameworks */ = {
			isa = PBXFrameworksBuildPhase;
			buildActionMask = 2147483647;
			files = (
				4391F8FF21E435890008103C /* CoreFoundation.framework in Frameworks */,
				4391F8FE21E435810008103C /* IOKit.framework in Frameworks */,
			);
			runOnlyForDeploymentPostprocessing = 0;
		};
		4A08256521E77B7F00E21AFD /* Frameworks */ = {
			isa = PBXFrameworksBuildPhase;
			buildActionMask = 2147483647;
			files = (
				4A08257721E77C4B00E21AFD /* IOKit.framework in Frameworks */,
				4A08257621E77C4600E21AFD /* CoreFoundation.framework in Frameworks */,
			);
			runOnlyForDeploymentPostprocessing = 0;
		};
		4A8C139E21F23EE800002878 /* Frameworks */ = {
			isa = PBXFrameworksBuildPhase;
			buildActionMask = 2147483647;
			files = (
			);
			runOnlyForDeploymentPostprocessing = 0;
		};
		F5E39C7421F1118D006D65C2 /* Frameworks */ = {
			isa = PBXFrameworksBuildPhase;
			buildActionMask = 2147483647;
			files = (
				4A8C13A621F2418400002878 /* libPrjFSKextTestable.a in Frameworks */,
			);
			runOnlyForDeploymentPostprocessing = 0;
		};
/* End PBXFrameworksBuildPhase section */

/* Begin PBXGroup section */
		264E723222930D8D0059E150 /* Json */ = {
			isa = PBXGroup;
			children = (
				26786AE5228B815E00F53311 /* JsonWriter.hpp */,
				26786AE6228B816E00F53311 /* JsonWriter.cpp */,
			);
			path = Json;
			sourceTree = "<group>";
		};
		264E723A22930E660059E150 /* PrjFSLibTests */ = {
			isa = PBXGroup;
			children = (
				264E723122930AA30059E150 /* JsonWriterTests.mm */,
				264E723D22930E660059E150 /* Info.plist */,
			);
			path = PrjFSLibTests;
			sourceTree = "<group>";
		};
		43057C5A21E439B200487681 /* prjfs-log */ = {
			isa = PBXGroup;
			children = (
				43057C5C21E439C700487681 /* kext-perf-tracing.cpp */,
				43057C5D21E439C700487681 /* kext-perf-tracing.hpp */,
				43057C5B21E439C700487681 /* prjfs-log.cpp */,
			);
			path = "prjfs-log";
			sourceTree = "<group>";
		};
		4391F87521E4278C0008103C = {
			isa = PBXGroup;
			children = (
				4391F8C221E4306D0008103C /* PrjFSLib */,
				4391F88D21E42AA70008103C /* PrjFSKext */,
				4A08256921E77B7F00E21AFD /* PrjFSKextLogDaemon */,
				F5E39C7821F1118D006D65C2 /* PrjFSKextTests */,
				264E723A22930E660059E150 /* PrjFSLibTests */,
				4391F88021E4278C0008103C /* Products */,
				4391F8D921E430E10008103C /* Frameworks */,
			);
			indentWidth = 4;
			sourceTree = "<group>";
			tabWidth = 4;
			usesTabs = 0;
		};
		4391F88021E4278C0008103C /* Products */ = {
			isa = PBXGroup;
			children = (
				4391F87F21E4278C0008103C /* PrjFSKext.kext */,
				4391F8D521E430CF0008103C /* libPrjFSLib.dylib */,
				4391F8F421E4355C0008103C /* prjfs-log */,
				4A08256821E77B7F00E21AFD /* PrjFSKextLogDaemon */,
				F5E39C7721F1118D006D65C2 /* PrjFSKextTests.xctest */,
				4A8C13A021F23EE800002878 /* libPrjFSKextTestable.a */,
				264E723922930E660059E150 /* PrjFSLibTests.xctest */,
			);
			name = Products;
			sourceTree = "<group>";
		};
		4391F88D21E42AA70008103C /* PrjFSKext */ = {
			isa = PBXGroup;
			children = (
				4A2A699B2295AA7800ACAAAF /* ArrayUtilities.hpp */,
				4391F88F21E42AC40008103C /* Info.plist */,
				4391F89321E42AC40008103C /* KauthHandler.cpp */,
				4391F8A421E42AC50008103C /* KauthHandler.hpp */,
				4A2A699D2296BACE00ACAAAF /* KauthHandlerPrivate.hpp */,
				F5E39C8121F11556006D65C2 /* KauthHandlerTestable.hpp */,
				4391F89021E42AC40008103C /* kernel-header-wrappers */,
				4391F89121E42AC40008103C /* KextLog.cpp */,
				4391F89221E42AC40008103C /* KextLog.hpp */,
				4391F8A621E42AC50008103C /* Locks.cpp */,
				4391F88E21E42AC40008103C /* Locks.hpp */,
				4391F89721E42AC40008103C /* Memory.cpp */,
				4391F89821E42AC40008103C /* Memory.hpp */,
				4391F89B21E42AC40008103C /* Message_Kernel.cpp */,
				4A82C45A22807FD800276002 /* Message_Kernel.hpp */,
				4A82C45622807C6F00276002 /* Message_Shared.cpp */,
				4391F8A521E42AC50008103C /* PerformanceTracing.cpp */,
				4391F8A321E42AC50008103C /* PerformanceTracing.hpp */,
				4391F89D21E42AC50008103C /* PrjFSClasses.hpp */,
				4391F89C21E42AC40008103C /* PrjFSKext.cpp */,
				4391F8A021E42AC50008103C /* PrjFSLogUserClient.cpp */,
				4391F89E21E42AC50008103C /* PrjFSLogUserClient.hpp */,
				4391F89521E42AC40008103C /* PrjFSProviderUserClient.cpp */,
				4391F89F21E42AC50008103C /* PrjFSProviderUserClientPrivate.hpp */,
				4A781DA82222C6EA00DB7733 /* PrjFSProviderUserClient.hpp */,
				4391F89A21E42AC40008103C /* PrjFSService.cpp */,
				4391F89921E42AC40008103C /* PrjFSService.hpp */,
				4A558DB822357AB000AFDE07 /* ProviderMessaging.cpp */,
				4A558DB922357AB000AFDE07 /* ProviderMessaging.hpp */,
				4391F89621E42AC40008103C /* public */,
				4391F8A721E42AC50008103C /* VirtualizationRoots.cpp */,
				4391F89421E42AC40008103C /* VirtualizationRoots.hpp */,
				4A781DB722299C5300DB7733 /* VirtualizationRootsTestable.hpp */,
				4A781DA6222094C300DB7733 /* VirtualizationRootsPrivate.hpp */,
				264758C721EFBA8B0095B9F8 /* VnodeCache.cpp */,
				264758C821EFBA8B0095B9F8 /* VnodeCache.hpp */,
				262DFF982230798E005CC5DD /* VnodeCachePrivate.hpp */,
				264758CB21FA709B0095B9F8 /* VnodeCacheTestable.hpp */,
				4391F8A121E42AC50008103C /* VnodeUtilities.cpp */,
				4391F8A221E42AC50008103C /* VnodeUtilities.hpp */,
			);
			path = PrjFSKext;
			sourceTree = "<group>";
		};
		4391F8C221E4306D0008103C /* PrjFSLib */ = {
			isa = PBXGroup;
			children = (
				264E723222930D8D0059E150 /* Json */,
				43057C5A21E439B200487681 /* prjfs-log */,
				4391F8E521E435230008103C /* PrjFSLib.cpp */,
				4391F8E321E435230008103C /* PrjFSLib.h */,
				4391F8E421E435230008103C /* PrjFSUser.cpp */,
				4391F8E721E435230008103C /* PrjFSUser.hpp */,
			);
			path = PrjFSLib;
			sourceTree = "<group>";
		};
		4391F8D921E430E10008103C /* Frameworks */ = {
			isa = PBXGroup;
			children = (
				4391F8DC21E430EB0008103C /* IOKit.framework */,
				4391F8DA21E430E20008103C /* CoreFoundation.framework */,
			);
			name = Frameworks;
			sourceTree = "<group>";
		};
		4A08256921E77B7F00E21AFD /* PrjFSKextLogDaemon */ = {
			isa = PBXGroup;
			children = (
				4A08257221E77BDD00E21AFD /* Info.plist */,
				4A08257021E77BDD00E21AFD /* org.vfsforgit.prjfs.PrjFSKextLogDaemon.plist */,
				4A08257121E77BDD00E21AFD /* PrjFSKextLogDaemon.cpp */,
			);
			path = PrjFSKextLogDaemon;
			sourceTree = "<group>";
		};
		F5E39C7821F1118D006D65C2 /* PrjFSKextTests */ = {
			isa = PBXGroup;
			children = (
				4AAE3FC922832340002673FA /* HandleFileOpOperationTests.mm */,
				F5EACDC12242AB2D00EEA70E /* HandleOperationTests.mm */,
				F5E39C7B21F1118D006D65C2 /* Info.plist */,
				F5E39C7921F1118D006D65C2 /* KauthHandlerTests.mm */,
				4A781DAF2223391A00DB7733 /* KextLogMock.cpp */,
				4A2A69A12297375A00ACAAAF /* KextAssertIntegration.h */,
				4A2A699F2297339A00ACAAAF /* KextAssertIntegration.m */,
				F557623E22009F0E005DE35E /* KextLogMock.h */,
				4A781DAA222330F700DB7733 /* KextMockUtilities.cpp */,
				4A781DA92223305C00DB7733 /* KextMockUtilities.hpp */,
				D9C087F122384670009C1110 /* MemoryTests.mm */,
				4A82C45B228086F800276002 /* MessageTests.mm */,
				265504CE224ADE11005FAD74 /* MockPerfTracing.cpp */,
				F5554F412239883B00B31D19 /* MockProc.cpp */,
				F5554F402239881800B31D19 /* MockProc.hpp */,
				4A781DAC2223374200DB7733 /* MockVnodeAndMount.cpp */,
				4A781DAD2223374200DB7733 /* MockVnodeAndMount.hpp */,
				4A8C13AA21F268FE00002878 /* PrjFSKextTests.exp */,
				F554202C224BB6E5008BAE95 /* ProviderMessagingMock.cpp */,
				F5151F7F226F9083004B92C9 /* ProviderMessagingMock.hpp */,
				264F8B632298455900B6EF84 /* ShouldHandleFileOpTests.mm */,
				4A781DB122233A1E00DB7733 /* TestLocks.cpp */,
				4A781DB322233A4500DB7733 /* TestMemory.cpp */,
				263DD5AD225D44C2005FEE9C /* VnodeCacheEntriesWrapper.hpp */,
				264758CD21FA71140095B9F8 /* VnodeCacheTests.mm */,
				4A781DA42220946000DB7733 /* VirtualizationRootsTests.mm */,
			);
			path = PrjFSKextTests;
			sourceTree = "<group>";
		};
/* End PBXGroup section */

/* Begin PBXHeadersBuildPhase section */
		4391F87A21E4278C0008103C /* Headers */ = {
			isa = PBXHeadersBuildPhase;
			buildActionMask = 2147483647;
			files = (
				4391F8A821E42AC50008103C /* Locks.hpp in Headers */,
				4391F8B821E42AC50008103C /* PrjFSLogUserClient.hpp in Headers */,
				4391F8B221E42AC50008103C /* Memory.hpp in Headers */,
				4391F8AE21E42AC50008103C /* VirtualizationRoots.hpp in Headers */,
				4391F8BE21E42AC50008103C /* KauthHandler.hpp in Headers */,
				4391F8AC21E42AC50008103C /* KextLog.hpp in Headers */,
				4A558DBC22357AB000AFDE07 /* ProviderMessaging.hpp in Headers */,
				4391F8B321E42AC50008103C /* PrjFSService.hpp in Headers */,
				4391F8B721E42AC50008103C /* PrjFSClasses.hpp in Headers */,
				264758CC21FA709B0095B9F8 /* VnodeCacheTestable.hpp in Headers */,
				264758CA21EFBA8B0095B9F8 /* VnodeCache.hpp in Headers */,
				4391F8BC21E42AC50008103C /* VnodeUtilities.hpp in Headers */,
				4391F8BD21E42AC50008103C /* PerformanceTracing.hpp in Headers */,
				4391F8B921E42AC50008103C /* PrjFSProviderUserClientPrivate.hpp in Headers */,
				F5E39C8321F11556006D65C2 /* KauthHandlerTestable.hpp in Headers */,
			);
			runOnlyForDeploymentPostprocessing = 0;
		};
		4391F8D121E430CF0008103C /* Headers */ = {
			isa = PBXHeadersBuildPhase;
			buildActionMask = 2147483647;
			files = (
				4391F8EA21E435230008103C /* PrjFSLib.h in Headers */,
				4391F8EE21E435230008103C /* PrjFSUser.hpp in Headers */,
			);
			runOnlyForDeploymentPostprocessing = 0;
		};
		4A8C139C21F23EE800002878 /* Headers */ = {
			isa = PBXHeadersBuildPhase;
			buildActionMask = 2147483647;
			files = (
				4A558DBD22357AB000AFDE07 /* ProviderMessaging.hpp in Headers */,
			);
			runOnlyForDeploymentPostprocessing = 0;
		};
/* End PBXHeadersBuildPhase section */

/* Begin PBXNativeTarget section */
		264E723822930E660059E150 /* PrjFSLibTests */ = {
			isa = PBXNativeTarget;
			buildConfigurationList = 264E724122930E660059E150 /* Build configuration list for PBXNativeTarget "PrjFSLibTests" */;
			buildPhases = (
				264E723522930E660059E150 /* Sources */,
				264E723622930E660059E150 /* Frameworks */,
				264E723722930E660059E150 /* Resources */,
			);
			buildRules = (
			);
			dependencies = (
				26A7DEA62293649E004F6252 /* PBXTargetDependency */,
				264E724022930E660059E150 /* PBXTargetDependency */,
			);
			name = PrjFSLibTests;
			productName = PrjFSLibTests;
			productReference = 264E723922930E660059E150 /* PrjFSLibTests.xctest */;
			productType = "com.apple.product-type.bundle.unit-test";
		};
		4391F87E21E4278C0008103C /* PrjFSKext */ = {
			isa = PBXNativeTarget;
			buildConfigurationList = 4391F88721E4278C0008103C /* Build configuration list for PBXNativeTarget "PrjFSKext" */;
			buildPhases = (
				4391F87B21E4278C0008103C /* Sources */,
				4391F87C21E4278C0008103C /* Frameworks */,
				4391F87A21E4278C0008103C /* Headers */,
				4391F87D21E4278C0008103C /* Resources */,
				43057C6021E43CC100487681 /* Run Script - Check kext linkage */,
			);
			buildRules = (
			);
			dependencies = (
				26A7DE982293643F004F6252 /* PBXTargetDependency */,
			);
			name = PrjFSKext;
			productName = PrjFS;
			productReference = 4391F87F21E4278C0008103C /* PrjFSKext.kext */;
			productType = "com.apple.product-type.kernel-extension";
		};
		4391F8D421E430CF0008103C /* PrjFSLib */ = {
			isa = PBXNativeTarget;
			buildConfigurationList = 4391F8D621E430CF0008103C /* Build configuration list for PBXNativeTarget "PrjFSLib" */;
			buildPhases = (
				4391F8D121E430CF0008103C /* Headers */,
				4391F8D221E430CF0008103C /* Sources */,
				4391F8D321E430CF0008103C /* Frameworks */,
			);
			buildRules = (
			);
			dependencies = (
				26A7DE9A2293644B004F6252 /* PBXTargetDependency */,
			);
			name = PrjFSLib;
			productName = PrjFSLib;
			productReference = 4391F8D521E430CF0008103C /* libPrjFSLib.dylib */;
			productType = "com.apple.product-type.library.dynamic";
		};
		4391F8F321E4355C0008103C /* prjfs-log */ = {
			isa = PBXNativeTarget;
			buildConfigurationList = 4391F8F821E4355C0008103C /* Build configuration list for PBXNativeTarget "prjfs-log" */;
			buildPhases = (
				4391F8F021E4355C0008103C /* Sources */,
				4391F8F121E4355C0008103C /* Frameworks */,
				4391F8F221E4355C0008103C /* CopyFiles */,
			);
			buildRules = (
			);
			dependencies = (
				26A7DE9C22936451004F6252 /* PBXTargetDependency */,
			);
			name = "prjfs-log";
			productName = "prjfs-log";
			productReference = 4391F8F421E4355C0008103C /* prjfs-log */;
			productType = "com.apple.product-type.tool";
		};
		4A08256721E77B7F00E21AFD /* PrjFSKextLogDaemon */ = {
			isa = PBXNativeTarget;
			buildConfigurationList = 4A08256F21E77B7F00E21AFD /* Build configuration list for PBXNativeTarget "PrjFSKextLogDaemon" */;
			buildPhases = (
				4A08256421E77B7F00E21AFD /* Sources */,
				4A08256521E77B7F00E21AFD /* Frameworks */,
				4A08256621E77B7F00E21AFD /* CopyFiles */,
			);
			buildRules = (
			);
			dependencies = (
				26A7DE9E22936459004F6252 /* PBXTargetDependency */,
			);
			name = PrjFSKextLogDaemon;
			productName = PrjFSKextLogDaemon;
			productReference = 4A08256821E77B7F00E21AFD /* PrjFSKextLogDaemon */;
			productType = "com.apple.product-type.tool";
		};
		4A8C139F21F23EE800002878 /* PrjFSKextTestable */ = {
			isa = PBXNativeTarget;
			buildConfigurationList = 4A8C13A421F23EE800002878 /* Build configuration list for PBXNativeTarget "PrjFSKextTestable" */;
			buildPhases = (
				4A8C139C21F23EE800002878 /* Headers */,
				4A8C139D21F23EE800002878 /* Sources */,
				4A8C139E21F23EE800002878 /* Frameworks */,
			);
			buildRules = (
			);
			dependencies = (
				26A7DEA222936473004F6252 /* PBXTargetDependency */,
			);
			name = PrjFSKextTestable;
			productName = PrjFSKextTestable;
			productReference = 4A8C13A021F23EE800002878 /* libPrjFSKextTestable.a */;
			productType = "com.apple.product-type.library.static";
		};
		F5E39C7621F1118D006D65C2 /* PrjFSKextTests */ = {
			isa = PBXNativeTarget;
			buildConfigurationList = F5E39C7F21F1118D006D65C2 /* Build configuration list for PBXNativeTarget "PrjFSKextTests" */;
			buildPhases = (
				F5E39C7321F1118D006D65C2 /* Sources */,
				F5E39C7421F1118D006D65C2 /* Frameworks */,
				F5E39C7521F1118D006D65C2 /* Resources */,
			);
			buildRules = (
			);
			dependencies = (
				26A7DEA422936496004F6252 /* PBXTargetDependency */,
				4A8C13A821F241ED00002878 /* PBXTargetDependency */,
			);
			name = PrjFSKextTests;
			productName = PrjFSKextTests;
			productReference = F5E39C7721F1118D006D65C2 /* PrjFSKextTests.xctest */;
			productType = "com.apple.product-type.bundle.unit-test";
		};
/* End PBXNativeTarget section */

/* Begin PBXProject section */
		4391F87621E4278C0008103C /* Project object */ = {
			isa = PBXProject;
			attributes = {
				LastUpgradeCheck = 1010;
				ORGANIZATIONNAME = "Microsoft Corporation";
				TargetAttributes = {
					264E723822930E660059E150 = {
						CreatedOnToolsVersion = 9.4.1;
					};
					26A7DE91229363EA004F6252 = {
						CreatedOnToolsVersion = 9.4.1;
					};
					4391F87E21E4278C0008103C = {
						CreatedOnToolsVersion = 10.1;
					};
					4391F8D421E430CF0008103C = {
						CreatedOnToolsVersion = 10.1;
					};
					4391F8F321E4355C0008103C = {
						CreatedOnToolsVersion = 10.1;
					};
					4391F90021E436210008103C = {
						CreatedOnToolsVersion = 10.1;
					};
					4A08256721E77B7F00E21AFD = {
						CreatedOnToolsVersion = 9.4.1;
					};
					4A8C139F21F23EE800002878 = {
						CreatedOnToolsVersion = 10.1;
					};
					F5E39C7621F1118D006D65C2 = {
						CreatedOnToolsVersion = 10.1;
					};
				};
			};
			buildConfigurationList = 4391F87921E4278C0008103C /* Build configuration list for PBXProject "PrjFS" */;
			compatibilityVersion = "Xcode 9.3";
			developmentRegion = en;
			hasScannedForEncodings = 0;
			knownRegions = (
				en,
			);
			mainGroup = 4391F87521E4278C0008103C;
			productRefGroup = 4391F88021E4278C0008103C /* Products */;
			projectDirPath = "";
			projectRoot = "";
			targets = (
				4391F87E21E4278C0008103C /* PrjFSKext */,
				4391F8D421E430CF0008103C /* PrjFSLib */,
				4391F8F321E4355C0008103C /* prjfs-log */,
				4A08256721E77B7F00E21AFD /* PrjFSKextLogDaemon */,
				4391F90021E436210008103C /* Build All */,
				F5E39C7621F1118D006D65C2 /* PrjFSKextTests */,
				4A8C139F21F23EE800002878 /* PrjFSKextTestable */,
				264E723822930E660059E150 /* PrjFSLibTests */,
				26A7DE91229363EA004F6252 /* GeneratePrjFSVersion */,
			);
		};
/* End PBXProject section */

/* Begin PBXResourcesBuildPhase section */
		264E723722930E660059E150 /* Resources */ = {
			isa = PBXResourcesBuildPhase;
			buildActionMask = 2147483647;
			files = (
			);
			runOnlyForDeploymentPostprocessing = 0;
		};
		4391F87D21E4278C0008103C /* Resources */ = {
			isa = PBXResourcesBuildPhase;
			buildActionMask = 2147483647;
			files = (
			);
			runOnlyForDeploymentPostprocessing = 0;
		};
		F5E39C7521F1118D006D65C2 /* Resources */ = {
			isa = PBXResourcesBuildPhase;
			buildActionMask = 2147483647;
			files = (
			);
			runOnlyForDeploymentPostprocessing = 0;
		};
/* End PBXResourcesBuildPhase section */

/* Begin PBXShellScriptBuildPhase section */
		26A7DE96229363F2004F6252 /* ShellScript */ = {
			isa = PBXShellScriptBuildPhase;
			buildActionMask = 2147483647;
			files = (
			);
			inputPaths = (
				"${BUILD_ROOT}/../../PrjFSVersion.h",
			);
			outputPaths = (
			);
			runOnlyForDeploymentPostprocessing = 0;
			shellPath = /bin/sh;
			shellScript = "if [ ! -f \"${BUILD_ROOT}/../../PrjFSVersion.h\" ]; then\n    \"${PROJECT_DIR}/Scripts/GeneratePrjFSVersionHeader.sh\"\nfi";
		};
		43057C6021E43CC100487681 /* Run Script - Check kext linkage */ = {
			isa = PBXShellScriptBuildPhase;
			buildActionMask = 2147483647;
			files = (
			);
			inputPaths = (
			);
			name = "Run Script - Check kext linkage";
			outputPaths = (
			);
			runOnlyForDeploymentPostprocessing = 0;
			shellPath = /bin/sh;
			shellScript = "# This checks whether the kext is loadable in theory and whether we've missed any OSBundleLibraries\nkextlibs -c -multdef-symbols -undef-symbols -unsupported \"$BUILT_PRODUCTS_DIR/$WRAPPER_NAME\"\nkextutil -n \"$BUILT_PRODUCTS_DIR/$WRAPPER_NAME\"\n";
			showEnvVarsInLog = 0;
		};
/* End PBXShellScriptBuildPhase section */

/* Begin PBXSourcesBuildPhase section */
		264E723522930E660059E150 /* Sources */ = {
			isa = PBXSourcesBuildPhase;
			buildActionMask = 2147483647;
			files = (
				264E7245229318170059E150 /* JsonWriterTests.mm in Sources */,
			);
			runOnlyForDeploymentPostprocessing = 0;
		};
		4391F87B21E4278C0008103C /* Sources */ = {
			isa = PBXSourcesBuildPhase;
			buildActionMask = 2147483647;
			files = (
				4391F8BB21E42AC50008103C /* VnodeUtilities.cpp in Sources */,
				4391F8B521E42AC50008103C /* Message_Kernel.cpp in Sources */,
				4A82C45722807C6F00276002 /* Message_Shared.cpp in Sources */,
				4391F8B121E42AC50008103C /* Memory.cpp in Sources */,
				4391F8BF21E42AC50008103C /* PerformanceTracing.cpp in Sources */,
				4391F8C121E42AC50008103C /* VirtualizationRoots.cpp in Sources */,
				4391F8C021E42AC50008103C /* Locks.cpp in Sources */,
				4391F8AD21E42AC50008103C /* KauthHandler.cpp in Sources */,
				4391F8AF21E42AC50008103C /* PrjFSProviderUserClient.cpp in Sources */,
				4391F8BA21E42AC50008103C /* PrjFSLogUserClient.cpp in Sources */,
				4A558DBA22357AB000AFDE07 /* ProviderMessaging.cpp in Sources */,
				4391F8B621E42AC50008103C /* PrjFSKext.cpp in Sources */,
				4391F8AB21E42AC50008103C /* KextLog.cpp in Sources */,
				264758C921EFBA8B0095B9F8 /* VnodeCache.cpp in Sources */,
				4391F8B421E42AC50008103C /* PrjFSService.cpp in Sources */,
			);
			runOnlyForDeploymentPostprocessing = 0;
		};
		4391F8D221E430CF0008103C /* Sources */ = {
			isa = PBXSourcesBuildPhase;
			buildActionMask = 2147483647;
			files = (
				4391F8EB21E435230008103C /* PrjFSUser.cpp in Sources */,
				4391F8EC21E435230008103C /* PrjFSLib.cpp in Sources */,
				4A82C45822807C6F00276002 /* Message_Shared.cpp in Sources */,
				264E723322930DA90059E150 /* JsonWriter.cpp in Sources */,
			);
			runOnlyForDeploymentPostprocessing = 0;
		};
		4391F8F021E4355C0008103C /* Sources */ = {
			isa = PBXSourcesBuildPhase;
			buildActionMask = 2147483647;
			files = (
				43057C5E21E439C700487681 /* prjfs-log.cpp in Sources */,
				43057C5F21E439C700487681 /* kext-perf-tracing.cpp in Sources */,
				4391F8FD21E435720008103C /* PrjFSUser.cpp in Sources */,
			);
			runOnlyForDeploymentPostprocessing = 0;
		};
		4A08256421E77B7F00E21AFD /* Sources */ = {
			isa = PBXSourcesBuildPhase;
			buildActionMask = 2147483647;
			files = (
				4A08257821E77C5400E21AFD /* PrjFSUser.cpp in Sources */,
				4A08257321E77BDD00E21AFD /* PrjFSKextLogDaemon.cpp in Sources */,
				264E723422930E1E0059E150 /* JsonWriter.cpp in Sources */,
			);
			runOnlyForDeploymentPostprocessing = 0;
		};
		4A8C139D21F23EE800002878 /* Sources */ = {
			isa = PBXSourcesBuildPhase;
			buildActionMask = 2147483647;
			files = (
				4A781DA72220971E00DB7733 /* VirtualizationRoots.cpp in Sources */,
				4A8C13A521F23F0200002878 /* KauthHandler.cpp in Sources */,
				4A82C45922807C6F00276002 /* Message_Shared.cpp in Sources */,
				264758CF21FA71E10095B9F8 /* VnodeCache.cpp in Sources */,
			);
			runOnlyForDeploymentPostprocessing = 0;
		};
		F5E39C7321F1118D006D65C2 /* Sources */ = {
			isa = PBXSourcesBuildPhase;
			buildActionMask = 2147483647;
			files = (
				4A781DAB222330F700DB7733 /* KextMockUtilities.cpp in Sources */,
				264F8B642298455900B6EF84 /* ShouldHandleFileOpTests.mm in Sources */,
				4A82C45C228086F800276002 /* MessageTests.mm in Sources */,
				265504D0224ADE11005FAD74 /* MockPerfTracing.cpp in Sources */,
				4A781DA52220946000DB7733 /* VirtualizationRootsTests.mm in Sources */,
				4A2A69A02297339A00ACAAAF /* KextAssertIntegration.m in Sources */,
				4A781DAE2223374200DB7733 /* MockVnodeAndMount.cpp in Sources */,
				4AAE3FCA22832340002673FA /* HandleFileOpOperationTests.mm in Sources */,
				F5554F422239883B00B31D19 /* MockProc.cpp in Sources */,
				4A781DB422233A4500DB7733 /* TestMemory.cpp in Sources */,
				F5EACDC22242AB2D00EEA70E /* HandleOperationTests.mm in Sources */,
				F5E39C7A21F1118D006D65C2 /* KauthHandlerTests.mm in Sources */,
				D9C087F222384670009C1110 /* MemoryTests.mm in Sources */,
				4A781DB222233A1E00DB7733 /* TestLocks.cpp in Sources */,
				4A781DB02223391A00DB7733 /* KextLogMock.cpp in Sources */,
				F554202D224BB6E5008BAE95 /* ProviderMessagingMock.cpp in Sources */,
				264758CE21FA71140095B9F8 /* VnodeCacheTests.mm in Sources */,
			);
			runOnlyForDeploymentPostprocessing = 0;
		};
/* End PBXSourcesBuildPhase section */

/* Begin PBXTargetDependency section */
		264E724022930E660059E150 /* PBXTargetDependency */ = {
			isa = PBXTargetDependency;
			target = 4391F8D421E430CF0008103C /* PrjFSLib */;
			targetProxy = 264E723F22930E660059E150 /* PBXContainerItemProxy */;
		};
		26A7DE982293643F004F6252 /* PBXTargetDependency */ = {
			isa = PBXTargetDependency;
			target = 26A7DE91229363EA004F6252 /* GeneratePrjFSVersion */;
			targetProxy = 26A7DE972293643F004F6252 /* PBXContainerItemProxy */;
		};
		26A7DE9A2293644B004F6252 /* PBXTargetDependency */ = {
			isa = PBXTargetDependency;
			target = 26A7DE91229363EA004F6252 /* GeneratePrjFSVersion */;
			targetProxy = 26A7DE992293644B004F6252 /* PBXContainerItemProxy */;
		};
		26A7DE9C22936451004F6252 /* PBXTargetDependency */ = {
			isa = PBXTargetDependency;
			target = 26A7DE91229363EA004F6252 /* GeneratePrjFSVersion */;
			targetProxy = 26A7DE9B22936451004F6252 /* PBXContainerItemProxy */;
		};
		26A7DE9E22936459004F6252 /* PBXTargetDependency */ = {
			isa = PBXTargetDependency;
			target = 26A7DE91229363EA004F6252 /* GeneratePrjFSVersion */;
			targetProxy = 26A7DE9D22936459004F6252 /* PBXContainerItemProxy */;
		};
		26A7DEA222936473004F6252 /* PBXTargetDependency */ = {
			isa = PBXTargetDependency;
			target = 26A7DE91229363EA004F6252 /* GeneratePrjFSVersion */;
			targetProxy = 26A7DEA122936473004F6252 /* PBXContainerItemProxy */;
		};
		26A7DEA422936496004F6252 /* PBXTargetDependency */ = {
			isa = PBXTargetDependency;
			target = 26A7DE91229363EA004F6252 /* GeneratePrjFSVersion */;
			targetProxy = 26A7DEA322936496004F6252 /* PBXContainerItemProxy */;
		};
		26A7DEA62293649E004F6252 /* PBXTargetDependency */ = {
			isa = PBXTargetDependency;
			target = 26A7DE91229363EA004F6252 /* GeneratePrjFSVersion */;
			targetProxy = 26A7DEA52293649E004F6252 /* PBXContainerItemProxy */;
		};
		4391F90521E4362B0008103C /* PBXTargetDependency */ = {
			isa = PBXTargetDependency;
			target = 4391F87E21E4278C0008103C /* PrjFSKext */;
			targetProxy = 4391F90421E4362B0008103C /* PBXContainerItemProxy */;
		};
		4391F90721E4362B0008103C /* PBXTargetDependency */ = {
			isa = PBXTargetDependency;
			target = 4391F8D421E430CF0008103C /* PrjFSLib */;
			targetProxy = 4391F90621E4362B0008103C /* PBXContainerItemProxy */;
		};
		4391F90921E4362B0008103C /* PBXTargetDependency */ = {
			isa = PBXTargetDependency;
			target = 4391F8F321E4355C0008103C /* prjfs-log */;
			targetProxy = 4391F90821E4362B0008103C /* PBXContainerItemProxy */;
		};
		4A08257521E77BEB00E21AFD /* PBXTargetDependency */ = {
			isa = PBXTargetDependency;
			target = 4A08256721E77B7F00E21AFD /* PrjFSKextLogDaemon */;
			targetProxy = 4A08257421E77BEB00E21AFD /* PBXContainerItemProxy */;
		};
		4A8C13A821F241ED00002878 /* PBXTargetDependency */ = {
			isa = PBXTargetDependency;
			target = 4A8C139F21F23EE800002878 /* PrjFSKextTestable */;
			targetProxy = 4A8C13A721F241ED00002878 /* PBXContainerItemProxy */;
		};
/* End PBXTargetDependency section */

/* Begin XCBuildConfiguration section */
		264E724222930E660059E150 /* Debug */ = {
			isa = XCBuildConfiguration;
			buildSettings = {
				CLANG_ENABLE_CODE_COVERAGE = YES;
				CODE_SIGN_STYLE = Automatic;
				COMBINE_HIDPI_IMAGES = YES;
				DEVELOPMENT_TEAM = UBF8T346G9;
				INFOPLIST_FILE = PrjFSLibTests/Info.plist;
				LD_RUNPATH_SEARCH_PATHS = (
					"$(inherited)",
					"@executable_path/../Frameworks",
					"@loader_path/../Frameworks",
				);
				MTL_ENABLE_DEBUG_INFO = YES;
				PRODUCT_BUNDLE_IDENTIFIER = org.vfsforgit.PrjFSLibTests.PrjFSLibTests;
				PRODUCT_NAME = "$(TARGET_NAME)";
			};
			name = Debug;
		};
		264E724322930E660059E150 /* Release */ = {
			isa = XCBuildConfiguration;
			buildSettings = {
				CLANG_ENABLE_CODE_COVERAGE = YES;
				CODE_SIGN_STYLE = Automatic;
				COMBINE_HIDPI_IMAGES = YES;
				DEVELOPMENT_TEAM = UBF8T346G9;
				INFOPLIST_FILE = PrjFSLibTests/Info.plist;
				LD_RUNPATH_SEARCH_PATHS = (
					"$(inherited)",
					"@executable_path/../Frameworks",
					"@loader_path/../Frameworks",
				);
				PRODUCT_BUNDLE_IDENTIFIER = org.vfsforgit.PrjFSLibTests.PrjFSLibTests;
				PRODUCT_NAME = "$(TARGET_NAME)";
			};
			name = Release;
		};
		264E724422930E660059E150 /* Profiling(Release) */ = {
			isa = XCBuildConfiguration;
			buildSettings = {
				CLANG_ENABLE_CODE_COVERAGE = YES;
				CODE_SIGN_STYLE = Automatic;
				COMBINE_HIDPI_IMAGES = YES;
				DEVELOPMENT_TEAM = UBF8T346G9;
				INFOPLIST_FILE = PrjFSLibTests/Info.plist;
				LD_RUNPATH_SEARCH_PATHS = (
					"$(inherited)",
					"@executable_path/../Frameworks",
					"@loader_path/../Frameworks",
				);
				PRODUCT_BUNDLE_IDENTIFIER = org.vfsforgit.PrjFSLibTests.PrjFSLibTests;
				PRODUCT_NAME = "$(TARGET_NAME)";
			};
			name = "Profiling(Release)";
		};
		26A7DE92229363EA004F6252 /* Debug */ = {
			isa = XCBuildConfiguration;
			buildSettings = {
				CODE_SIGN_STYLE = Automatic;
				DEVELOPMENT_TEAM = UBF8T346G9;
				PRODUCT_NAME = "$(TARGET_NAME)";
			};
			name = Debug;
		};
		26A7DE93229363EA004F6252 /* Release */ = {
			isa = XCBuildConfiguration;
			buildSettings = {
				CODE_SIGN_STYLE = Automatic;
				DEVELOPMENT_TEAM = UBF8T346G9;
				PRODUCT_NAME = "$(TARGET_NAME)";
			};
			name = Release;
		};
		26A7DE94229363EA004F6252 /* Profiling(Release) */ = {
			isa = XCBuildConfiguration;
			buildSettings = {
				CODE_SIGN_STYLE = Automatic;
				DEVELOPMENT_TEAM = UBF8T346G9;
				PRODUCT_NAME = "$(TARGET_NAME)";
			};
			name = "Profiling(Release)";
		};
		43057C5221E437F300487681 /* Profiling(Release) */ = {
			isa = XCBuildConfiguration;
			buildSettings = {
				ALWAYS_SEARCH_USER_PATHS = NO;
				CLANG_ANALYZER_NONNULL = YES;
				CLANG_ANALYZER_NUMBER_OBJECT_CONVERSION = YES_AGGRESSIVE;
				CLANG_CXX_LANGUAGE_STANDARD = "gnu++14";
				CLANG_CXX_LIBRARY = "libc++";
				CLANG_ENABLE_CODE_COVERAGE = NO;
				CLANG_ENABLE_MODULES = YES;
				CLANG_ENABLE_OBJC_ARC = YES;
				CLANG_ENABLE_OBJC_WEAK = YES;
				CLANG_WARN_BLOCK_CAPTURE_AUTORELEASING = YES;
				CLANG_WARN_BOOL_CONVERSION = YES;
				CLANG_WARN_COMMA = YES;
				CLANG_WARN_CONSTANT_CONVERSION = YES;
				CLANG_WARN_DEPRECATED_OBJC_IMPLEMENTATIONS = YES;
				CLANG_WARN_DIRECT_OBJC_ISA_USAGE = YES_ERROR;
				CLANG_WARN_DOCUMENTATION_COMMENTS = YES;
				CLANG_WARN_EMPTY_BODY = YES;
				CLANG_WARN_ENUM_CONVERSION = YES;
				CLANG_WARN_INFINITE_RECURSION = YES;
				CLANG_WARN_INT_CONVERSION = YES;
				CLANG_WARN_NON_LITERAL_NULL_CONVERSION = YES;
				CLANG_WARN_OBJC_IMPLICIT_RETAIN_SELF = YES;
				CLANG_WARN_OBJC_LITERAL_CONVERSION = YES;
				CLANG_WARN_OBJC_ROOT_CLASS = YES_ERROR;
				CLANG_WARN_RANGE_LOOP_ANALYSIS = YES;
				CLANG_WARN_STRICT_PROTOTYPES = YES;
				CLANG_WARN_SUSPICIOUS_MOVE = YES;
				CLANG_WARN_UNGUARDED_AVAILABILITY = YES_AGGRESSIVE;
				CLANG_WARN_UNREACHABLE_CODE = YES;
				CLANG_WARN__DUPLICATE_METHOD_MATCH = YES;
				CODE_SIGN_IDENTITY = "Mac Developer";
				COPY_PHASE_STRIP = NO;
				DEBUG_INFORMATION_FORMAT = "dwarf-with-dsym";
				ENABLE_NS_ASSERTIONS = NO;
				ENABLE_STRICT_OBJC_MSGSEND = YES;
				GCC_C_LANGUAGE_STANDARD = gnu11;
				GCC_NO_COMMON_BLOCKS = YES;
				GCC_PREPROCESSOR_DEFINITIONS = "PRJFS_PERFORMANCE_TRACING_ENABLE=1";
				GCC_WARN_64_TO_32_BIT_CONVERSION = YES;
				GCC_WARN_ABOUT_RETURN_TYPE = YES_ERROR;
				GCC_WARN_UNDECLARED_SELECTOR = YES;
				GCC_WARN_UNINITIALIZED_AUTOS = YES_AGGRESSIVE;
				GCC_WARN_UNUSED_FUNCTION = YES;
				GCC_WARN_UNUSED_VARIABLE = YES;
				MACOSX_DEPLOYMENT_TARGET = 10.13;
				MTL_ENABLE_DEBUG_INFO = NO;
				MTL_FAST_MATH = YES;
				SDKROOT = macosx;
				SYMROOT = "$(SRCROOT)/../../BuildOutput/ProjFS.Mac/Native";
				USER_HEADER_SEARCH_PATHS = (
					"$(SRCROOT)/../",
					"$(BUILD_ROOT)/../../",
				);
				WARNING_CFLAGS = (
					"-Werror=undefined-internal",
					"-Werror",
					"-Werror=format",
					"-Werror=missing-prototypes",
				);
			};
			name = "Profiling(Release)";
		};
		43057C5321E437F300487681 /* Profiling(Release) */ = {
			isa = XCBuildConfiguration;
			buildSettings = {
				CLANG_STATIC_ANALYZER_MODE = deep;
				CODE_SIGN_STYLE = Automatic;
				DEVELOPMENT_TEAM = UBF8T346G9;
				GCC_PREPROCESSOR_DEFINITIONS = (
					"PRJFS_PERFORMANCE_TRACING_ENABLE=1",
					"MACH_ASSERT=1",
				);
				INFOPLIST_FILE = PrjFSKext/Info.plist;
				MODULE_NAME = org.vfsforgit.PrjFSKext;
				MODULE_START = PrjFSKext_Start;
				MODULE_STOP = PrjFSKext_Stop;
				MODULE_VERSION = 1.0.0d1;
				PRODUCT_BUNDLE_IDENTIFIER = org.vfsforgit.PrjFSKext;
				PRODUCT_NAME = "$(TARGET_NAME)";
				RUN_CLANG_STATIC_ANALYZER = YES;
				WARNING_CFLAGS = (
					"-Werror=missing-prototypes",
					"-Werror=undefined-internal",
				);
				WRAPPER_EXTENSION = kext;
			};
			name = "Profiling(Release)";
		};
		43057C5421E437F300487681 /* Profiling(Release) */ = {
			isa = XCBuildConfiguration;
			buildSettings = {
				CLANG_ENABLE_CODE_COVERAGE = YES;
				CODE_SIGN_STYLE = Automatic;
				DEVELOPMENT_TEAM = UBF8T346G9;
				DYLIB_COMPATIBILITY_VERSION = 1;
				DYLIB_CURRENT_VERSION = 1;
				EXECUTABLE_PREFIX = lib;
				PRODUCT_NAME = "$(TARGET_NAME)";
				SKIP_INSTALL = YES;
			};
			name = "Profiling(Release)";
		};
		43057C5521E437F300487681 /* Profiling(Release) */ = {
			isa = XCBuildConfiguration;
			buildSettings = {
				CODE_SIGN_STYLE = Automatic;
				DEVELOPMENT_TEAM = UBF8T346G9;
				PRODUCT_NAME = "$(TARGET_NAME)";
			};
			name = "Profiling(Release)";
		};
		43057C5621E437F300487681 /* Profiling(Release) */ = {
			isa = XCBuildConfiguration;
			buildSettings = {
				CODE_SIGN_STYLE = Automatic;
				DEVELOPMENT_TEAM = UBF8T346G9;
				PRODUCT_NAME = "$(TARGET_NAME)";
			};
			name = "Profiling(Release)";
		};
		4391F88521E4278C0008103C /* Debug */ = {
			isa = XCBuildConfiguration;
			buildSettings = {
				ALWAYS_SEARCH_USER_PATHS = NO;
				CLANG_ANALYZER_NONNULL = YES;
				CLANG_ANALYZER_NUMBER_OBJECT_CONVERSION = YES_AGGRESSIVE;
				CLANG_CXX_LANGUAGE_STANDARD = "gnu++14";
				CLANG_CXX_LIBRARY = "libc++";
				CLANG_ENABLE_CODE_COVERAGE = NO;
				CLANG_ENABLE_MODULES = YES;
				CLANG_ENABLE_OBJC_ARC = YES;
				CLANG_ENABLE_OBJC_WEAK = YES;
				CLANG_WARN_BLOCK_CAPTURE_AUTORELEASING = YES;
				CLANG_WARN_BOOL_CONVERSION = YES;
				CLANG_WARN_COMMA = YES;
				CLANG_WARN_CONSTANT_CONVERSION = YES;
				CLANG_WARN_DEPRECATED_OBJC_IMPLEMENTATIONS = YES;
				CLANG_WARN_DIRECT_OBJC_ISA_USAGE = YES_ERROR;
				CLANG_WARN_DOCUMENTATION_COMMENTS = YES;
				CLANG_WARN_EMPTY_BODY = YES;
				CLANG_WARN_ENUM_CONVERSION = YES;
				CLANG_WARN_INFINITE_RECURSION = YES;
				CLANG_WARN_INT_CONVERSION = YES;
				CLANG_WARN_NON_LITERAL_NULL_CONVERSION = YES;
				CLANG_WARN_OBJC_IMPLICIT_RETAIN_SELF = YES;
				CLANG_WARN_OBJC_LITERAL_CONVERSION = YES;
				CLANG_WARN_OBJC_ROOT_CLASS = YES_ERROR;
				CLANG_WARN_RANGE_LOOP_ANALYSIS = YES;
				CLANG_WARN_STRICT_PROTOTYPES = YES;
				CLANG_WARN_SUSPICIOUS_MOVE = YES;
				CLANG_WARN_UNGUARDED_AVAILABILITY = YES_AGGRESSIVE;
				CLANG_WARN_UNREACHABLE_CODE = YES;
				CLANG_WARN__DUPLICATE_METHOD_MATCH = YES;
				CODE_SIGN_IDENTITY = "Mac Developer";
				COPY_PHASE_STRIP = NO;
				DEBUG_INFORMATION_FORMAT = dwarf;
				ENABLE_STRICT_OBJC_MSGSEND = YES;
				ENABLE_TESTABILITY = YES;
				GCC_C_LANGUAGE_STANDARD = gnu11;
				GCC_DYNAMIC_NO_PIC = NO;
				GCC_NO_COMMON_BLOCKS = YES;
				GCC_OPTIMIZATION_LEVEL = 0;
				GCC_PREPROCESSOR_DEFINITIONS = (
					"DEBUG=1",
					"$(inherited)",
				);
				GCC_WARN_64_TO_32_BIT_CONVERSION = YES;
				GCC_WARN_ABOUT_RETURN_TYPE = YES_ERROR;
				GCC_WARN_UNDECLARED_SELECTOR = YES;
				GCC_WARN_UNINITIALIZED_AUTOS = YES_AGGRESSIVE;
				GCC_WARN_UNUSED_FUNCTION = YES;
				GCC_WARN_UNUSED_VARIABLE = YES;
				MACOSX_DEPLOYMENT_TARGET = 10.13;
				MTL_ENABLE_DEBUG_INFO = INCLUDE_SOURCE;
				MTL_FAST_MATH = YES;
				ONLY_ACTIVE_ARCH = YES;
				SDKROOT = macosx;
				SYMROOT = "$(SRCROOT)/../../BuildOutput/ProjFS.Mac/Native";
				USER_HEADER_SEARCH_PATHS = (
					"$(SRCROOT)/../",
					"$(BUILD_ROOT)/../../",
				);
				WARNING_CFLAGS = (
					"-Werror=undefined-internal",
					"-Werror",
					"-Werror=format",
					"-Werror=missing-prototypes",
				);
			};
			name = Debug;
		};
		4391F88621E4278C0008103C /* Release */ = {
			isa = XCBuildConfiguration;
			buildSettings = {
				ALWAYS_SEARCH_USER_PATHS = NO;
				CLANG_ANALYZER_NONNULL = YES;
				CLANG_ANALYZER_NUMBER_OBJECT_CONVERSION = YES_AGGRESSIVE;
				CLANG_CXX_LANGUAGE_STANDARD = "gnu++14";
				CLANG_CXX_LIBRARY = "libc++";
				CLANG_ENABLE_CODE_COVERAGE = NO;
				CLANG_ENABLE_MODULES = YES;
				CLANG_ENABLE_OBJC_ARC = YES;
				CLANG_ENABLE_OBJC_WEAK = YES;
				CLANG_WARN_BLOCK_CAPTURE_AUTORELEASING = YES;
				CLANG_WARN_BOOL_CONVERSION = YES;
				CLANG_WARN_COMMA = YES;
				CLANG_WARN_CONSTANT_CONVERSION = YES;
				CLANG_WARN_DEPRECATED_OBJC_IMPLEMENTATIONS = YES;
				CLANG_WARN_DIRECT_OBJC_ISA_USAGE = YES_ERROR;
				CLANG_WARN_DOCUMENTATION_COMMENTS = YES;
				CLANG_WARN_EMPTY_BODY = YES;
				CLANG_WARN_ENUM_CONVERSION = YES;
				CLANG_WARN_INFINITE_RECURSION = YES;
				CLANG_WARN_INT_CONVERSION = YES;
				CLANG_WARN_NON_LITERAL_NULL_CONVERSION = YES;
				CLANG_WARN_OBJC_IMPLICIT_RETAIN_SELF = YES;
				CLANG_WARN_OBJC_LITERAL_CONVERSION = YES;
				CLANG_WARN_OBJC_ROOT_CLASS = YES_ERROR;
				CLANG_WARN_RANGE_LOOP_ANALYSIS = YES;
				CLANG_WARN_STRICT_PROTOTYPES = YES;
				CLANG_WARN_SUSPICIOUS_MOVE = YES;
				CLANG_WARN_UNGUARDED_AVAILABILITY = YES_AGGRESSIVE;
				CLANG_WARN_UNREACHABLE_CODE = YES;
				CLANG_WARN__DUPLICATE_METHOD_MATCH = YES;
				CODE_SIGN_IDENTITY = "Mac Developer";
				COPY_PHASE_STRIP = NO;
				DEBUG_INFORMATION_FORMAT = "dwarf-with-dsym";
				ENABLE_NS_ASSERTIONS = NO;
				ENABLE_STRICT_OBJC_MSGSEND = YES;
				GCC_C_LANGUAGE_STANDARD = gnu11;
				GCC_NO_COMMON_BLOCKS = YES;
				GCC_WARN_64_TO_32_BIT_CONVERSION = YES;
				GCC_WARN_ABOUT_RETURN_TYPE = YES_ERROR;
				GCC_WARN_UNDECLARED_SELECTOR = YES;
				GCC_WARN_UNINITIALIZED_AUTOS = YES_AGGRESSIVE;
				GCC_WARN_UNUSED_FUNCTION = YES;
				GCC_WARN_UNUSED_VARIABLE = YES;
				MACOSX_DEPLOYMENT_TARGET = 10.13;
				MTL_ENABLE_DEBUG_INFO = NO;
				MTL_FAST_MATH = YES;
				SDKROOT = macosx;
				SYMROOT = "$(SRCROOT)/../../BuildOutput/ProjFS.Mac/Native";
				USER_HEADER_SEARCH_PATHS = (
					"$(SRCROOT)/../",
					"$(BUILD_ROOT)/../../",
				);
				WARNING_CFLAGS = (
					"-Werror=undefined-internal",
					"-Werror",
					"-Werror=format",
					"-Werror=missing-prototypes",
				);
			};
			name = Release;
		};
		4391F88821E4278C0008103C /* Debug */ = {
			isa = XCBuildConfiguration;
			buildSettings = {
				CLANG_STATIC_ANALYZER_MODE = deep;
				CODE_SIGN_STYLE = Automatic;
				DEVELOPMENT_TEAM = UBF8T346G9;
				GCC_PREPROCESSOR_DEFINITIONS = (
					"DEBUG=1",
					"$(inherited)",
					"MACH_ASSERT=1",
				);
				INFOPLIST_FILE = PrjFSKext/Info.plist;
				MODULE_NAME = org.vfsforgit.PrjFSKext;
				MODULE_START = PrjFSKext_Start;
				MODULE_STOP = PrjFSKext_Stop;
				MODULE_VERSION = 1.0.0d1;
				PRODUCT_BUNDLE_IDENTIFIER = org.vfsforgit.PrjFSKext;
				PRODUCT_NAME = "$(TARGET_NAME)";
				RUN_CLANG_STATIC_ANALYZER = YES;
				WARNING_CFLAGS = (
					"-Werror=missing-prototypes",
					"-Werror=undefined-internal",
				);
				WRAPPER_EXTENSION = kext;
			};
			name = Debug;
		};
		4391F88921E4278C0008103C /* Release */ = {
			isa = XCBuildConfiguration;
			buildSettings = {
				CLANG_STATIC_ANALYZER_MODE = deep;
				CODE_SIGN_STYLE = Automatic;
				DEVELOPMENT_TEAM = UBF8T346G9;
				GCC_PREPROCESSOR_DEFINITIONS = "MACH_ASSERT=1";
				INFOPLIST_FILE = PrjFSKext/Info.plist;
				MODULE_NAME = org.vfsforgit.PrjFSKext;
				MODULE_START = PrjFSKext_Start;
				MODULE_STOP = PrjFSKext_Stop;
				MODULE_VERSION = 1.0.0d1;
				PRODUCT_BUNDLE_IDENTIFIER = org.vfsforgit.PrjFSKext;
				PRODUCT_NAME = "$(TARGET_NAME)";
				RUN_CLANG_STATIC_ANALYZER = YES;
				WARNING_CFLAGS = (
					"-Werror=missing-prototypes",
					"-Werror=undefined-internal",
				);
				WRAPPER_EXTENSION = kext;
			};
			name = Release;
		};
		4391F8D721E430CF0008103C /* Debug */ = {
			isa = XCBuildConfiguration;
			buildSettings = {
				CLANG_ENABLE_CODE_COVERAGE = YES;
				CODE_SIGN_STYLE = Automatic;
				DEVELOPMENT_TEAM = UBF8T346G9;
				DYLIB_COMPATIBILITY_VERSION = 1;
				DYLIB_CURRENT_VERSION = 1;
				EXECUTABLE_PREFIX = lib;
				PRODUCT_NAME = "$(TARGET_NAME)";
				SKIP_INSTALL = YES;
			};
			name = Debug;
		};
		4391F8D821E430CF0008103C /* Release */ = {
			isa = XCBuildConfiguration;
			buildSettings = {
				CLANG_ENABLE_CODE_COVERAGE = YES;
				CODE_SIGN_STYLE = Automatic;
				DEVELOPMENT_TEAM = UBF8T346G9;
				DYLIB_COMPATIBILITY_VERSION = 1;
				DYLIB_CURRENT_VERSION = 1;
				EXECUTABLE_PREFIX = lib;
				PRODUCT_NAME = "$(TARGET_NAME)";
				SKIP_INSTALL = YES;
			};
			name = Release;
		};
		4391F8F921E4355C0008103C /* Debug */ = {
			isa = XCBuildConfiguration;
			buildSettings = {
				CODE_SIGN_STYLE = Automatic;
				DEVELOPMENT_TEAM = UBF8T346G9;
				PRODUCT_NAME = "$(TARGET_NAME)";
			};
			name = Debug;
		};
		4391F8FA21E4355C0008103C /* Release */ = {
			isa = XCBuildConfiguration;
			buildSettings = {
				CODE_SIGN_STYLE = Automatic;
				DEVELOPMENT_TEAM = UBF8T346G9;
				PRODUCT_NAME = "$(TARGET_NAME)";
			};
			name = Release;
		};
		4391F90221E436210008103C /* Debug */ = {
			isa = XCBuildConfiguration;
			buildSettings = {
				CODE_SIGN_STYLE = Automatic;
				DEVELOPMENT_TEAM = UBF8T346G9;
				PRODUCT_NAME = "$(TARGET_NAME)";
			};
			name = Debug;
		};
		4391F90321E436210008103C /* Release */ = {
			isa = XCBuildConfiguration;
			buildSettings = {
				CODE_SIGN_STYLE = Automatic;
				DEVELOPMENT_TEAM = UBF8T346G9;
				PRODUCT_NAME = "$(TARGET_NAME)";
			};
			name = Release;
		};
		4A08256C21E77B7F00E21AFD /* Debug */ = {
			isa = XCBuildConfiguration;
			buildSettings = {
				CREATE_INFOPLIST_SECTION_IN_BINARY = YES;
				DEVELOPMENT_TEAM = UBF8T346G9;
				INFOPLIST_FILE = PrjFSKextLogDaemon/Info.plist;
				MTL_ENABLE_DEBUG_INFO = YES;
				PRODUCT_NAME = "$(TARGET_NAME)";
			};
			name = Debug;
		};
		4A08256D21E77B7F00E21AFD /* Release */ = {
			isa = XCBuildConfiguration;
			buildSettings = {
				CREATE_INFOPLIST_SECTION_IN_BINARY = YES;
				DEVELOPMENT_TEAM = UBF8T346G9;
				INFOPLIST_FILE = PrjFSKextLogDaemon/Info.plist;
				PRODUCT_NAME = "$(TARGET_NAME)";
			};
			name = Release;
		};
		4A08256E21E77B7F00E21AFD /* Profiling(Release) */ = {
			isa = XCBuildConfiguration;
			buildSettings = {
				CREATE_INFOPLIST_SECTION_IN_BINARY = YES;
				DEVELOPMENT_TEAM = UBF8T346G9;
				INFOPLIST_FILE = PrjFSKextLogDaemon/Info.plist;
				PRODUCT_NAME = "$(TARGET_NAME)";
			};
			name = "Profiling(Release)";
		};
		4A8C13A121F23EE800002878 /* Debug */ = {
			isa = XCBuildConfiguration;
			buildSettings = {
				CLANG_ENABLE_CODE_COVERAGE = YES;
				CLANG_MODULES_AUTOLINK = NO;
				DEAD_CODE_STRIPPING = YES;
				EXECUTABLE_PREFIX = lib;
				GCC_PREPROCESSOR_DEFINITIONS = (
					TESTABLE_KEXT_TARGET,
					KEXT_UNIT_TESTING,
					"MACH_ASSERT=1",
					"$(inherited)",
				);
				LINK_WITH_STANDARD_LIBRARIES = NO;
				MACH_O_TYPE = staticlib;
				OTHER_CFLAGS = "-ffreestanding";
				PRODUCT_NAME = "$(TARGET_NAME)";
				SKIP_INSTALL = YES;
				STRIP_INSTALLED_PRODUCT = NO;
				SYSTEM_HEADER_SEARCH_PATHS = "$(SDKROOT)/System/Library/Frameworks/Kernel.framework/Headers/";
			};
			name = Debug;
		};
		4A8C13A221F23EE800002878 /* Release */ = {
			isa = XCBuildConfiguration;
			buildSettings = {
				CLANG_ENABLE_CODE_COVERAGE = YES;
				CLANG_MODULES_AUTOLINK = NO;
				DEAD_CODE_STRIPPING = YES;
				EXECUTABLE_PREFIX = lib;
				GCC_PREPROCESSOR_DEFINITIONS = (
					TESTABLE_KEXT_TARGET,
					KEXT_UNIT_TESTING,
					"MACH_ASSERT=1",
					"$(inherited)",
				);
				LINK_WITH_STANDARD_LIBRARIES = NO;
				MACH_O_TYPE = staticlib;
				OTHER_CFLAGS = "-ffreestanding";
				PRODUCT_NAME = "$(TARGET_NAME)";
				SKIP_INSTALL = YES;
				STRIP_INSTALLED_PRODUCT = NO;
				SYSTEM_HEADER_SEARCH_PATHS = "$(SDKROOT)/System/Library/Frameworks/Kernel.framework/Headers/";
			};
			name = Release;
		};
		4A8C13A321F23EE800002878 /* Profiling(Release) */ = {
			isa = XCBuildConfiguration;
			buildSettings = {
				CLANG_ENABLE_CODE_COVERAGE = YES;
				CLANG_MODULES_AUTOLINK = NO;
				DEAD_CODE_STRIPPING = YES;
				EXECUTABLE_PREFIX = lib;
				GCC_PREPROCESSOR_DEFINITIONS = (
					TESTABLE_KEXT_TARGET,
					KEXT_UNIT_TESTING,
					"MACH_ASSERT=1",
					"$(inherited)",
				);
				LINK_WITH_STANDARD_LIBRARIES = NO;
				MACH_O_TYPE = staticlib;
				OTHER_CFLAGS = "-ffreestanding";
				PRODUCT_NAME = "$(TARGET_NAME)";
				SKIP_INSTALL = YES;
				STRIP_INSTALLED_PRODUCT = NO;
				SYSTEM_HEADER_SEARCH_PATHS = "$(SDKROOT)/System/Library/Frameworks/Kernel.framework/Headers/";
			};
			name = "Profiling(Release)";
		};
		F5E39C7C21F1118D006D65C2 /* Debug */ = {
			isa = XCBuildConfiguration;
			buildSettings = {
				CLANG_CXX_LANGUAGE_STANDARD = "gnu++17";
				CLANG_ENABLE_CODE_COVERAGE = YES;
				CODE_SIGN_STYLE = Automatic;
				COMBINE_HIDPI_IMAGES = YES;
				DEAD_CODE_STRIPPING = YES;
				DEVELOPMENT_TEAM = UBF8T346G9;
				EXPORTED_SYMBOLS_FILE = PrjFSKextTests/PrjFSKextTests.exp;
				GCC_PREPROCESSOR_DEFINITIONS = (
					KEXT_UNIT_TESTING,
					"DEBUG=1",
				);
				INFOPLIST_FILE = PrjFSKextTests/Info.plist;
				LD_RUNPATH_SEARCH_PATHS = (
					"$(inherited)",
					"@executable_path/../Frameworks",
					"@loader_path/../Frameworks",
				);
				PRODUCT_BUNDLE_IDENTIFIER = org.vfsforgit.PrjFSKextTests;
				PRODUCT_NAME = "$(TARGET_NAME)";
			};
			name = Debug;
		};
		F5E39C7D21F1118D006D65C2 /* Release */ = {
			isa = XCBuildConfiguration;
			buildSettings = {
				CLANG_CXX_LANGUAGE_STANDARD = "gnu++17";
				CLANG_ENABLE_CODE_COVERAGE = YES;
				CODE_SIGN_STYLE = Automatic;
				COMBINE_HIDPI_IMAGES = YES;
				DEAD_CODE_STRIPPING = YES;
				DEVELOPMENT_TEAM = UBF8T346G9;
				EXPORTED_SYMBOLS_FILE = PrjFSKextTests/PrjFSKextTests.exp;
				GCC_PREPROCESSOR_DEFINITIONS = KEXT_UNIT_TESTING;
				INFOPLIST_FILE = PrjFSKextTests/Info.plist;
				LD_RUNPATH_SEARCH_PATHS = (
					"$(inherited)",
					"@executable_path/../Frameworks",
					"@loader_path/../Frameworks",
				);
				PRODUCT_BUNDLE_IDENTIFIER = org.vfsforgit.PrjFSKextTests;
				PRODUCT_NAME = "$(TARGET_NAME)";
			};
			name = Release;
		};
		F5E39C7E21F1118D006D65C2 /* Profiling(Release) */ = {
			isa = XCBuildConfiguration;
			buildSettings = {
				CLANG_CXX_LANGUAGE_STANDARD = "gnu++17";
				CLANG_ENABLE_CODE_COVERAGE = YES;
				CODE_SIGN_STYLE = Automatic;
				COMBINE_HIDPI_IMAGES = YES;
				DEAD_CODE_STRIPPING = YES;
				DEVELOPMENT_TEAM = UBF8T346G9;
				EXPORTED_SYMBOLS_FILE = PrjFSKextTests/PrjFSKextTests.exp;
				GCC_PREPROCESSOR_DEFINITIONS = (
					KEXT_UNIT_TESTING,
					"PRJFS_PERFORMANCE_TRACING_ENABLE=1",
				);
				INFOPLIST_FILE = PrjFSKextTests/Info.plist;
				LD_RUNPATH_SEARCH_PATHS = (
					"$(inherited)",
					"@executable_path/../Frameworks",
					"@loader_path/../Frameworks",
				);
				PRODUCT_BUNDLE_IDENTIFIER = org.vfsforgit.PrjFSKextTests;
				PRODUCT_NAME = "$(TARGET_NAME)";
			};
			name = "Profiling(Release)";
		};
/* End XCBuildConfiguration section */

/* Begin XCConfigurationList section */
		264E724122930E660059E150 /* Build configuration list for PBXNativeTarget "PrjFSLibTests" */ = {
			isa = XCConfigurationList;
			buildConfigurations = (
				264E724222930E660059E150 /* Debug */,
				264E724322930E660059E150 /* Release */,
				264E724422930E660059E150 /* Profiling(Release) */,
			);
			defaultConfigurationIsVisible = 0;
			defaultConfigurationName = Release;
		};
		26A7DE95229363EA004F6252 /* Build configuration list for PBXAggregateTarget "GeneratePrjFSVersion" */ = {
			isa = XCConfigurationList;
			buildConfigurations = (
				26A7DE92229363EA004F6252 /* Debug */,
				26A7DE93229363EA004F6252 /* Release */,
				26A7DE94229363EA004F6252 /* Profiling(Release) */,
			);
			defaultConfigurationIsVisible = 0;
			defaultConfigurationName = Release;
		};
		4391F87921E4278C0008103C /* Build configuration list for PBXProject "PrjFS" */ = {
			isa = XCConfigurationList;
			buildConfigurations = (
				4391F88521E4278C0008103C /* Debug */,
				4391F88621E4278C0008103C /* Release */,
				43057C5221E437F300487681 /* Profiling(Release) */,
			);
			defaultConfigurationIsVisible = 0;
			defaultConfigurationName = Release;
		};
		4391F88721E4278C0008103C /* Build configuration list for PBXNativeTarget "PrjFSKext" */ = {
			isa = XCConfigurationList;
			buildConfigurations = (
				4391F88821E4278C0008103C /* Debug */,
				4391F88921E4278C0008103C /* Release */,
				43057C5321E437F300487681 /* Profiling(Release) */,
			);
			defaultConfigurationIsVisible = 0;
			defaultConfigurationName = Release;
		};
		4391F8D621E430CF0008103C /* Build configuration list for PBXNativeTarget "PrjFSLib" */ = {
			isa = XCConfigurationList;
			buildConfigurations = (
				4391F8D721E430CF0008103C /* Debug */,
				4391F8D821E430CF0008103C /* Release */,
				43057C5421E437F300487681 /* Profiling(Release) */,
			);
			defaultConfigurationIsVisible = 0;
			defaultConfigurationName = Release;
		};
		4391F8F821E4355C0008103C /* Build configuration list for PBXNativeTarget "prjfs-log" */ = {
			isa = XCConfigurationList;
			buildConfigurations = (
				4391F8F921E4355C0008103C /* Debug */,
				4391F8FA21E4355C0008103C /* Release */,
				43057C5521E437F300487681 /* Profiling(Release) */,
			);
			defaultConfigurationIsVisible = 0;
			defaultConfigurationName = Release;
		};
		4391F90121E436210008103C /* Build configuration list for PBXAggregateTarget "Build All" */ = {
			isa = XCConfigurationList;
			buildConfigurations = (
				4391F90221E436210008103C /* Debug */,
				4391F90321E436210008103C /* Release */,
				43057C5621E437F300487681 /* Profiling(Release) */,
			);
			defaultConfigurationIsVisible = 0;
			defaultConfigurationName = Release;
		};
		4A08256F21E77B7F00E21AFD /* Build configuration list for PBXNativeTarget "PrjFSKextLogDaemon" */ = {
			isa = XCConfigurationList;
			buildConfigurations = (
				4A08256C21E77B7F00E21AFD /* Debug */,
				4A08256D21E77B7F00E21AFD /* Release */,
				4A08256E21E77B7F00E21AFD /* Profiling(Release) */,
			);
			defaultConfigurationIsVisible = 0;
			defaultConfigurationName = Release;
		};
		4A8C13A421F23EE800002878 /* Build configuration list for PBXNativeTarget "PrjFSKextTestable" */ = {
			isa = XCConfigurationList;
			buildConfigurations = (
				4A8C13A121F23EE800002878 /* Debug */,
				4A8C13A221F23EE800002878 /* Release */,
				4A8C13A321F23EE800002878 /* Profiling(Release) */,
			);
			defaultConfigurationIsVisible = 0;
			defaultConfigurationName = Release;
		};
		F5E39C7F21F1118D006D65C2 /* Build configuration list for PBXNativeTarget "PrjFSKextTests" */ = {
			isa = XCConfigurationList;
			buildConfigurations = (
				F5E39C7C21F1118D006D65C2 /* Debug */,
				F5E39C7D21F1118D006D65C2 /* Release */,
				F5E39C7E21F1118D006D65C2 /* Profiling(Release) */,
			);
			defaultConfigurationIsVisible = 0;
			defaultConfigurationName = Release;
		};
/* End XCConfigurationList section */
	};
	rootObject = 4391F87621E4278C0008103C /* Project object */;
}
