// !$*UTF8*$!
{
	archiveVersion = 1;
	classes = {
	};
	objectVersion = 50;
	objects = {

/* Begin PBXBuildFile section */
		4A6A654B22C227CA00E207E2 /* libEndpointSecurity.tbd in Frameworks */ = {isa = PBXBuildFile; fileRef = 4A6A654A22C227CA00E207E2 /* libEndpointSecurity.tbd */; };
		4A6A654F22C4A8BE00E207E2 /* EndpointSecurityMirror.cpp in Sources */ = {isa = PBXBuildFile; fileRef = 4A6A654E22C4A8BE00E207E2 /* EndpointSecurityMirror.cpp */; };
		4A6A656922C4C33200E207E2 /* libbsm.tbd in Frameworks */ = {isa = PBXBuildFile; fileRef = 4A6A656822C4C32B00E207E2 /* libbsm.tbd */; };
/* End PBXBuildFile section */

/* Begin PBXCopyFilesBuildPhase section */
		4A6A653D22C227BA00E207E2 /* CopyFiles */ = {
			isa = PBXCopyFilesBuildPhase;
			buildActionMask = 2147483647;
			dstPath = /usr/share/man/man1/;
			dstSubfolderSpec = 0;
			files = (
			);
			runOnlyForDeploymentPostprocessing = 1;
		};
/* End PBXCopyFilesBuildPhase section */

/* Begin PBXFileReference section */
		4A6A653F22C227BA00E207E2 /* EndpointSecurityMirror */ = {isa = PBXFileReference; explicitFileType = "compiled.mach-o.executable"; includeInIndex = 0; path = EndpointSecurityMirror; sourceTree = BUILT_PRODUCTS_DIR; };
		4A6A654A22C227CA00E207E2 /* libEndpointSecurity.tbd */ = {isa = PBXFileReference; lastKnownFileType = "sourcecode.text-based-dylib-definition"; name = libEndpointSecurity.tbd; path = usr/lib/libEndpointSecurity.tbd; sourceTree = SDKROOT; };
		4A6A654C22C22E9500E207E2 /* EndpointSecurityMirror.entitlements */ = {isa = PBXFileReference; lastKnownFileType = text.plist.entitlements; path = EndpointSecurityMirror.entitlements; sourceTree = "<group>"; };
		4A6A654E22C4A8BE00E207E2 /* EndpointSecurityMirror.cpp */ = {isa = PBXFileReference; fileEncoding = 4; lastKnownFileType = sourcecode.cpp.cpp; path = EndpointSecurityMirror.cpp; sourceTree = "<group>"; };
		4A6A655022C4A9E000E207E2 /* README.md */ = {isa = PBXFileReference; lastKnownFileType = net.daringfireball.markdown; path = README.md; sourceTree = "<group>"; };
		4A6A656822C4C32B00E207E2 /* libbsm.tbd */ = {isa = PBXFileReference; lastKnownFileType = "sourcecode.text-based-dylib-definition"; name = libbsm.tbd; path = usr/lib/libbsm.tbd; sourceTree = SDKROOT; };
/* End PBXFileReference section */

/* Begin PBXFrameworksBuildPhase section */
		4A6A653C22C227BA00E207E2 /* Frameworks */ = {
			isa = PBXFrameworksBuildPhase;
			buildActionMask = 2147483647;
			files = (
				4A6A654B22C227CA00E207E2 /* libEndpointSecurity.tbd in Frameworks */,
				4A6A656922C4C33200E207E2 /* libbsm.tbd in Frameworks */,
			);
			runOnlyForDeploymentPostprocessing = 0;
		};
/* End PBXFrameworksBuildPhase section */

/* Begin PBXGroup section */
		4A6A653622C227BA00E207E2 = {
			isa = PBXGroup;
			children = (
				4A6A654122C227BA00E207E2 /* EndpointSecurityMirror */,
				4A6A654022C227BA00E207E2 /* Products */,
				4A6A654922C227CA00E207E2 /* Frameworks */,
			);
			sourceTree = "<group>";
		};
		4A6A654022C227BA00E207E2 /* Products */ = {
			isa = PBXGroup;
			children = (
				4A6A653F22C227BA00E207E2 /* EndpointSecurityMirror */,
			);
			name = Products;
			sourceTree = "<group>";
		};
		4A6A654122C227BA00E207E2 /* EndpointSecurityMirror */ = {
			isa = PBXGroup;
			children = (
				4A6A654C22C22E9500E207E2 /* EndpointSecurityMirror.entitlements */,
				4A6A654E22C4A8BE00E207E2 /* EndpointSecurityMirror.cpp */,
				4A6A655022C4A9E000E207E2 /* README.md */,
			);
			path = EndpointSecurityMirror;
			sourceTree = "<group>";
		};
		4A6A654922C227CA00E207E2 /* Frameworks */ = {
			isa = PBXGroup;
			children = (
				4A6A656822C4C32B00E207E2 /* libbsm.tbd */,
				4A6A654A22C227CA00E207E2 /* libEndpointSecurity.tbd */,
			);
			name = Frameworks;
			sourceTree = "<group>";
		};
/* End PBXGroup section */

/* Begin PBXNativeTarget section */
		4A6A653E22C227BA00E207E2 /* EndpointSecurityMirror */ = {
			isa = PBXNativeTarget;
			buildConfigurationList = 4A6A654622C227BA00E207E2 /* Build configuration list for PBXNativeTarget "EndpointSecurityMirror" */;
			buildPhases = (
				4A6A653B22C227BA00E207E2 /* Sources */,
				4A6A653C22C227BA00E207E2 /* Frameworks */,
				4A6A653D22C227BA00E207E2 /* CopyFiles */,
			);
			buildRules = (
			);
			dependencies = (
			);
			name = EndpointSecurityMirror;
			productName = EndpointSecurityMirror;
			productReference = 4A6A653F22C227BA00E207E2 /* EndpointSecurityMirror */;
			productType = "com.apple.product-type.tool";
		};
/* End PBXNativeTarget section */

/* Begin PBXProject section */
		4A6A653722C227BA00E207E2 /* Project object */ = {
			isa = PBXProject;
			attributes = {
				LastUpgradeCheck = 1110;
				ORGANIZATIONNAME = "Microsoft Corporation";
				TargetAttributes = {
					4A6A653E22C227BA00E207E2 = {
						CreatedOnToolsVersion = 11.0;
					};
				};
			};
			buildConfigurationList = 4A6A653A22C227BA00E207E2 /* Build configuration list for PBXProject "EndpointSecurityMirror" */;
			compatibilityVersion = "Xcode 9.3";
			developmentRegion = en;
			hasScannedForEncodings = 0;
			knownRegions = (
				en,
				Base,
			);
			mainGroup = 4A6A653622C227BA00E207E2;
			productRefGroup = 4A6A654022C227BA00E207E2 /* Products */;
			projectDirPath = "";
			projectRoot = "";
			targets = (
				4A6A653E22C227BA00E207E2 /* EndpointSecurityMirror */,
			);
		};
/* End PBXProject section */

/* Begin PBXSourcesBuildPhase section */
		4A6A653B22C227BA00E207E2 /* Sources */ = {
			isa = PBXSourcesBuildPhase;
			buildActionMask = 2147483647;
			files = (
				4A6A654F22C4A8BE00E207E2 /* EndpointSecurityMirror.cpp in Sources */,
			);
			runOnlyForDeploymentPostprocessing = 0;
		};
/* End PBXSourcesBuildPhase section */

/* Begin XCBuildConfiguration section */
		4A6A654422C227BA00E207E2 /* Debug */ = {
			isa = XCBuildConfiguration;
			buildSettings = {
				ALWAYS_SEARCH_USER_PATHS = NO;
				CLANG_ANALYZER_NONNULL = YES;
				CLANG_ANALYZER_NUMBER_OBJECT_CONVERSION = YES_AGGRESSIVE;
				CLANG_CXX_LANGUAGE_STANDARD = "gnu++14";
				CLANG_CXX_LIBRARY = "libc++";
				CLANG_ENABLE_MODULES = YES;
				CLANG_ENABLE_OBJC_ARC = YES;
				CLANG_ENABLE_OBJC_WEAK = YES;
				CLANG_WARN_BLOCK_CAPTURE_AUTORELEASING = YES;
				CLANG_WARN_BOOL_CONVERSION = YES;
				CLANG_WARN_COMMA = YES;
				CLANG_WARN_CONSTANT_CONVERSION = YES;
				CLANG_WARN_DEPRECATED_OBJC_IMPLEMENTATIONS = YES;
				CLANG_WARN_DIRECT_OBJC_ISA_USAGE = YES_ERROR;
				CLANG_WARN_DOCUMENTATION_COMMENTS = YES;
				CLANG_WARN_EMPTY_BODY = YES;
				CLANG_WARN_ENUM_CONVERSION = YES;
				CLANG_WARN_INFINITE_RECURSION = YES;
				CLANG_WARN_INT_CONVERSION = YES;
				CLANG_WARN_NON_LITERAL_NULL_CONVERSION = YES;
				CLANG_WARN_OBJC_IMPLICIT_RETAIN_SELF = YES;
				CLANG_WARN_OBJC_LITERAL_CONVERSION = YES;
				CLANG_WARN_OBJC_ROOT_CLASS = YES_ERROR;
				CLANG_WARN_RANGE_LOOP_ANALYSIS = YES;
				CLANG_WARN_STRICT_PROTOTYPES = YES;
				CLANG_WARN_SUSPICIOUS_MOVE = YES;
				CLANG_WARN_UNGUARDED_AVAILABILITY = YES_AGGRESSIVE;
				CLANG_WARN_UNREACHABLE_CODE = YES;
				CLANG_WARN__DUPLICATE_METHOD_MATCH = YES;
				COPY_PHASE_STRIP = NO;
				DEBUG_INFORMATION_FORMAT = dwarf;
				ENABLE_STRICT_OBJC_MSGSEND = YES;
				ENABLE_TESTABILITY = YES;
				GCC_C_LANGUAGE_STANDARD = gnu11;
				GCC_DYNAMIC_NO_PIC = NO;
				GCC_NO_COMMON_BLOCKS = YES;
				GCC_OPTIMIZATION_LEVEL = 0;
				GCC_PREPROCESSOR_DEFINITIONS = (
					"DEBUG=1",
					"$(inherited)",
				);
				GCC_WARN_64_TO_32_BIT_CONVERSION = YES;
				GCC_WARN_ABOUT_RETURN_TYPE = YES_ERROR;
				GCC_WARN_UNDECLARED_SELECTOR = YES;
				GCC_WARN_UNINITIALIZED_AUTOS = YES_AGGRESSIVE;
				GCC_WARN_UNUSED_FUNCTION = YES;
				GCC_WARN_UNUSED_VARIABLE = YES;
				MACOSX_DEPLOYMENT_TARGET = 10.14;
				MTL_ENABLE_DEBUG_INFO = INCLUDE_SOURCE;
				MTL_FAST_MATH = YES;
				ONLY_ACTIVE_ARCH = YES;
				SDKROOT = macosx;
			};
			name = Debug;
		};
		4A6A654522C227BA00E207E2 /* Release */ = {
			isa = XCBuildConfiguration;
			buildSettings = {
				ALWAYS_SEARCH_USER_PATHS = NO;
				CLANG_ANALYZER_NONNULL = YES;
				CLANG_ANALYZER_NUMBER_OBJECT_CONVERSION = YES_AGGRESSIVE;
				CLANG_CXX_LANGUAGE_STANDARD = "gnu++14";
				CLANG_CXX_LIBRARY = "libc++";
				CLANG_ENABLE_MODULES = YES;
				CLANG_ENABLE_OBJC_ARC = YES;
				CLANG_ENABLE_OBJC_WEAK = YES;
				CLANG_WARN_BLOCK_CAPTURE_AUTORELEASING = YES;
				CLANG_WARN_BOOL_CONVERSION = YES;
				CLANG_WARN_COMMA = YES;
				CLANG_WARN_CONSTANT_CONVERSION = YES;
				CLANG_WARN_DEPRECATED_OBJC_IMPLEMENTATIONS = YES;
				CLANG_WARN_DIRECT_OBJC_ISA_USAGE = YES_ERROR;
				CLANG_WARN_DOCUMENTATION_COMMENTS = YES;
				CLANG_WARN_EMPTY_BODY = YES;
				CLANG_WARN_ENUM_CONVERSION = YES;
				CLANG_WARN_INFINITE_RECURSION = YES;
				CLANG_WARN_INT_CONVERSION = YES;
				CLANG_WARN_NON_LITERAL_NULL_CONVERSION = YES;
				CLANG_WARN_OBJC_IMPLICIT_RETAIN_SELF = YES;
				CLANG_WARN_OBJC_LITERAL_CONVERSION = YES;
				CLANG_WARN_OBJC_ROOT_CLASS = YES_ERROR;
				CLANG_WARN_RANGE_LOOP_ANALYSIS = YES;
				CLANG_WARN_STRICT_PROTOTYPES = YES;
				CLANG_WARN_SUSPICIOUS_MOVE = YES;
				CLANG_WARN_UNGUARDED_AVAILABILITY = YES_AGGRESSIVE;
				CLANG_WARN_UNREACHABLE_CODE = YES;
				CLANG_WARN__DUPLICATE_METHOD_MATCH = YES;
				COPY_PHASE_STRIP = NO;
				DEBUG_INFORMATION_FORMAT = "dwarf-with-dsym";
				ENABLE_NS_ASSERTIONS = NO;
				ENABLE_STRICT_OBJC_MSGSEND = YES;
				GCC_C_LANGUAGE_STANDARD = gnu11;
				GCC_NO_COMMON_BLOCKS = YES;
				GCC_WARN_64_TO_32_BIT_CONVERSION = YES;
				GCC_WARN_ABOUT_RETURN_TYPE = YES_ERROR;
				GCC_WARN_UNDECLARED_SELECTOR = YES;
				GCC_WARN_UNINITIALIZED_AUTOS = YES_AGGRESSIVE;
				GCC_WARN_UNUSED_FUNCTION = YES;
				GCC_WARN_UNUSED_VARIABLE = YES;
				MACOSX_DEPLOYMENT_TARGET = 10.14;
				MTL_ENABLE_DEBUG_INFO = NO;
				MTL_FAST_MATH = YES;
				SDKROOT = macosx;
			};
			name = Release;
		};
		4A6A654722C227BA00E207E2 /* Debug */ = {
			isa = XCBuildConfiguration;
			buildSettings = {
				CODE_SIGN_ENTITLEMENTS = EndpointSecurityMirror/EndpointSecurityMirror.entitlements;
				CODE_SIGN_IDENTITY = "-";
				CODE_SIGN_STYLE = Automatic;
				DEVELOPMENT_TEAM = PLT8TQHCAJ;
				ENABLE_HARDENED_RUNTIME = YES;
				MACOSX_DEPLOYMENT_TARGET = 10.15;
				PRODUCT_BUNDLE_IDENTIFIER = org.vfsforgit.mirrorprovider.endpointsecurityprototype;
				PRODUCT_NAME = "$(TARGET_NAME)";
			};
			name = Debug;
		};
		4A6A654822C227BA00E207E2 /* Release */ = {
			isa = XCBuildConfiguration;
			buildSettings = {
				CODE_SIGN_ENTITLEMENTS = EndpointSecurityMirror/EndpointSecurityMirror.entitlements;
				CODE_SIGN_IDENTITY = "-";
				CODE_SIGN_STYLE = Automatic;
				DEVELOPMENT_TEAM = PLT8TQHCAJ;
				ENABLE_HARDENED_RUNTIME = YES;
				MACOSX_DEPLOYMENT_TARGET = 10.15;
				PRODUCT_BUNDLE_IDENTIFIER = org.vfsforgit.mirrorprovider.endpointsecurityprototype;
				PRODUCT_NAME = "$(TARGET_NAME)";
			};
			name = Release;
		};
/* End XCBuildConfiguration section */

/* Begin XCConfigurationList section */
		4A6A653A22C227BA00E207E2 /* Build configuration list for PBXProject "EndpointSecurityMirror" */ = {
			isa = XCConfigurationList;
			buildConfigurations = (
				4A6A654422C227BA00E207E2 /* Debug */,
				4A6A654522C227BA00E207E2 /* Release */,
			);
			defaultConfigurationIsVisible = 0;
			defaultConfigurationName = Release;
		};
		4A6A654622C227BA00E207E2 /* Build configuration list for PBXNativeTarget "EndpointSecurityMirror" */ = {
			isa = XCConfigurationList;
			buildConfigurations = (
				4A6A654722C227BA00E207E2 /* Debug */,
				4A6A654822C227BA00E207E2 /* Release */,
			);
			defaultConfigurationIsVisible = 0;
			defaultConfigurationName = Release;
		};
/* End XCConfigurationList section */
	};
	rootObject = 4A6A653722C227BA00E207E2 /* Project object */;
}
