Microsoft Visual Studio Solution File, Format Version 12.00
# Visual Studio 15
VisualStudioVersion = 15.0.27428.2015
MinimumVisualStudioVersion = 10.0.40219.1
Project("{2150E333-8FDC-42A3-9474-1A3956D46DE8}") = "Solution Items", "Solution Items", "{DCE11095-DA5F-4878-B58D-2702765560F5}"
	ProjectSection(SolutionItems) = preProject
		.editorconfig = .editorconfig
		.gitattributes = .gitattributes
		.gitignore = .gitignore
		AuthoringTests.md = AuthoringTests.md
		nuget.config = nuget.config
		Protocol.md = Protocol.md
		Readme.md = Readme.md
	EndProjectSection
EndProject
Project("{2150E333-8FDC-42A3-9474-1A3956D46DE8}") = "GVFS", "GVFS", "{2EF2EC94-3A68-4ED7-9A58-B7057ADBA01C}"
	ProjectSection(SolutionItems) = preProject
		GVFS\LibGit2Sharp.NativeBinaries.props = GVFS\LibGit2Sharp.NativeBinaries.props
		GVFS\ProjectedFSLib.NativeBinaries.props = GVFS\ProjectedFSLib.NativeBinaries.props
	EndProjectSection
EndProject
Project("{FAE04EC0-301F-11D3-BF4B-00C04F79EFBC}") = "GVFS.GVFlt", "GVFS\GVFS.GVFlt\GVFS.GVFlt.csproj", "{1118B427-7063-422F-83B9-5023C8EC5A7A}"
	ProjectSection(ProjectDependencies) = postProject
		{A4984251-840E-4622-AD0C-66DFCE2B2574} = {A4984251-840E-4622-AD0C-66DFCE2B2574}
	EndProjectSection
EndProject
Project("{9A19103F-16F7-4668-BE54-9A1E7A4F7556}") = "GVFS.Common", "GVFS\GVFS.Common\GVFS.Common.csproj", "{374BF1E5-0B2D-4D4A-BD5E-4212299DEF09}"
	ProjectSection(ProjectDependencies) = postProject
		{A4984251-840E-4622-AD0C-66DFCE2B2574} = {A4984251-840E-4622-AD0C-66DFCE2B2574}
	EndProjectSection
EndProject
Project("{9A19103F-16F7-4668-BE54-9A1E7A4F7556}") = "FastFetch", "GVFS\FastFetch\FastFetch.csproj", "{07F2A520-2AB7-46DD-97C0-75D8E988D55B}"
EndProject
Project("{9A19103F-16F7-4668-BE54-9A1E7A4F7556}") = "GVFS.Tests", "GVFS\GVFS.Tests\GVFS.Tests.csproj", "{72701BC3-5DA9-4C7A-BF10-9E98C9FC8EAC}"
	ProjectSection(ProjectDependencies) = postProject
		{A4984251-840E-4622-AD0C-66DFCE2B2574} = {A4984251-840E-4622-AD0C-66DFCE2B2574}
	EndProjectSection
EndProject
Project("{2150E333-8FDC-42A3-9474-1A3956D46DE8}") = "GVFS Tests", "GVFS Tests", "{C41F10F9-1163-4CFA-A465-EA728F75E9FA}"
EndProject
Project("{FAE04EC0-301F-11D3-BF4B-00C04F79EFBC}") = "GVFS.UnitTests.Windows", "GVFS\GVFS.UnitTests.Windows\GVFS.UnitTests.Windows.csproj", "{8E0D0989-21F6-4DD8-946C-39F992523CC6}"
EndProject
Project("{8BC9CEB8-8B4A-11D0-8D11-00A0C91BC942}") = "GVFS.NativeTests", "GVFS\GVFS.NativeTests\GVFS.NativeTests.vcxproj", "{3771C555-B5C1-45E2-B8B7-2CEF1619CDC5}"
	ProjectSection(ProjectDependencies) = postProject
		{A4984251-840E-4622-AD0C-66DFCE2B2574} = {A4984251-840E-4622-AD0C-66DFCE2B2574}
	EndProjectSection
EndProject
Project("{FAE04EC0-301F-11D3-BF4B-00C04F79EFBC}") = "GVFS.Hooks.Windows", "GVFS\GVFS.Hooks\GVFS.Hooks.Windows.csproj", "{BDA91EE5-C684-4FC5-A90A-B7D677421917}"
	ProjectSection(ProjectDependencies) = postProject
		{A4984251-840E-4622-AD0C-66DFCE2B2574} = {A4984251-840E-4622-AD0C-66DFCE2B2574}
	EndProjectSection
EndProject
Project("{FAE04EC0-301F-11D3-BF4B-00C04F79EFBC}") = "GVFS.Service.Windows", "GVFS\GVFS.Service\GVFS.Service.Windows.csproj", "{B8C1DFBA-CAFD-4F7E-A1A3-E11907B5467B}"
	ProjectSection(ProjectDependencies) = postProject
		{2D23AB54-541F-4ABC-8DCA-08C199E97ABB} = {2D23AB54-541F-4ABC-8DCA-08C199E97ABB}
		{5A6656D5-81C7-472C-9DC8-32D071CB2258} = {5A6656D5-81C7-472C-9DC8-32D071CB2258}
		{BDA91EE5-C684-4FC5-A90A-B7D677421917} = {BDA91EE5-C684-4FC5-A90A-B7D677421917}
		{24D161E9-D1F0-4299-BBD3-5D940BEDD535} = {24D161E9-D1F0-4299-BBD3-5D940BEDD535}
	EndProjectSection
EndProject
Project("{9A19103F-16F7-4668-BE54-9A1E7A4F7556}") = "GVFS.Service.Mac", "GVFS\GVFS.Service\GVFS.Service.Mac.csproj", "{03769A07-F216-456B-886B-E07CAF6C5E81}"
EndProject
Project("{8BC9CEB8-8B4A-11D0-8D11-00A0C91BC942}") = "GVFS.ReadObjectHook.Windows", "GVFS\GVFS.ReadObjectHook\GVFS.ReadObjectHook.Windows.vcxproj", "{5A6656D5-81C7-472C-9DC8-32D071CB2258}"
	ProjectSection(ProjectDependencies) = postProject
		{A4984251-840E-4622-AD0C-66DFCE2B2574} = {A4984251-840E-4622-AD0C-66DFCE2B2574}
	EndProjectSection
EndProject
Project("{2150E333-8FDC-42A3-9474-1A3956D46DE8}") = "Scripts", "Scripts", "{28674A4B-1223-4633-A460-C8CC39B09318}"
	ProjectSection(SolutionItems) = preProject
		Scripts\CreateCommonAssemblyVersion.bat = Scripts\CreateCommonAssemblyVersion.bat
		Scripts\CreateCommonCliAssemblyVersion.bat = Scripts\CreateCommonCliAssemblyVersion.bat
		Scripts\CreateCommonVersionHeader.bat = Scripts\CreateCommonVersionHeader.bat
		Scripts\RunFunctionalTests.bat = Scripts\RunFunctionalTests.bat
		Scripts\RunUnitTests.bat = Scripts\RunUnitTests.bat
	EndProjectSection
EndProject
Project("{FAE04EC0-301F-11D3-BF4B-00C04F79EFBC}") = "GVFS.PerfProfiling", "GVFS\GVFS.PerfProfiling\GVFS.PerfProfiling.csproj", "{C5D3CA26-562F-4CA4-A378-B93E97A730E3}"
EndProject
Project("{FAE04EC0-301F-11D3-BF4B-00C04F79EFBC}") = "GVFS.Service.UI", "GVFS\GVFS.Service.UI\GVFS.Service.UI.csproj", "{93B403FD-DAFB-46C5-9636-B122792A548A}"
EndProject
Project("{FAE04EC0-301F-11D3-BF4B-00C04F79EFBC}") = "GVFS.PreBuild", "GVFS\GVFS.Build\GVFS.PreBuild.csproj", "{A4984251-840E-4622-AD0C-66DFCE2B2574}"
EndProject
Project("{2150E333-8FDC-42A3-9474-1A3956D46DE8}") = "Build", "Build", "{AB0D9230-3893-4486-8899-F9C871FB5D5F}"
EndProject
Project("{8BC9CEB8-8B4A-11D0-8D11-00A0C91BC942}") = "GitHooksLoader", "GitHooksLoader\GitHooksLoader.vcxproj", "{798DE293-6EDA-4DC4-9395-BE7A71C563E3}"
	ProjectSection(ProjectDependencies) = postProject
		{A4984251-840E-4622-AD0C-66DFCE2B2574} = {A4984251-840E-4622-AD0C-66DFCE2B2574}
	EndProjectSection
EndProject
Project("{FAE04EC0-301F-11D3-BF4B-00C04F79EFBC}") = "GVFS.Installer.Windows", "GVFS\GVFS.Installer.Windows\GVFS.Installer.Windows.csproj", "{3AB4FB1F-9E23-4CD8-BFAC-8A2221C8F893}"
	ProjectSection(ProjectDependencies) = postProject
		{2F63B22B-EE26-4266-BF17-28A9146483A1} = {2F63B22B-EE26-4266-BF17-28A9146483A1}
	EndProjectSection
EndProject
Project("{9A19103F-16F7-4668-BE54-9A1E7A4F7556}") = "GVFS.Installer.Mac", "GVFS\GVFS.Installer.Mac\GVFS.Installer.Mac.csproj", "{25229A04-6554-49B1-A95A-3F3B76C5B0C8}"
	ProjectSection(ProjectDependencies) = postProject
		{03769A07-F216-456B-886B-E07CAF6C5E81} = {03769A07-F216-456B-886B-E07CAF6C5E81}
		{4CC2A90D-D240-4382-B4BF-5E175515E492} = {4CC2A90D-D240-4382-B4BF-5E175515E492}
		{28939122-7263-41E7-A7E2-CBFB01AD6A04} = {28939122-7263-41E7-A7E2-CBFB01AD6A04}
		{A4984251-840E-4622-AD0C-66DFCE2B2574} = {A4984251-840E-4622-AD0C-66DFCE2B2574}
		{F468B05A-95E5-46BC-8C67-B80A78527B7D} = {F468B05A-95E5-46BC-8C67-B80A78527B7D}
		{1DAC3DA6-3D21-4917-B9A8-D60C8712252A} = {1DAC3DA6-3D21-4917-B9A8-D60C8712252A}
		{FAC6EFC5-A890-4CB2-8C80-6358E358C637} = {FAC6EFC5-A890-4CB2-8C80-6358E358C637}
		{374BF1E5-0B2D-4D4A-BD5E-4212299DEF09} = {374BF1E5-0B2D-4D4A-BD5E-4212299DEF09}
		{35CA4DFB-1320-4055-B8F6-F12E0F252FF0} = {35CA4DFB-1320-4055-B8F6-F12E0F252FF0}
		{AECEC217-2499-403D-B0BB-2962B9BE5970} = {AECEC217-2499-403D-B0BB-2962B9BE5970}
	EndProjectSection
EndProject
Project("{FAE04EC0-301F-11D3-BF4B-00C04F79EFBC}") = "GVFS.SignFiles", "GVFS\GVFS.SignFiles\GVFS.SignFiles.csproj", "{2F63B22B-EE26-4266-BF17-28A9146483A1}"
	ProjectSection(ProjectDependencies) = postProject
		{17498502-AEFF-4E70-90CC-1D0B56A8ADF5} = {17498502-AEFF-4E70-90CC-1D0B56A8ADF5}
		{1118B427-7063-422F-83B9-5023C8EC5A7A} = {1118B427-7063-422F-83B9-5023C8EC5A7A}
		{2D23AB54-541F-4ABC-8DCA-08C199E97ABB} = {2D23AB54-541F-4ABC-8DCA-08C199E97ABB}
		{F468B05A-95E5-46BC-8C67-B80A78527B7D} = {F468B05A-95E5-46BC-8C67-B80A78527B7D}
		{32220664-594C-4425-B9A0-88E0BE2F3D2A} = {32220664-594C-4425-B9A0-88E0BE2F3D2A}
		{798DE293-6EDA-4DC4-9395-BE7A71C563E3} = {798DE293-6EDA-4DC4-9395-BE7A71C563E3}
		{B8C1DFBA-CAFD-4F7E-A1A3-E11907B5467B} = {B8C1DFBA-CAFD-4F7E-A1A3-E11907B5467B}
		{5A6656D5-81C7-472C-9DC8-32D071CB2258} = {5A6656D5-81C7-472C-9DC8-32D071CB2258}
		{BDA91EE5-C684-4FC5-A90A-B7D677421917} = {BDA91EE5-C684-4FC5-A90A-B7D677421917}
		{374BF1E5-0B2D-4D4A-BD5E-4212299DEF09} = {374BF1E5-0B2D-4D4A-BD5E-4212299DEF09}
		{4CE404E7-D3FC-471C-993C-64615861EA63} = {4CE404E7-D3FC-471C-993C-64615861EA63}
		{24D161E9-D1F0-4299-BBD3-5D940BEDD535} = {24D161E9-D1F0-4299-BBD3-5D940BEDD535}
		{93B403FD-DAFB-46C5-9636-B122792A548A} = {93B403FD-DAFB-46C5-9636-B122792A548A}
		{AECEC217-2499-403D-B0BB-2962B9BE5970} = {AECEC217-2499-403D-B0BB-2962B9BE5970}
	EndProjectSection
EndProject
Project("{8BC9CEB8-8B4A-11D0-8D11-00A0C91BC942}") = "GVFS.VirtualFileSystemHook.Windows", "GVFS\GVFS.VirtualFileSystemHook\GVFS.VirtualFileSystemHook.Windows.vcxproj", "{2D23AB54-541F-4ABC-8DCA-08C199E97ABB}"
	ProjectSection(ProjectDependencies) = postProject
		{A4984251-840E-4622-AD0C-66DFCE2B2574} = {A4984251-840E-4622-AD0C-66DFCE2B2574}
	EndProjectSection
EndProject
Project("{9A19103F-16F7-4668-BE54-9A1E7A4F7556}") = "GVFS.Virtualization", "GVFS\GVFS.Virtualization\GVFS.Virtualization.csproj", "{F468B05A-95E5-46BC-8C67-B80A78527B7D}"
EndProject
Project("{9A19103F-16F7-4668-BE54-9A1E7A4F7556}") = "PrjFSLib.Linux.Managed", "ProjFS.Linux\PrjFSLib.Linux.Managed\PrjFSLib.Linux.Managed.csproj", "{63E57526-9825-44C8-9ACB-DC3296ADEE97}"
EndProject
Project("{9A19103F-16F7-4668-BE54-9A1E7A4F7556}") = "GVFS.Platform.Linux", "GVFS\GVFS.Platform.Linux\GVFS.Platform.Linux.csproj", "{B4593252-9FB4-431D-A4E1-634D09DE09DE}"
EndProject
Project("{9A19103F-16F7-4668-BE54-9A1E7A4F7556}") = "PrjFSLib.Mac.Managed", "ProjFS.Mac\PrjFSLib.Mac.Managed\PrjFSLib.Mac.Managed.csproj", "{FAC6EFC5-A890-4CB2-8C80-6358E358C637}"
EndProject
Project("{9A19103F-16F7-4668-BE54-9A1E7A4F7556}") = "GVFS.Platform.Mac", "GVFS\GVFS.Platform.Mac\GVFS.Platform.Mac.csproj", "{1DAC3DA6-3D21-4917-B9A8-D60C8712252A}"
EndProject
Project("{9A19103F-16F7-4668-BE54-9A1E7A4F7556}") = "GVFS.Platform.POSIX", "GVFS\GVFS.Platform.POSIX\GVFS.Platform.POSIX.csproj", "{15FAE44C-0D21-4312-9FD3-28F05A5AB7A6}"
EndProject
Project("{9A19103F-16F7-4668-BE54-9A1E7A4F7556}") = "GVFS.UnitTests", "GVFS\GVFS.UnitTests\GVFS.UnitTests.csproj", "{0D434FA7-6D8C-481E-B0CE-779B59EAEF53}"
EndProject
Project("{FAE04EC0-301F-11D3-BF4B-00C04F79EFBC}") = "GVFS.Platform.Windows", "GVFS\GVFS.Platform.Windows\GVFS.Platform.Windows.csproj", "{4CE404E7-D3FC-471C-993C-64615861EA63}"
EndProject
Project("{9A19103F-16F7-4668-BE54-9A1E7A4F7556}") = "GVFS.Linux", "GVFS\GVFS\GVFS.Linux.csproj", "{A1A1A31A-A76E-4F12-92A7-91755320C9A4}"
EndProject
Project("{9A19103F-16F7-4668-BE54-9A1E7A4F7556}") = "GVFS.Mac", "GVFS\GVFS\GVFS.Mac.csproj", "{28939122-7263-41E7-A7E2-CBFB01AD6A04}"
EndProject
Project("{FAE04EC0-301F-11D3-BF4B-00C04F79EFBC}") = "GVFS.Windows", "GVFS\GVFS\GVFS.Windows.csproj", "{32220664-594C-4425-B9A0-88E0BE2F3D2A}"
	ProjectSection(ProjectDependencies) = postProject
		{2D23AB54-541F-4ABC-8DCA-08C199E97ABB} = {2D23AB54-541F-4ABC-8DCA-08C199E97ABB}
		{798DE293-6EDA-4DC4-9395-BE7A71C563E3} = {798DE293-6EDA-4DC4-9395-BE7A71C563E3}
		{5A6656D5-81C7-472C-9DC8-32D071CB2258} = {5A6656D5-81C7-472C-9DC8-32D071CB2258}
		{BDA91EE5-C684-4FC5-A90A-B7D677421917} = {BDA91EE5-C684-4FC5-A90A-B7D677421917}
		{24D161E9-D1F0-4299-BBD3-5D940BEDD535} = {24D161E9-D1F0-4299-BBD3-5D940BEDD535}
	EndProjectSection
EndProject
Project("{FAE04EC0-301F-11D3-BF4B-00C04F79EFBC}") = "GVFS.Mount.Windows", "GVFS\GVFS.Mount\GVFS.Mount.Windows.csproj", "{17498502-AEFF-4E70-90CC-1D0B56A8ADF5}"
	ProjectSection(ProjectDependencies) = postProject
		{2D23AB54-541F-4ABC-8DCA-08C199E97ABB} = {2D23AB54-541F-4ABC-8DCA-08C199E97ABB}
		{5A6656D5-81C7-472C-9DC8-32D071CB2258} = {5A6656D5-81C7-472C-9DC8-32D071CB2258}
		{BDA91EE5-C684-4FC5-A90A-B7D677421917} = {BDA91EE5-C684-4FC5-A90A-B7D677421917}
		{24D161E9-D1F0-4299-BBD3-5D940BEDD535} = {24D161E9-D1F0-4299-BBD3-5D940BEDD535}
	EndProjectSection
EndProject
Project("{9A19103F-16F7-4668-BE54-9A1E7A4F7556}") = "GVFS.Mount.Linux", "GVFS\GVFS.Mount\GVFS.Mount.Linux.csproj", "{B9F62A3B-72F5-4703-A5FE-3879FF930410}"
EndProject
Project("{9A19103F-16F7-4668-BE54-9A1E7A4F7556}") = "GVFS.Mount.Mac", "GVFS\GVFS.Mount\GVFS.Mount.Mac.csproj", "{35CA4DFB-1320-4055-B8F6-F12E0F252FF0}"
EndProject
Project("{FAE04EC0-301F-11D3-BF4B-00C04F79EFBC}") = "GVFS.FunctionalTests.Windows", "GVFS\GVFS.FunctionalTests.Windows\GVFS.FunctionalTests.Windows.csproj", "{0F0A008E-AB12-40EC-A671-37A541B08C7F}"
	ProjectSection(ProjectDependencies) = postProject
		{17498502-AEFF-4E70-90CC-1D0B56A8ADF5} = {17498502-AEFF-4E70-90CC-1D0B56A8ADF5}
		{07F2A520-2AB7-46DD-97C0-75D8E988D55B} = {07F2A520-2AB7-46DD-97C0-75D8E988D55B}
		{3771C555-B5C1-45E2-B8B7-2CEF1619CDC5} = {3771C555-B5C1-45E2-B8B7-2CEF1619CDC5}
		{FA273F69-5762-43D8-AEA1-B4F08090D624} = {FA273F69-5762-43D8-AEA1-B4F08090D624}
		{B8C1DFBA-CAFD-4F7E-A1A3-E11907B5467B} = {B8C1DFBA-CAFD-4F7E-A1A3-E11907B5467B}
		{BDA91EE5-C684-4FC5-A90A-B7D677421917} = {BDA91EE5-C684-4FC5-A90A-B7D677421917}
	EndProjectSection
EndProject
Project("{9A19103F-16F7-4668-BE54-9A1E7A4F7556}") = "GVFS.FunctionalTests", "GVFS\GVFS.FunctionalTests\GVFS.FunctionalTests.csproj", "{BD7C5776-82F2-40C6-AF01-B3CC1E2D83AF}"
	ProjectSection(ProjectDependencies) = postProject
		{17498502-AEFF-4E70-90CC-1D0B56A8ADF5} = {17498502-AEFF-4E70-90CC-1D0B56A8ADF5}
		{07F2A520-2AB7-46DD-97C0-75D8E988D55B} = {07F2A520-2AB7-46DD-97C0-75D8E988D55B}
		{A1A1A31A-A76E-4F12-92A7-91755320C9A4} = {A1A1A31A-A76E-4F12-92A7-91755320C9A4}
		{28939122-7263-41E7-A7E2-CBFB01AD6A04} = {28939122-7263-41E7-A7E2-CBFB01AD6A04}
		{3771C555-B5C1-45E2-B8B7-2CEF1619CDC5} = {3771C555-B5C1-45E2-B8B7-2CEF1619CDC5}
		{32220664-594C-4425-B9A0-88E0BE2F3D2A} = {32220664-594C-4425-B9A0-88E0BE2F3D2A}
		{FA273F69-5762-43D8-AEA1-B4F08090D624} = {FA273F69-5762-43D8-AEA1-B4F08090D624}
		{B8C1DFBA-CAFD-4F7E-A1A3-E11907B5467B} = {B8C1DFBA-CAFD-4F7E-A1A3-E11907B5467B}
		{BDA91EE5-C684-4FC5-A90A-B7D677421917} = {BDA91EE5-C684-4FC5-A90A-B7D677421917}
		{35CA4DFB-1320-4055-B8F6-F12E0F252FF0} = {35CA4DFB-1320-4055-B8F6-F12E0F252FF0}
	EndProjectSection
EndProject
Project("{9A19103F-16F7-4668-BE54-9A1E7A4F7556}") = "GVFS.FunctionalTests.LockHolder", "GVFS\GVFS.FunctionalTests.LockHolder\GVFS.FunctionalTests.LockHolder.csproj", "{FA273F69-5762-43D8-AEA1-B4F08090D624}"
EndProject
Project("{9A19103F-16F7-4668-BE54-9A1E7A4F7556}") = "GVFS.Hooks.Linux", "GVFS\GVFS.Hooks\GVFS.Hooks.Linux.csproj", "{E6E1BC4C-1CF6-4FFA-84A0-74E02AE4096C}"
	ProjectSection(ProjectDependencies) = postProject
		{A4984251-840E-4622-AD0C-66DFCE2B2574} = {A4984251-840E-4622-AD0C-66DFCE2B2574}
	EndProjectSection
EndProject
Project("{9A19103F-16F7-4668-BE54-9A1E7A4F7556}") = "GVFS.Hooks.Mac", "GVFS\GVFS.Hooks\GVFS.Hooks.Mac.csproj", "{4CC2A90D-D240-4382-B4BF-5E175515E492}"
	ProjectSection(ProjectDependencies) = postProject
		{A4984251-840E-4622-AD0C-66DFCE2B2574} = {A4984251-840E-4622-AD0C-66DFCE2B2574}
	EndProjectSection
EndProject
Project("{9A19103F-16F7-4668-BE54-9A1E7A4F7556}") = "GVFS.Upgrader", "GVFS\GVFS.Upgrader\GVFS.Upgrader.csproj", "{AECEC217-2499-403D-B0BB-2962B9BE5970}"
EndProject
Project("{8BC9CEB8-8B4A-11D0-8D11-00A0C91BC942}") = "GVFS.PostIndexChangedHook.Windows", "GVFS\GVFS.PostIndexChangedHook\GVFS.PostIndexChangedHook.Windows.vcxproj", "{24D161E9-D1F0-4299-BBD3-5D940BEDD535}"
	ProjectSection(ProjectDependencies) = postProject
		{A4984251-840E-4622-AD0C-66DFCE2B2574} = {A4984251-840E-4622-AD0C-66DFCE2B2574}
	EndProjectSection
EndProject
Global
	GlobalSection(SolutionConfigurationPlatforms) = preSolution
		Debug.Linux|x64 = Debug.Linux|x64
		Debug.Mac|x64 = Debug.Mac|x64
		Debug.Windows|x64 = Debug.Windows|x64
		Release.Linux|x64 = Release.Linux|x64
		Release.Mac|x64 = Release.Mac|x64
		Release.Windows|x64 = Release.Windows|x64
	EndGlobalSection
	GlobalSection(ProjectConfigurationPlatforms) = postSolution
		{1118B427-7063-422F-83B9-5023C8EC5A7A}.Debug.Linux|x64.ActiveCfg = Debug|x64
		{1118B427-7063-422F-83B9-5023C8EC5A7A}.Debug.Mac|x64.ActiveCfg = Debug|x64
		{1118B427-7063-422F-83B9-5023C8EC5A7A}.Debug.Windows|x64.ActiveCfg = Debug|x64
		{1118B427-7063-422F-83B9-5023C8EC5A7A}.Debug.Windows|x64.Build.0 = Debug|x64
		{1118B427-7063-422F-83B9-5023C8EC5A7A}.Release.Linux|x64.ActiveCfg = Release|x64
		{1118B427-7063-422F-83B9-5023C8EC5A7A}.Release.Mac|x64.ActiveCfg = Release|x64
		{1118B427-7063-422F-83B9-5023C8EC5A7A}.Release.Windows|x64.ActiveCfg = Release|x64
		{1118B427-7063-422F-83B9-5023C8EC5A7A}.Release.Windows|x64.Build.0 = Release|x64
		{374BF1E5-0B2D-4D4A-BD5E-4212299DEF09}.Debug.Linux|x64.ActiveCfg = Debug|x64
		{374BF1E5-0B2D-4D4A-BD5E-4212299DEF09}.Debug.Linux|x64.Build.0 = Debug|x64
		{374BF1E5-0B2D-4D4A-BD5E-4212299DEF09}.Debug.Mac|x64.ActiveCfg = Debug|x64
		{374BF1E5-0B2D-4D4A-BD5E-4212299DEF09}.Debug.Mac|x64.Build.0 = Debug|x64
		{374BF1E5-0B2D-4D4A-BD5E-4212299DEF09}.Debug.Windows|x64.ActiveCfg = Debug|x64
		{374BF1E5-0B2D-4D4A-BD5E-4212299DEF09}.Debug.Windows|x64.Build.0 = Debug|x64
		{374BF1E5-0B2D-4D4A-BD5E-4212299DEF09}.Release.Linux|x64.ActiveCfg = Release|x64
		{374BF1E5-0B2D-4D4A-BD5E-4212299DEF09}.Release.Linux|x64.Build.0 = Release|x64
		{374BF1E5-0B2D-4D4A-BD5E-4212299DEF09}.Release.Mac|x64.ActiveCfg = Release|x64
		{374BF1E5-0B2D-4D4A-BD5E-4212299DEF09}.Release.Mac|x64.Build.0 = Release|x64
		{374BF1E5-0B2D-4D4A-BD5E-4212299DEF09}.Release.Windows|x64.ActiveCfg = Release|x64
		{374BF1E5-0B2D-4D4A-BD5E-4212299DEF09}.Release.Windows|x64.Build.0 = Release|x64
		{07F2A520-2AB7-46DD-97C0-75D8E988D55B}.Debug.Linux|x64.ActiveCfg = Debug|x64
		{07F2A520-2AB7-46DD-97C0-75D8E988D55B}.Debug.Linux|x64.Build.0 = Debug|x64
		{07F2A520-2AB7-46DD-97C0-75D8E988D55B}.Debug.Mac|x64.ActiveCfg = Debug|x64
		{07F2A520-2AB7-46DD-97C0-75D8E988D55B}.Debug.Mac|x64.Build.0 = Debug|x64
		{07F2A520-2AB7-46DD-97C0-75D8E988D55B}.Debug.Windows|x64.ActiveCfg = Debug|x64
		{07F2A520-2AB7-46DD-97C0-75D8E988D55B}.Debug.Windows|x64.Build.0 = Debug|x64
		{07F2A520-2AB7-46DD-97C0-75D8E988D55B}.Release.Linux|x64.ActiveCfg = Release|x64
		{07F2A520-2AB7-46DD-97C0-75D8E988D55B}.Release.Linux|x64.Build.0 = Release|x64
		{07F2A520-2AB7-46DD-97C0-75D8E988D55B}.Release.Mac|x64.ActiveCfg = Release|x64
		{07F2A520-2AB7-46DD-97C0-75D8E988D55B}.Release.Mac|x64.Build.0 = Release|x64
		{07F2A520-2AB7-46DD-97C0-75D8E988D55B}.Release.Windows|x64.ActiveCfg = Release|x64
		{07F2A520-2AB7-46DD-97C0-75D8E988D55B}.Release.Windows|x64.Build.0 = Release|x64
		{72701BC3-5DA9-4C7A-BF10-9E98C9FC8EAC}.Debug.Linux|x64.ActiveCfg = Debug|x64
		{72701BC3-5DA9-4C7A-BF10-9E98C9FC8EAC}.Debug.Linux|x64.Build.0 = Debug|x64
		{72701BC3-5DA9-4C7A-BF10-9E98C9FC8EAC}.Debug.Mac|x64.ActiveCfg = Debug|x64
		{72701BC3-5DA9-4C7A-BF10-9E98C9FC8EAC}.Debug.Mac|x64.Build.0 = Debug|x64
		{72701BC3-5DA9-4C7A-BF10-9E98C9FC8EAC}.Debug.Windows|x64.ActiveCfg = Debug|x64
		{72701BC3-5DA9-4C7A-BF10-9E98C9FC8EAC}.Debug.Windows|x64.Build.0 = Debug|x64
		{72701BC3-5DA9-4C7A-BF10-9E98C9FC8EAC}.Release.Linux|x64.ActiveCfg = Release|x64
		{72701BC3-5DA9-4C7A-BF10-9E98C9FC8EAC}.Release.Linux|x64.Build.0 = Release|x64
		{72701BC3-5DA9-4C7A-BF10-9E98C9FC8EAC}.Release.Mac|x64.ActiveCfg = Release|x64
		{72701BC3-5DA9-4C7A-BF10-9E98C9FC8EAC}.Release.Mac|x64.Build.0 = Release|x64
		{72701BC3-5DA9-4C7A-BF10-9E98C9FC8EAC}.Release.Windows|x64.ActiveCfg = Release|x64
		{72701BC3-5DA9-4C7A-BF10-9E98C9FC8EAC}.Release.Windows|x64.Build.0 = Release|x64
		{8E0D0989-21F6-4DD8-946C-39F992523CC6}.Debug.Linux|x64.ActiveCfg = Debug|x64
		{8E0D0989-21F6-4DD8-946C-39F992523CC6}.Debug.Mac|x64.ActiveCfg = Debug|x64
		{8E0D0989-21F6-4DD8-946C-39F992523CC6}.Debug.Windows|x64.ActiveCfg = Debug|x64
		{8E0D0989-21F6-4DD8-946C-39F992523CC6}.Debug.Windows|x64.Build.0 = Debug|x64
		{8E0D0989-21F6-4DD8-946C-39F992523CC6}.Release.Linux|x64.ActiveCfg = Release|x64
		{8E0D0989-21F6-4DD8-946C-39F992523CC6}.Release.Mac|x64.ActiveCfg = Release|x64
		{8E0D0989-21F6-4DD8-946C-39F992523CC6}.Release.Windows|x64.ActiveCfg = Release|x64
		{8E0D0989-21F6-4DD8-946C-39F992523CC6}.Release.Windows|x64.Build.0 = Release|x64
		{3771C555-B5C1-45E2-B8B7-2CEF1619CDC5}.Debug.Linux|x64.ActiveCfg = Debug|x64
		{3771C555-B5C1-45E2-B8B7-2CEF1619CDC5}.Debug.Mac|x64.ActiveCfg = Debug|x64
		{3771C555-B5C1-45E2-B8B7-2CEF1619CDC5}.Debug.Windows|x64.ActiveCfg = Debug|x64
		{3771C555-B5C1-45E2-B8B7-2CEF1619CDC5}.Debug.Windows|x64.Build.0 = Debug|x64
		{3771C555-B5C1-45E2-B8B7-2CEF1619CDC5}.Release.Linux|x64.ActiveCfg = Release|x64
		{3771C555-B5C1-45E2-B8B7-2CEF1619CDC5}.Release.Mac|x64.ActiveCfg = Release|x64
		{3771C555-B5C1-45E2-B8B7-2CEF1619CDC5}.Release.Windows|x64.ActiveCfg = Release|x64
		{3771C555-B5C1-45E2-B8B7-2CEF1619CDC5}.Release.Windows|x64.Build.0 = Release|x64
		{BDA91EE5-C684-4FC5-A90A-B7D677421917}.Debug.Linux|x64.ActiveCfg = Debug|x64
		{BDA91EE5-C684-4FC5-A90A-B7D677421917}.Debug.Mac|x64.ActiveCfg = Debug|x64
		{BDA91EE5-C684-4FC5-A90A-B7D677421917}.Debug.Windows|x64.ActiveCfg = Debug|x64
		{BDA91EE5-C684-4FC5-A90A-B7D677421917}.Debug.Windows|x64.Build.0 = Debug|x64
		{BDA91EE5-C684-4FC5-A90A-B7D677421917}.Release.Linux|x64.ActiveCfg = Release|x64
		{BDA91EE5-C684-4FC5-A90A-B7D677421917}.Release.Mac|x64.ActiveCfg = Release|x64
		{BDA91EE5-C684-4FC5-A90A-B7D677421917}.Release.Windows|x64.ActiveCfg = Release|x64
		{BDA91EE5-C684-4FC5-A90A-B7D677421917}.Release.Windows|x64.Build.0 = Release|x64
		{B8C1DFBA-CAFD-4F7E-A1A3-E11907B5467B}.Debug.Linux|x64.ActiveCfg = Debug|x64
		{B8C1DFBA-CAFD-4F7E-A1A3-E11907B5467B}.Debug.Mac|x64.ActiveCfg = Debug|x64
		{B8C1DFBA-CAFD-4F7E-A1A3-E11907B5467B}.Debug.Windows|x64.ActiveCfg = Debug|x64
		{B8C1DFBA-CAFD-4F7E-A1A3-E11907B5467B}.Debug.Windows|x64.Build.0 = Debug|x64
		{B8C1DFBA-CAFD-4F7E-A1A3-E11907B5467B}.Release.Linux|x64.ActiveCfg = Release|x64
		{B8C1DFBA-CAFD-4F7E-A1A3-E11907B5467B}.Release.Mac|x64.ActiveCfg = Release|x64
		{B8C1DFBA-CAFD-4F7E-A1A3-E11907B5467B}.Release.Windows|x64.ActiveCfg = Release|x64
		{B8C1DFBA-CAFD-4F7E-A1A3-E11907B5467B}.Release.Windows|x64.Build.0 = Release|x64
		{03769A07-F216-456B-886B-E07CAF6C5E81}.Debug.Linux|x64.ActiveCfg = Debug|x64
		{03769A07-F216-456B-886B-E07CAF6C5E81}.Debug.Linux|x64.Build.0 = Debug|x64
		{03769A07-F216-456B-886B-E07CAF6C5E81}.Debug.Mac|x64.ActiveCfg = Debug|x64
		{03769A07-F216-456B-886B-E07CAF6C5E81}.Debug.Mac|x64.Build.0 = Debug|x64
		{03769A07-F216-456B-886B-E07CAF6C5E81}.Debug.Windows|x64.ActiveCfg = Debug|x64
		{03769A07-F216-456B-886B-E07CAF6C5E81}.Debug.Windows|x64.Build.0 = Debug|x64
		{03769A07-F216-456B-886B-E07CAF6C5E81}.Release.Linux|x64.ActiveCfg = Release|x64
		{03769A07-F216-456B-886B-E07CAF6C5E81}.Release.Linux|x64.Build.0 = Release|x64
		{03769A07-F216-456B-886B-E07CAF6C5E81}.Release.Mac|x64.ActiveCfg = Release|x64
		{03769A07-F216-456B-886B-E07CAF6C5E81}.Release.Mac|x64.Build.0 = Release|x64
		{03769A07-F216-456B-886B-E07CAF6C5E81}.Release.Windows|x64.ActiveCfg = Release|x64
		{03769A07-F216-456B-886B-E07CAF6C5E81}.Release.Windows|x64.Build.0 = Release|x64
		{5A6656D5-81C7-472C-9DC8-32D071CB2258}.Debug.Linux|x64.ActiveCfg = Debug|x64
		{5A6656D5-81C7-472C-9DC8-32D071CB2258}.Debug.Mac|x64.ActiveCfg = Debug|x64
		{5A6656D5-81C7-472C-9DC8-32D071CB2258}.Debug.Windows|x64.ActiveCfg = Debug|x64
		{5A6656D5-81C7-472C-9DC8-32D071CB2258}.Debug.Windows|x64.Build.0 = Debug|x64
		{5A6656D5-81C7-472C-9DC8-32D071CB2258}.Release.Linux|x64.ActiveCfg = Release|x64
		{5A6656D5-81C7-472C-9DC8-32D071CB2258}.Release.Mac|x64.ActiveCfg = Release|x64
		{5A6656D5-81C7-472C-9DC8-32D071CB2258}.Release.Windows|x64.ActiveCfg = Release|x64
		{5A6656D5-81C7-472C-9DC8-32D071CB2258}.Release.Windows|x64.Build.0 = Release|x64
		{C5D3CA26-562F-4CA4-A378-B93E97A730E3}.Debug.Linux|x64.ActiveCfg = Debug|x64
		{C5D3CA26-562F-4CA4-A378-B93E97A730E3}.Debug.Mac|x64.ActiveCfg = Debug|x64
		{C5D3CA26-562F-4CA4-A378-B93E97A730E3}.Debug.Windows|x64.ActiveCfg = Debug|x64
		{C5D3CA26-562F-4CA4-A378-B93E97A730E3}.Debug.Windows|x64.Build.0 = Debug|x64
		{C5D3CA26-562F-4CA4-A378-B93E97A730E3}.Release.Linux|x64.ActiveCfg = Release|x64
		{C5D3CA26-562F-4CA4-A378-B93E97A730E3}.Release.Mac|x64.ActiveCfg = Release|x64
		{C5D3CA26-562F-4CA4-A378-B93E97A730E3}.Release.Windows|x64.ActiveCfg = Release|x64
		{C5D3CA26-562F-4CA4-A378-B93E97A730E3}.Release.Windows|x64.Build.0 = Release|x64
		{93B403FD-DAFB-46C5-9636-B122792A548A}.Debug.Linux|x64.ActiveCfg = Debug|x64
		{93B403FD-DAFB-46C5-9636-B122792A548A}.Debug.Mac|x64.ActiveCfg = Debug|x64
		{93B403FD-DAFB-46C5-9636-B122792A548A}.Debug.Windows|x64.ActiveCfg = Debug|x64
		{93B403FD-DAFB-46C5-9636-B122792A548A}.Debug.Windows|x64.Build.0 = Debug|x64
		{93B403FD-DAFB-46C5-9636-B122792A548A}.Release.Linux|x64.ActiveCfg = Release|x64
		{93B403FD-DAFB-46C5-9636-B122792A548A}.Release.Mac|x64.ActiveCfg = Release|x64
		{93B403FD-DAFB-46C5-9636-B122792A548A}.Release.Windows|x64.ActiveCfg = Release|x64
		{93B403FD-DAFB-46C5-9636-B122792A548A}.Release.Windows|x64.Build.0 = Release|x64
		{A4984251-840E-4622-AD0C-66DFCE2B2574}.Debug.Linux|x64.ActiveCfg = Debug|x64
		{A4984251-840E-4622-AD0C-66DFCE2B2574}.Debug.Mac|x64.ActiveCfg = Debug|x64
		{A4984251-840E-4622-AD0C-66DFCE2B2574}.Debug.Windows|x64.ActiveCfg = Debug|x64
		{A4984251-840E-4622-AD0C-66DFCE2B2574}.Debug.Windows|x64.Build.0 = Debug|x64
		{A4984251-840E-4622-AD0C-66DFCE2B2574}.Release.Linux|x64.ActiveCfg = Release|x64
		{A4984251-840E-4622-AD0C-66DFCE2B2574}.Release.Mac|x64.ActiveCfg = Release|x64
		{A4984251-840E-4622-AD0C-66DFCE2B2574}.Release.Windows|x64.ActiveCfg = Release|x64
		{A4984251-840E-4622-AD0C-66DFCE2B2574}.Release.Windows|x64.Build.0 = Release|x64
		{798DE293-6EDA-4DC4-9395-BE7A71C563E3}.Debug.Linux|x64.ActiveCfg = Debug|x64
		{798DE293-6EDA-4DC4-9395-BE7A71C563E3}.Debug.Mac|x64.ActiveCfg = Debug|x64
		{798DE293-6EDA-4DC4-9395-BE7A71C563E3}.Debug.Windows|x64.ActiveCfg = Debug|x64
		{798DE293-6EDA-4DC4-9395-BE7A71C563E3}.Debug.Windows|x64.Build.0 = Debug|x64
		{798DE293-6EDA-4DC4-9395-BE7A71C563E3}.Release.Linux|x64.ActiveCfg = Release|x64
		{798DE293-6EDA-4DC4-9395-BE7A71C563E3}.Release.Mac|x64.ActiveCfg = Release|x64
		{798DE293-6EDA-4DC4-9395-BE7A71C563E3}.Release.Windows|x64.ActiveCfg = Release|x64
		{798DE293-6EDA-4DC4-9395-BE7A71C563E3}.Release.Windows|x64.Build.0 = Release|x64
		{3AB4FB1F-9E23-4CD8-BFAC-8A2221C8F893}.Debug.Linux|x64.ActiveCfg = Debug|x64
		{3AB4FB1F-9E23-4CD8-BFAC-8A2221C8F893}.Debug.Mac|x64.ActiveCfg = Debug|x64
		{3AB4FB1F-9E23-4CD8-BFAC-8A2221C8F893}.Debug.Windows|x64.ActiveCfg = Debug|x64
		{3AB4FB1F-9E23-4CD8-BFAC-8A2221C8F893}.Debug.Windows|x64.Build.0 = Debug|x64
		{3AB4FB1F-9E23-4CD8-BFAC-8A2221C8F893}.Release.Linux|x64.ActiveCfg = Release|x64
		{3AB4FB1F-9E23-4CD8-BFAC-8A2221C8F893}.Release.Mac|x64.ActiveCfg = Release|x64
		{3AB4FB1F-9E23-4CD8-BFAC-8A2221C8F893}.Release.Windows|x64.ActiveCfg = Release|x64
		{3AB4FB1F-9E23-4CD8-BFAC-8A2221C8F893}.Release.Windows|x64.Build.0 = Release|x64
		{25229A04-6554-49B1-A95A-3F3B76C5B0C8}.Debug.Linux|x64.ActiveCfg = Debug|x64
		{25229A04-6554-49B1-A95A-3F3B76C5B0C8}.Debug.Mac|x64.ActiveCfg = Debug|x64
		{25229A04-6554-49B1-A95A-3F3B76C5B0C8}.Debug.Mac|x64.Build.0 = Debug|x64
		{25229A04-6554-49B1-A95A-3F3B76C5B0C8}.Debug.Windows|x64.ActiveCfg = Debug|x64
		{25229A04-6554-49B1-A95A-3F3B76C5B0C8}.Release.Linux|x64.ActiveCfg = Release|x64
		{25229A04-6554-49B1-A95A-3F3B76C5B0C8}.Release.Mac|x64.ActiveCfg = Release|x64
		{25229A04-6554-49B1-A95A-3F3B76C5B0C8}.Release.Mac|x64.Build.0 = Release|x64
		{25229A04-6554-49B1-A95A-3F3B76C5B0C8}.Release.Windows|x64.ActiveCfg = Release|x64
		{2F63B22B-EE26-4266-BF17-28A9146483A1}.Debug.Linux|x64.ActiveCfg = Debug|x64
		{2F63B22B-EE26-4266-BF17-28A9146483A1}.Debug.Mac|x64.ActiveCfg = Debug|x64
		{2F63B22B-EE26-4266-BF17-28A9146483A1}.Debug.Windows|x64.ActiveCfg = Debug|x64
		{2F63B22B-EE26-4266-BF17-28A9146483A1}.Debug.Windows|x64.Build.0 = Debug|x64
		{2F63B22B-EE26-4266-BF17-28A9146483A1}.Release.Linux|x64.ActiveCfg = Release|x64
		{2F63B22B-EE26-4266-BF17-28A9146483A1}.Release.Mac|x64.ActiveCfg = Release|x64
		{2F63B22B-EE26-4266-BF17-28A9146483A1}.Release.Windows|x64.ActiveCfg = Release|x64
		{2F63B22B-EE26-4266-BF17-28A9146483A1}.Release.Windows|x64.Build.0 = Release|x64
		{2D23AB54-541F-4ABC-8DCA-08C199E97ABB}.Debug.Linux|x64.ActiveCfg = Debug|x64
		{2D23AB54-541F-4ABC-8DCA-08C199E97ABB}.Debug.Mac|x64.ActiveCfg = Debug|x64
		{2D23AB54-541F-4ABC-8DCA-08C199E97ABB}.Debug.Windows|x64.ActiveCfg = Debug|x64
		{2D23AB54-541F-4ABC-8DCA-08C199E97ABB}.Debug.Windows|x64.Build.0 = Debug|x64
		{2D23AB54-541F-4ABC-8DCA-08C199E97ABB}.Release.Linux|x64.ActiveCfg = Release|x64
		{2D23AB54-541F-4ABC-8DCA-08C199E97ABB}.Release.Mac|x64.ActiveCfg = Release|x64
		{2D23AB54-541F-4ABC-8DCA-08C199E97ABB}.Release.Windows|x64.ActiveCfg = Release|x64
		{2D23AB54-541F-4ABC-8DCA-08C199E97ABB}.Release.Windows|x64.Build.0 = Release|x64
		{F468B05A-95E5-46BC-8C67-B80A78527B7D}.Debug.Linux|x64.ActiveCfg = Debug|x64
		{F468B05A-95E5-46BC-8C67-B80A78527B7D}.Debug.Linux|x64.Build.0 = Debug|x64
		{F468B05A-95E5-46BC-8C67-B80A78527B7D}.Debug.Mac|x64.ActiveCfg = Debug|x64
		{F468B05A-95E5-46BC-8C67-B80A78527B7D}.Debug.Mac|x64.Build.0 = Debug|x64
		{F468B05A-95E5-46BC-8C67-B80A78527B7D}.Debug.Windows|x64.ActiveCfg = Debug|x64
		{F468B05A-95E5-46BC-8C67-B80A78527B7D}.Debug.Windows|x64.Build.0 = Debug|x64
		{F468B05A-95E5-46BC-8C67-B80A78527B7D}.Release.Linux|x64.ActiveCfg = Release|x64
		{F468B05A-95E5-46BC-8C67-B80A78527B7D}.Release.Linux|x64.Build.0 = Release|x64
		{F468B05A-95E5-46BC-8C67-B80A78527B7D}.Release.Mac|x64.ActiveCfg = Release|x64
		{F468B05A-95E5-46BC-8C67-B80A78527B7D}.Release.Mac|x64.Build.0 = Release|x64
		{F468B05A-95E5-46BC-8C67-B80A78527B7D}.Release.Windows|x64.ActiveCfg = Release|x64
		{F468B05A-95E5-46BC-8C67-B80A78527B7D}.Release.Windows|x64.Build.0 = Release|x64
		{63E57526-9825-44C8-9ACB-DC3296ADEE97}.Debug.Linux|x64.ActiveCfg = Debug|x64
		{63E57526-9825-44C8-9ACB-DC3296ADEE97}.Debug.Linux|x64.Build.0 = Debug|x64
		{63E57526-9825-44C8-9ACB-DC3296ADEE97}.Debug.Mac|x64.ActiveCfg = Debug|x64
		{63E57526-9825-44C8-9ACB-DC3296ADEE97}.Debug.Mac|x64.Build.0 = Debug|x64
		{63E57526-9825-44C8-9ACB-DC3296ADEE97}.Debug.Windows|x64.ActiveCfg = Debug|x64
		{63E57526-9825-44C8-9ACB-DC3296ADEE97}.Debug.Windows|x64.Build.0 = Debug|x64
		{63E57526-9825-44C8-9ACB-DC3296ADEE97}.Release.Linux|x64.ActiveCfg = Release|x64
		{63E57526-9825-44C8-9ACB-DC3296ADEE97}.Release.Linux|x64.Build.0 = Release|x64
		{63E57526-9825-44C8-9ACB-DC3296ADEE97}.Release.Mac|x64.ActiveCfg = Release|x64
		{63E57526-9825-44C8-9ACB-DC3296ADEE97}.Release.Mac|x64.Build.0 = Release|x64
		{63E57526-9825-44C8-9ACB-DC3296ADEE97}.Release.Windows|x64.ActiveCfg = Release|x64
		{63E57526-9825-44C8-9ACB-DC3296ADEE97}.Release.Windows|x64.Build.0 = Release|x64
		{B4593252-9FB4-431D-A4E1-634D09DE09DE}.Debug.Linux|x64.ActiveCfg = Debug|x64
		{B4593252-9FB4-431D-A4E1-634D09DE09DE}.Debug.Linux|x64.Build.0 = Debug|x64
		{B4593252-9FB4-431D-A4E1-634D09DE09DE}.Debug.Mac|x64.ActiveCfg = Debug|x64
		{B4593252-9FB4-431D-A4E1-634D09DE09DE}.Debug.Mac|x64.Build.0 = Debug|x64
		{B4593252-9FB4-431D-A4E1-634D09DE09DE}.Debug.Windows|x64.ActiveCfg = Debug|x64
		{B4593252-9FB4-431D-A4E1-634D09DE09DE}.Debug.Windows|x64.Build.0 = Debug|x64
		{B4593252-9FB4-431D-A4E1-634D09DE09DE}.Release.Linux|x64.ActiveCfg = Release|x64
		{B4593252-9FB4-431D-A4E1-634D09DE09DE}.Release.Linux|x64.Build.0 = Release|x64
		{B4593252-9FB4-431D-A4E1-634D09DE09DE}.Release.Mac|x64.ActiveCfg = Release|x64
		{B4593252-9FB4-431D-A4E1-634D09DE09DE}.Release.Mac|x64.Build.0 = Release|x64
		{B4593252-9FB4-431D-A4E1-634D09DE09DE}.Release.Windows|x64.ActiveCfg = Release|x64
		{B4593252-9FB4-431D-A4E1-634D09DE09DE}.Release.Windows|x64.Build.0 = Release|x64
		{FAC6EFC5-A890-4CB2-8C80-6358E358C637}.Debug.Linux|x64.ActiveCfg = Debug|x64
		{FAC6EFC5-A890-4CB2-8C80-6358E358C637}.Debug.Linux|x64.Build.0 = Debug|x64
		{FAC6EFC5-A890-4CB2-8C80-6358E358C637}.Debug.Mac|x64.ActiveCfg = Debug|x64
		{FAC6EFC5-A890-4CB2-8C80-6358E358C637}.Debug.Mac|x64.Build.0 = Debug|x64
		{FAC6EFC5-A890-4CB2-8C80-6358E358C637}.Debug.Windows|x64.ActiveCfg = Debug|x64
		{FAC6EFC5-A890-4CB2-8C80-6358E358C637}.Debug.Windows|x64.Build.0 = Debug|x64
		{FAC6EFC5-A890-4CB2-8C80-6358E358C637}.Release.Linux|x64.ActiveCfg = Release|x64
		{FAC6EFC5-A890-4CB2-8C80-6358E358C637}.Release.Linux|x64.Build.0 = Release|x64
		{FAC6EFC5-A890-4CB2-8C80-6358E358C637}.Release.Mac|x64.ActiveCfg = Release|x64
		{FAC6EFC5-A890-4CB2-8C80-6358E358C637}.Release.Mac|x64.Build.0 = Release|x64
		{FAC6EFC5-A890-4CB2-8C80-6358E358C637}.Release.Windows|x64.ActiveCfg = Release|x64
		{FAC6EFC5-A890-4CB2-8C80-6358E358C637}.Release.Windows|x64.Build.0 = Release|x64
		{1DAC3DA6-3D21-4917-B9A8-D60C8712252A}.Debug.Linux|x64.ActiveCfg = Debug|x64
		{1DAC3DA6-3D21-4917-B9A8-D60C8712252A}.Debug.Linux|x64.Build.0 = Debug|x64
		{1DAC3DA6-3D21-4917-B9A8-D60C8712252A}.Debug.Mac|x64.ActiveCfg = Debug|x64
		{1DAC3DA6-3D21-4917-B9A8-D60C8712252A}.Debug.Mac|x64.Build.0 = Debug|x64
		{1DAC3DA6-3D21-4917-B9A8-D60C8712252A}.Debug.Windows|x64.ActiveCfg = Debug|x64
		{1DAC3DA6-3D21-4917-B9A8-D60C8712252A}.Debug.Windows|x64.Build.0 = Debug|x64
		{1DAC3DA6-3D21-4917-B9A8-D60C8712252A}.Release.Linux|x64.ActiveCfg = Release|x64
		{1DAC3DA6-3D21-4917-B9A8-D60C8712252A}.Release.Linux|x64.Build.0 = Release|x64
		{1DAC3DA6-3D21-4917-B9A8-D60C8712252A}.Release.Mac|x64.ActiveCfg = Release|x64
		{1DAC3DA6-3D21-4917-B9A8-D60C8712252A}.Release.Mac|x64.Build.0 = Release|x64
		{1DAC3DA6-3D21-4917-B9A8-D60C8712252A}.Release.Windows|x64.ActiveCfg = Release|x64
		{1DAC3DA6-3D21-4917-B9A8-D60C8712252A}.Release.Windows|x64.Build.0 = Release|x64
		{15FAE44C-0D21-4312-9FD3-28F05A5AB7A6}.Debug.Linux|x64.ActiveCfg = Debug|x64
		{15FAE44C-0D21-4312-9FD3-28F05A5AB7A6}.Debug.Linux|x64.Build.0 = Debug|x64
		{15FAE44C-0D21-4312-9FD3-28F05A5AB7A6}.Debug.Mac|x64.ActiveCfg = Debug|x64
		{15FAE44C-0D21-4312-9FD3-28F05A5AB7A6}.Debug.Mac|x64.Build.0 = Debug|x64
		{15FAE44C-0D21-4312-9FD3-28F05A5AB7A6}.Debug.Windows|x64.ActiveCfg = Debug|x64
		{15FAE44C-0D21-4312-9FD3-28F05A5AB7A6}.Debug.Windows|x64.Build.0 = Debug|x64
		{15FAE44C-0D21-4312-9FD3-28F05A5AB7A6}.Release.Linux|x64.ActiveCfg = Release|x64
		{15FAE44C-0D21-4312-9FD3-28F05A5AB7A6}.Release.Linux|x64.Build.0 = Release|x64
		{15FAE44C-0D21-4312-9FD3-28F05A5AB7A6}.Release.Mac|x64.ActiveCfg = Release|x64
		{15FAE44C-0D21-4312-9FD3-28F05A5AB7A6}.Release.Mac|x64.Build.0 = Release|x64
		{15FAE44C-0D21-4312-9FD3-28F05A5AB7A6}.Release.Windows|x64.ActiveCfg = Release|x64
		{15FAE44C-0D21-4312-9FD3-28F05A5AB7A6}.Release.Windows|x64.Build.0 = Release|x64
		{0D434FA7-6D8C-481E-B0CE-779B59EAEF53}.Debug.Linux|x64.ActiveCfg = Debug|x64
		{0D434FA7-6D8C-481E-B0CE-779B59EAEF53}.Debug.Linux|x64.Build.0 = Debug|x64
		{0D434FA7-6D8C-481E-B0CE-779B59EAEF53}.Debug.Mac|x64.ActiveCfg = Debug|x64
		{0D434FA7-6D8C-481E-B0CE-779B59EAEF53}.Debug.Mac|x64.Build.0 = Debug|x64
		{0D434FA7-6D8C-481E-B0CE-779B59EAEF53}.Debug.Windows|x64.ActiveCfg = Debug|x64
		{0D434FA7-6D8C-481E-B0CE-779B59EAEF53}.Debug.Windows|x64.Build.0 = Debug|x64
		{0D434FA7-6D8C-481E-B0CE-779B59EAEF53}.Release.Linux|x64.ActiveCfg = Release|x64
		{0D434FA7-6D8C-481E-B0CE-779B59EAEF53}.Release.Linux|x64.Build.0 = Release|x64
		{0D434FA7-6D8C-481E-B0CE-779B59EAEF53}.Release.Mac|x64.ActiveCfg = Release|x64
		{0D434FA7-6D8C-481E-B0CE-779B59EAEF53}.Release.Mac|x64.Build.0 = Release|x64
		{0D434FA7-6D8C-481E-B0CE-779B59EAEF53}.Release.Windows|x64.ActiveCfg = Release|x64
		{0D434FA7-6D8C-481E-B0CE-779B59EAEF53}.Release.Windows|x64.Build.0 = Release|x64
		{4CE404E7-D3FC-471C-993C-64615861EA63}.Debug.Linux|x64.ActiveCfg = Debug|x64
		{4CE404E7-D3FC-471C-993C-64615861EA63}.Debug.Mac|x64.ActiveCfg = Debug|x64
		{4CE404E7-D3FC-471C-993C-64615861EA63}.Debug.Windows|x64.ActiveCfg = Debug|x64
		{4CE404E7-D3FC-471C-993C-64615861EA63}.Debug.Windows|x64.Build.0 = Debug|x64
		{4CE404E7-D3FC-471C-993C-64615861EA63}.Release.Linux|x64.ActiveCfg = Release|x64
		{4CE404E7-D3FC-471C-993C-64615861EA63}.Release.Mac|x64.ActiveCfg = Release|x64
		{4CE404E7-D3FC-471C-993C-64615861EA63}.Release.Windows|x64.ActiveCfg = Release|x64
		{4CE404E7-D3FC-471C-993C-64615861EA63}.Release.Windows|x64.Build.0 = Release|x64
		{A1A1A31A-A76E-4F12-92A7-91755320C9A4}.Debug.Linux|x64.ActiveCfg = Debug|x64
		{A1A1A31A-A76E-4F12-92A7-91755320C9A4}.Debug.Linux|x64.Build.0 = Debug|x64
		{A1A1A31A-A76E-4F12-92A7-91755320C9A4}.Debug.Mac|x64.ActiveCfg = Debug|x64
		{A1A1A31A-A76E-4F12-92A7-91755320C9A4}.Debug.Windows|x64.ActiveCfg = Debug|x64
		{A1A1A31A-A76E-4F12-92A7-91755320C9A4}.Debug.Windows|x64.Build.0 = Debug|x64
		{A1A1A31A-A76E-4F12-92A7-91755320C9A4}.Release.Linux|x64.ActiveCfg = Release|x64
		{A1A1A31A-A76E-4F12-92A7-91755320C9A4}.Release.Linux|x64.Build.0 = Release|x64
		{A1A1A31A-A76E-4F12-92A7-91755320C9A4}.Release.Mac|x64.ActiveCfg = Release|x64
		{A1A1A31A-A76E-4F12-92A7-91755320C9A4}.Release.Windows|x64.ActiveCfg = Release|x64
		{A1A1A31A-A76E-4F12-92A7-91755320C9A4}.Release.Windows|x64.Build.0 = Release|x64
		{28939122-7263-41E7-A7E2-CBFB01AD6A04}.Debug.Linux|x64.ActiveCfg = Debug|x64
		{28939122-7263-41E7-A7E2-CBFB01AD6A04}.Debug.Mac|x64.ActiveCfg = Debug|x64
		{28939122-7263-41E7-A7E2-CBFB01AD6A04}.Debug.Mac|x64.Build.0 = Debug|x64
		{28939122-7263-41E7-A7E2-CBFB01AD6A04}.Debug.Windows|x64.ActiveCfg = Debug|x64
		{28939122-7263-41E7-A7E2-CBFB01AD6A04}.Debug.Windows|x64.Build.0 = Debug|x64
		{28939122-7263-41E7-A7E2-CBFB01AD6A04}.Release.Linux|x64.ActiveCfg = Release|x64
		{28939122-7263-41E7-A7E2-CBFB01AD6A04}.Release.Mac|x64.ActiveCfg = Release|x64
		{28939122-7263-41E7-A7E2-CBFB01AD6A04}.Release.Mac|x64.Build.0 = Release|x64
		{28939122-7263-41E7-A7E2-CBFB01AD6A04}.Release.Windows|x64.ActiveCfg = Release|x64
		{28939122-7263-41E7-A7E2-CBFB01AD6A04}.Release.Windows|x64.Build.0 = Release|x64
		{32220664-594C-4425-B9A0-88E0BE2F3D2A}.Debug.Linux|x64.ActiveCfg = Debug|x64
		{32220664-594C-4425-B9A0-88E0BE2F3D2A}.Debug.Mac|x64.ActiveCfg = Debug|x64
		{32220664-594C-4425-B9A0-88E0BE2F3D2A}.Debug.Windows|x64.ActiveCfg = Debug|x64
		{32220664-594C-4425-B9A0-88E0BE2F3D2A}.Debug.Windows|x64.Build.0 = Debug|x64
		{32220664-594C-4425-B9A0-88E0BE2F3D2A}.Release.Linux|x64.ActiveCfg = Release|x64
		{32220664-594C-4425-B9A0-88E0BE2F3D2A}.Release.Mac|x64.ActiveCfg = Release|x64
		{32220664-594C-4425-B9A0-88E0BE2F3D2A}.Release.Windows|x64.ActiveCfg = Release|x64
		{32220664-594C-4425-B9A0-88E0BE2F3D2A}.Release.Windows|x64.Build.0 = Release|x64
		{17498502-AEFF-4E70-90CC-1D0B56A8ADF5}.Debug.Linux|x64.ActiveCfg = Debug|x64
		{17498502-AEFF-4E70-90CC-1D0B56A8ADF5}.Debug.Mac|x64.ActiveCfg = Debug|x64
		{17498502-AEFF-4E70-90CC-1D0B56A8ADF5}.Debug.Windows|x64.ActiveCfg = Debug|x64
		{17498502-AEFF-4E70-90CC-1D0B56A8ADF5}.Debug.Windows|x64.Build.0 = Debug|x64
		{17498502-AEFF-4E70-90CC-1D0B56A8ADF5}.Release.Linux|x64.ActiveCfg = Release|x64
		{17498502-AEFF-4E70-90CC-1D0B56A8ADF5}.Release.Mac|x64.ActiveCfg = Release|x64
		{17498502-AEFF-4E70-90CC-1D0B56A8ADF5}.Release.Windows|x64.ActiveCfg = Release|x64
		{17498502-AEFF-4E70-90CC-1D0B56A8ADF5}.Release.Windows|x64.Build.0 = Release|x64
		{B9F62A3B-72F5-4703-A5FE-3879FF930410}.Debug.Linux|x64.ActiveCfg = Debug|x64
		{B9F62A3B-72F5-4703-A5FE-3879FF930410}.Debug.Linux|x64.Build.0 = Debug|x64
		{B9F62A3B-72F5-4703-A5FE-3879FF930410}.Debug.Mac|x64.ActiveCfg = Debug|x64
		{B9F62A3B-72F5-4703-A5FE-3879FF930410}.Debug.Windows|x64.ActiveCfg = Debug|x64
		{B9F62A3B-72F5-4703-A5FE-3879FF930410}.Debug.Windows|x64.Build.0 = Debug|x64
		{B9F62A3B-72F5-4703-A5FE-3879FF930410}.Release.Linux|x64.ActiveCfg = Release|x64
		{B9F62A3B-72F5-4703-A5FE-3879FF930410}.Release.Linux|x64.Build.0 = Release|x64
		{B9F62A3B-72F5-4703-A5FE-3879FF930410}.Release.Mac|x64.ActiveCfg = Release|x64
		{B9F62A3B-72F5-4703-A5FE-3879FF930410}.Release.Windows|x64.ActiveCfg = Release|x64
		{B9F62A3B-72F5-4703-A5FE-3879FF930410}.Release.Windows|x64.Build.0 = Release|x64
		{35CA4DFB-1320-4055-B8F6-F12E0F252FF0}.Debug.Linux|x64.ActiveCfg = Debug|x64
		{35CA4DFB-1320-4055-B8F6-F12E0F252FF0}.Debug.Mac|x64.ActiveCfg = Debug|x64
		{35CA4DFB-1320-4055-B8F6-F12E0F252FF0}.Debug.Mac|x64.Build.0 = Debug|x64
		{35CA4DFB-1320-4055-B8F6-F12E0F252FF0}.Debug.Windows|x64.ActiveCfg = Debug|x64
		{35CA4DFB-1320-4055-B8F6-F12E0F252FF0}.Debug.Windows|x64.Build.0 = Debug|x64
		{35CA4DFB-1320-4055-B8F6-F12E0F252FF0}.Release.Linux|x64.ActiveCfg = Release|x64
		{35CA4DFB-1320-4055-B8F6-F12E0F252FF0}.Release.Mac|x64.ActiveCfg = Release|x64
		{35CA4DFB-1320-4055-B8F6-F12E0F252FF0}.Release.Mac|x64.Build.0 = Release|x64
		{35CA4DFB-1320-4055-B8F6-F12E0F252FF0}.Release.Windows|x64.ActiveCfg = Release|x64
		{35CA4DFB-1320-4055-B8F6-F12E0F252FF0}.Release.Windows|x64.Build.0 = Release|x64
		{0F0A008E-AB12-40EC-A671-37A541B08C7F}.Debug.Linux|x64.ActiveCfg = Debug|x64
		{0F0A008E-AB12-40EC-A671-37A541B08C7F}.Debug.Mac|x64.ActiveCfg = Debug|x64
		{0F0A008E-AB12-40EC-A671-37A541B08C7F}.Debug.Windows|x64.ActiveCfg = Debug|x64
		{0F0A008E-AB12-40EC-A671-37A541B08C7F}.Debug.Windows|x64.Build.0 = Debug|x64
		{0F0A008E-AB12-40EC-A671-37A541B08C7F}.Release.Linux|x64.ActiveCfg = Release|x64
		{0F0A008E-AB12-40EC-A671-37A541B08C7F}.Release.Mac|x64.ActiveCfg = Release|x64
		{0F0A008E-AB12-40EC-A671-37A541B08C7F}.Release.Windows|x64.ActiveCfg = Release|x64
		{0F0A008E-AB12-40EC-A671-37A541B08C7F}.Release.Windows|x64.Build.0 = Release|x64
		{BD7C5776-82F2-40C6-AF01-B3CC1E2D83AF}.Debug.Linux|x64.ActiveCfg = Debug|x64
		{BD7C5776-82F2-40C6-AF01-B3CC1E2D83AF}.Debug.Linux|x64.Build.0 = Debug|x64
		{BD7C5776-82F2-40C6-AF01-B3CC1E2D83AF}.Debug.Mac|x64.ActiveCfg = Debug|x64
		{BD7C5776-82F2-40C6-AF01-B3CC1E2D83AF}.Debug.Mac|x64.Build.0 = Debug|x64
		{BD7C5776-82F2-40C6-AF01-B3CC1E2D83AF}.Debug.Windows|x64.ActiveCfg = Debug|x64
		{BD7C5776-82F2-40C6-AF01-B3CC1E2D83AF}.Debug.Windows|x64.Build.0 = Debug|x64
		{BD7C5776-82F2-40C6-AF01-B3CC1E2D83AF}.Release.Linux|x64.ActiveCfg = Release|x64
		{BD7C5776-82F2-40C6-AF01-B3CC1E2D83AF}.Release.Linux|x64.Build.0 = Release|x64
		{BD7C5776-82F2-40C6-AF01-B3CC1E2D83AF}.Release.Mac|x64.ActiveCfg = Release|x64
		{BD7C5776-82F2-40C6-AF01-B3CC1E2D83AF}.Release.Mac|x64.Build.0 = Release|x64
		{BD7C5776-82F2-40C6-AF01-B3CC1E2D83AF}.Release.Windows|x64.ActiveCfg = Release|x64
		{BD7C5776-82F2-40C6-AF01-B3CC1E2D83AF}.Release.Windows|x64.Build.0 = Release|x64
		{FA273F69-5762-43D8-AEA1-B4F08090D624}.Debug.Linux|x64.ActiveCfg = Debug|x64
		{FA273F69-5762-43D8-AEA1-B4F08090D624}.Debug.Mac|x64.ActiveCfg = Debug|x64
		{FA273F69-5762-43D8-AEA1-B4F08090D624}.Debug.Mac|x64.Build.0 = Debug|x64
		{FA273F69-5762-43D8-AEA1-B4F08090D624}.Debug.Windows|x64.ActiveCfg = Debug|x64
		{FA273F69-5762-43D8-AEA1-B4F08090D624}.Debug.Windows|x64.Build.0 = Debug|x64
		{FA273F69-5762-43D8-AEA1-B4F08090D624}.Release.Linux|x64.ActiveCfg = Release|x64
		{FA273F69-5762-43D8-AEA1-B4F08090D624}.Release.Mac|x64.ActiveCfg = Release|x64
		{FA273F69-5762-43D8-AEA1-B4F08090D624}.Release.Mac|x64.Build.0 = Release|x64
		{FA273F69-5762-43D8-AEA1-B4F08090D624}.Release.Windows|x64.ActiveCfg = Release|x64
		{FA273F69-5762-43D8-AEA1-B4F08090D624}.Release.Windows|x64.Build.0 = Release|x64
		{E6E1BC4C-1CF6-4FFA-84A0-74E02AE4096C}.Debug.Linux|x64.ActiveCfg = Debug|x64
		{E6E1BC4C-1CF6-4FFA-84A0-74E02AE4096C}.Debug.Linux|x64.Build.0 = Debug|x64
		{E6E1BC4C-1CF6-4FFA-84A0-74E02AE4096C}.Debug.Mac|x64.ActiveCfg = Debug|x64
		{E6E1BC4C-1CF6-4FFA-84A0-74E02AE4096C}.Debug.Windows|x64.ActiveCfg = Debug|x64
		{E6E1BC4C-1CF6-4FFA-84A0-74E02AE4096C}.Debug.Windows|x64.Build.0 = Debug|x64
		{E6E1BC4C-1CF6-4FFA-84A0-74E02AE4096C}.Release.Linux|x64.ActiveCfg = Release|x64
		{E6E1BC4C-1CF6-4FFA-84A0-74E02AE4096C}.Release.Linux|x64.Build.0 = Release|x64
		{E6E1BC4C-1CF6-4FFA-84A0-74E02AE4096C}.Release.Mac|x64.ActiveCfg = Release|x64
		{E6E1BC4C-1CF6-4FFA-84A0-74E02AE4096C}.Release.Windows|x64.ActiveCfg = Release|x64
		{E6E1BC4C-1CF6-4FFA-84A0-74E02AE4096C}.Release.Windows|x64.Build.0 = Release|x64
		{4CC2A90D-D240-4382-B4BF-5E175515E492}.Debug.Linux|x64.ActiveCfg = Debug|x64
		{4CC2A90D-D240-4382-B4BF-5E175515E492}.Debug.Mac|x64.ActiveCfg = Debug|x64
		{4CC2A90D-D240-4382-B4BF-5E175515E492}.Debug.Mac|x64.Build.0 = Debug|x64
		{4CC2A90D-D240-4382-B4BF-5E175515E492}.Debug.Windows|x64.ActiveCfg = Debug|x64
		{4CC2A90D-D240-4382-B4BF-5E175515E492}.Debug.Windows|x64.Build.0 = Debug|x64
		{4CC2A90D-D240-4382-B4BF-5E175515E492}.Release.Linux|x64.ActiveCfg = Release|x64
		{4CC2A90D-D240-4382-B4BF-5E175515E492}.Release.Mac|x64.ActiveCfg = Release|x64
		{4CC2A90D-D240-4382-B4BF-5E175515E492}.Release.Mac|x64.Build.0 = Release|x64
		{4CC2A90D-D240-4382-B4BF-5E175515E492}.Release.Windows|x64.ActiveCfg = Release|x64
		{4CC2A90D-D240-4382-B4BF-5E175515E492}.Release.Windows|x64.Build.0 = Release|x64
		{AECEC217-2499-403D-B0BB-2962B9BE5970}.Debug.Linux|x64.ActiveCfg = Debug|x64
		{AECEC217-2499-403D-B0BB-2962B9BE5970}.Debug.Linux|x64.Build.0 = Debug|x64
		{AECEC217-2499-403D-B0BB-2962B9BE5970}.Debug.Mac|x64.ActiveCfg = Debug|x64
		{AECEC217-2499-403D-B0BB-2962B9BE5970}.Debug.Mac|x64.Build.0 = Debug|x64
		{AECEC217-2499-403D-B0BB-2962B9BE5970}.Debug.Windows|x64.ActiveCfg = Debug|x64
		{AECEC217-2499-403D-B0BB-2962B9BE5970}.Debug.Windows|x64.Build.0 = Debug|x64
		{AECEC217-2499-403D-B0BB-2962B9BE5970}.Release.Linux|x64.ActiveCfg = Release|x64
		{AECEC217-2499-403D-B0BB-2962B9BE5970}.Release.Linux|x64.Build.0 = Release|x64
		{AECEC217-2499-403D-B0BB-2962B9BE5970}.Release.Mac|x64.ActiveCfg = Release|x64
		{AECEC217-2499-403D-B0BB-2962B9BE5970}.Release.Mac|x64.Build.0 = Release|x64
		{AECEC217-2499-403D-B0BB-2962B9BE5970}.Release.Windows|x64.ActiveCfg = Release|x64
		{AECEC217-2499-403D-B0BB-2962B9BE5970}.Release.Windows|x64.Build.0 = Release|x64
		{24D161E9-D1F0-4299-BBD3-5D940BEDD535}.Debug.Linux|x64.ActiveCfg = Debug|x64
		{24D161E9-D1F0-4299-BBD3-5D940BEDD535}.Debug.Mac|x64.ActiveCfg = Debug|x64
		{24D161E9-D1F0-4299-BBD3-5D940BEDD535}.Debug.Windows|x64.ActiveCfg = Debug|x64
		{24D161E9-D1F0-4299-BBD3-5D940BEDD535}.Debug.Windows|x64.Build.0 = Debug|x64
		{24D161E9-D1F0-4299-BBD3-5D940BEDD535}.Release.Linux|x64.ActiveCfg = Release|x64
		{24D161E9-D1F0-4299-BBD3-5D940BEDD535}.Release.Mac|x64.ActiveCfg = Release|x64
		{24D161E9-D1F0-4299-BBD3-5D940BEDD535}.Release.Windows|x64.ActiveCfg = Release|x64
		{24D161E9-D1F0-4299-BBD3-5D940BEDD535}.Release.Windows|x64.Build.0 = Release|x64
	EndGlobalSection
	GlobalSection(SolutionProperties) = preSolution
		HideSolutionNode = FALSE
	EndGlobalSection
	GlobalSection(NestedProjects) = preSolution
		{1118B427-7063-422F-83B9-5023C8EC5A7A} = {2EF2EC94-3A68-4ED7-9A58-B7057ADBA01C}
		{374BF1E5-0B2D-4D4A-BD5E-4212299DEF09} = {2EF2EC94-3A68-4ED7-9A58-B7057ADBA01C}
		{07F2A520-2AB7-46DD-97C0-75D8E988D55B} = {2EF2EC94-3A68-4ED7-9A58-B7057ADBA01C}
		{72701BC3-5DA9-4C7A-BF10-9E98C9FC8EAC} = {C41F10F9-1163-4CFA-A465-EA728F75E9FA}
		{8E0D0989-21F6-4DD8-946C-39F992523CC6} = {C41F10F9-1163-4CFA-A465-EA728F75E9FA}
		{3771C555-B5C1-45E2-B8B7-2CEF1619CDC5} = {C41F10F9-1163-4CFA-A465-EA728F75E9FA}
		{BDA91EE5-C684-4FC5-A90A-B7D677421917} = {2EF2EC94-3A68-4ED7-9A58-B7057ADBA01C}
		{B8C1DFBA-CAFD-4F7E-A1A3-E11907B5467B} = {2EF2EC94-3A68-4ED7-9A58-B7057ADBA01C}
		{03769A07-F216-456B-886B-E07CAF6C5E81} = {2EF2EC94-3A68-4ED7-9A58-B7057ADBA01C}
		{5A6656D5-81C7-472C-9DC8-32D071CB2258} = {2EF2EC94-3A68-4ED7-9A58-B7057ADBA01C}
		{28674A4B-1223-4633-A460-C8CC39B09318} = {DCE11095-DA5F-4878-B58D-2702765560F5}
		{C5D3CA26-562F-4CA4-A378-B93E97A730E3} = {C41F10F9-1163-4CFA-A465-EA728F75E9FA}
		{93B403FD-DAFB-46C5-9636-B122792A548A} = {2EF2EC94-3A68-4ED7-9A58-B7057ADBA01C}
		{A4984251-840E-4622-AD0C-66DFCE2B2574} = {AB0D9230-3893-4486-8899-F9C871FB5D5F}
		{3AB4FB1F-9E23-4CD8-BFAC-8A2221C8F893} = {2EF2EC94-3A68-4ED7-9A58-B7057ADBA01C}
		{25229A04-6554-49B1-A95A-3F3B76C5B0C8} = {2EF2EC94-3A68-4ED7-9A58-B7057ADBA01C}
		{2F63B22B-EE26-4266-BF17-28A9146483A1} = {2EF2EC94-3A68-4ED7-9A58-B7057ADBA01C}
		{2D23AB54-541F-4ABC-8DCA-08C199E97ABB} = {2EF2EC94-3A68-4ED7-9A58-B7057ADBA01C}
		{F468B05A-95E5-46BC-8C67-B80A78527B7D} = {2EF2EC94-3A68-4ED7-9A58-B7057ADBA01C}
		{63E57526-9825-44C8-9ACB-DC3296ADEE97} = {2EF2EC94-3A68-4ED7-9A58-B7057ADBA01C}
		{B4593252-9FB4-431D-A4E1-634D09DE09DE} = {2EF2EC94-3A68-4ED7-9A58-B7057ADBA01C}
		{FAC6EFC5-A890-4CB2-8C80-6358E358C637} = {2EF2EC94-3A68-4ED7-9A58-B7057ADBA01C}
		{1DAC3DA6-3D21-4917-B9A8-D60C8712252A} = {2EF2EC94-3A68-4ED7-9A58-B7057ADBA01C}
		{15FAE44C-0D21-4312-9FD3-28F05A5AB7A6} = {2EF2EC94-3A68-4ED7-9A58-B7057ADBA01C}
		{0D434FA7-6D8C-481E-B0CE-779B59EAEF53} = {C41F10F9-1163-4CFA-A465-EA728F75E9FA}
		{4CE404E7-D3FC-471C-993C-64615861EA63} = {2EF2EC94-3A68-4ED7-9A58-B7057ADBA01C}
		{A1A1A31A-A76E-4F12-92A7-91755320C9A4} = {2EF2EC94-3A68-4ED7-9A58-B7057ADBA01C}
		{28939122-7263-41E7-A7E2-CBFB01AD6A04} = {2EF2EC94-3A68-4ED7-9A58-B7057ADBA01C}
		{32220664-594C-4425-B9A0-88E0BE2F3D2A} = {2EF2EC94-3A68-4ED7-9A58-B7057ADBA01C}
		{17498502-AEFF-4E70-90CC-1D0B56A8ADF5} = {2EF2EC94-3A68-4ED7-9A58-B7057ADBA01C}
		{B9F62A3B-72F5-4703-A5FE-3879FF930410} = {2EF2EC94-3A68-4ED7-9A58-B7057ADBA01C}
		{35CA4DFB-1320-4055-B8F6-F12E0F252FF0} = {2EF2EC94-3A68-4ED7-9A58-B7057ADBA01C}
		{0F0A008E-AB12-40EC-A671-37A541B08C7F} = {C41F10F9-1163-4CFA-A465-EA728F75E9FA}
		{BD7C5776-82F2-40C6-AF01-B3CC1E2D83AF} = {C41F10F9-1163-4CFA-A465-EA728F75E9FA}
		{FA273F69-5762-43D8-AEA1-B4F08090D624} = {C41F10F9-1163-4CFA-A465-EA728F75E9FA}
		{E6E1BC4C-1CF6-4FFA-84A0-74E02AE4096C} = {2EF2EC94-3A68-4ED7-9A58-B7057ADBA01C}
		{4CC2A90D-D240-4382-B4BF-5E175515E492} = {2EF2EC94-3A68-4ED7-9A58-B7057ADBA01C}
		{AECEC217-2499-403D-B0BB-2962B9BE5970} = {2EF2EC94-3A68-4ED7-9A58-B7057ADBA01C}
		{24D161E9-D1F0-4299-BBD3-5D940BEDD535} = {2EF2EC94-3A68-4ED7-9A58-B7057ADBA01C}
	EndGlobalSection
	GlobalSection(ExtensibilityGlobals) = postSolution
		SolutionGuid = {A025908B-DAB1-46CB-83A3-56F3B863D8FA}
	EndGlobalSection
EndGlobal
