
Microsoft Visual Studio Solution File, Format Version 12.00
# Visual Studio Version 16
VisualStudioVersion = 16.0.30114.105
MinimumVisualStudioVersion = 10.0.40219.1
Project("{9A19103F-16F7-4668-BE54-9A1E7A4F7556}") = "FastFetch", "GVFS\FastFetch\FastFetch.csproj", "{642D14C3-0332-4C95-8EE0-0EAC54CBF918}"
EndProject
Project("{9A19103F-16F7-4668-BE54-9A1E7A4F7556}") = "GVFS", "GVFS\GVFS\GVFS.csproj", "{DADCDF10-E38D-432E-9684-CE029DEE1D07}"
EndProject
Project("{9A19103F-16F7-4668-BE54-9A1E7A4F7556}") = "GVFS.Common", "GVFS\GVFS.Common\GVFS.Common.csproj", "{77C8EC7B-4166-4F01-81C4-D9AB924021C0}"
EndProject
Project("{9A19103F-16F7-4668-BE54-9A1E7A4F7556}") = "GVFS.FunctionalTests", "GVFS\GVFS.FunctionalTests\GVFS.FunctionalTests.csproj", "{963F33D0-09EE-42CB-9E5A-37A4F4F1BFAB}"
EndProject
Project("{9A19103F-16F7-4668-BE54-9A1E7A4F7556}") = "GVFS.FunctionalTests.LockHolder", "GVFS\GVFS.FunctionalTests.LockHolder\GVFS.FunctionalTests.LockHolder.csproj", "{B26985C3-250A-4805-AA97-AD0604331AC7}"
EndProject
Project("{9A19103F-16F7-4668-BE54-9A1E7A4F7556}") = "GVFS.GVFlt", "GVFS\GVFS.GVFlt\GVFS.GVFlt.csproj", "{B366D3B6-1E85-4015-8DB0-D5FA4331ECE4}"
EndProject
Project("{9A19103F-16F7-4668-BE54-9A1E7A4F7556}") = "GVFS.Hooks", "GVFS\GVFS.Hooks\GVFS.Hooks.csproj", "{EDB4A40E-CFC9-486A-BDC5-AB2951FD8EDC}"
EndProject
Project("{9A19103F-16F7-4668-BE54-9A1E7A4F7556}") = "GVFS.Mount", "GVFS\GVFS.Mount\GVFS.Mount.csproj", "{F96089C2-6D09-4349-B65D-9CCA6160C6A5}"
EndProject
Project("{9A19103F-16F7-4668-BE54-9A1E7A4F7556}") = "GVFS.MSBuild", "GVFS\GVFS.MSBuild\GVFS.MSBuild.csproj", "{39361E20-C7D3-43E5-A90E-5135457EABC0}"
EndProject
Project("{9A19103F-16F7-4668-BE54-9A1E7A4F7556}") = "GVFS.PerfProfiling", "GVFS\GVFS.PerfProfiling\GVFS.PerfProfiling.csproj", "{26B5D74F-972B-4B54-98C3-15958616E56D}"
EndProject
Project("{9A19103F-16F7-4668-BE54-9A1E7A4F7556}") = "GVFS.Platform.Windows", "GVFS\GVFS.Platform.Windows\GVFS.Platform.Windows.csproj", "{41A25DAD-698D-47AB-8BB1-7E622FE6FAAC}"
EndProject
Project("{8BC9CEB8-8B4A-11D0-8D11-00A0C91BC942}") = "GVFS.PostIndexChangedHook", "GVFS\GVFS.PostIndexChangedHook\GVFS.PostIndexChangedHook.vcxproj", "{24D161E9-D1F0-4299-BBD3-5D940BEDD535}"
EndProject
Project("{8BC9CEB8-8B4A-11D0-8D11-00A0C91BC942}") = "GVFS.ReadObjectHook", "GVFS\GVFS.ReadObjectHook\GVFS.ReadObjectHook.vcxproj", "{5A6656D5-81C7-472C-9DC8-32D071CB2258}"
EndProject
Project("{9A19103F-16F7-4668-BE54-9A1E7A4F7556}") = "GVFS.Service", "GVFS\GVFS.Service\GVFS.Service.csproj", "{5E236AF3-31D7-4313-A129-F080FF058283}"
EndProject
Project("{9A19103F-16F7-4668-BE54-9A1E7A4F7556}") = "GVFS.Service.UI", "GVFS\GVFS.Service.UI\GVFS.Service.UI.csproj", "{D8FB16E2-EAE0-4E05-A993-940062CD7CA7}"
EndProject
Project("{9A19103F-16F7-4668-BE54-9A1E7A4F7556}") = "GVFS.Tests", "GVFS\GVFS.Tests\GVFS.Tests.csproj", "{FE70E0D6-B0A6-421D-AA12-F28F822F09A0}"
EndProject
Project("{9A19103F-16F7-4668-BE54-9A1E7A4F7556}") = "GVFS.UnitTests", "GVFS\GVFS.UnitTests\GVFS.UnitTests.csproj", "{1A46C414-7F39-4EF0-B216-A88033D18678}"
EndProject
Project("{8BC9CEB8-8B4A-11D0-8D11-00A0C91BC942}") = "GVFS.VirtualFileSystemHook", "GVFS\GVFS.VirtualFileSystemHook\GVFS.VirtualFileSystemHook.vcxproj", "{2D23AB54-541F-4ABC-8DCA-08C199E97ABB}"
EndProject
Project("{9A19103F-16F7-4668-BE54-9A1E7A4F7556}") = "GVFS.Virtualization", "GVFS\GVFS.Virtualization\GVFS.Virtualization.csproj", "{EC90AF5D-E018-4248-85D6-9DB1898D710E}"
EndProject
Project("{8BC9CEB8-8B4A-11D0-8D11-00A0C91BC942}") = "GitHooksLoader", "GVFS\GitHooksLoader\GitHooksLoader.vcxproj", "{798DE293-6EDA-4DC4-9395-BE7A71C563E3}"
EndProject
Project("{9A19103F-16F7-4668-BE54-9A1E7A4F7556}") = "GVFS.Payload", "GVFS\GVFS.Payload\GVFS.Payload.csproj", "{A40DD1DC-2D35-4215-9FA0-3990FB7182FD}"
EndProject
Project("{9A19103F-16F7-4668-BE54-9A1E7A4F7556}") = "GVFS.Installers", "GVFS\GVFS.Installers\GVFS.Installers.csproj", "{258FEAC0-5E2D-408A-9652-9E9653219F3B}"
EndProject
Global
	GlobalSection(SolutionConfigurationPlatforms) = preSolution
		Debug|x64 = Debug|x64
		Release|x64 = Release|x64
	EndGlobalSection
	GlobalSection(ProjectConfigurationPlatforms) = postSolution
		{642D14C3-0332-4C95-8EE0-0EAC54CBF918}.Debug|x64.ActiveCfg = Debug|Any CPU
		{642D14C3-0332-4C95-8EE0-0EAC54CBF918}.Debug|x64.Build.0 = Debug|Any CPU
		{642D14C3-0332-4C95-8EE0-0EAC54CBF918}.Release|x64.ActiveCfg = Release|Any CPU
		{642D14C3-0332-4C95-8EE0-0EAC54CBF918}.Release|x64.Build.0 = Release|Any CPU
		{DADCDF10-E38D-432E-9684-CE029DEE1D07}.Debug|x64.ActiveCfg = Debug|Any CPU
		{DADCDF10-E38D-432E-9684-CE029DEE1D07}.Debug|x64.Build.0 = Debug|Any CPU
		{DADCDF10-E38D-432E-9684-CE029DEE1D07}.Release|x64.ActiveCfg = Release|Any CPU
		{DADCDF10-E38D-432E-9684-CE029DEE1D07}.Release|x64.Build.0 = Release|Any CPU
		{77C8EC7B-4166-4F01-81C4-D9AB924021C0}.Debug|x64.ActiveCfg = Debug|Any CPU
		{77C8EC7B-4166-4F01-81C4-D9AB924021C0}.Debug|x64.Build.0 = Debug|Any CPU
		{77C8EC7B-4166-4F01-81C4-D9AB924021C0}.Release|x64.ActiveCfg = Release|Any CPU
		{77C8EC7B-4166-4F01-81C4-D9AB924021C0}.Release|x64.Build.0 = Release|Any CPU
		{963F33D0-09EE-42CB-9E5A-37A4F4F1BFAB}.Debug|x64.ActiveCfg = Debug|Any CPU
		{963F33D0-09EE-42CB-9E5A-37A4F4F1BFAB}.Debug|x64.Build.0 = Debug|Any CPU
		{963F33D0-09EE-42CB-9E5A-37A4F4F1BFAB}.Release|x64.ActiveCfg = Release|Any CPU
		{963F33D0-09EE-42CB-9E5A-37A4F4F1BFAB}.Release|x64.Build.0 = Release|Any CPU
		{B26985C3-250A-4805-AA97-AD0604331AC7}.Debug|x64.ActiveCfg = Debug|Any CPU
		{B26985C3-250A-4805-AA97-AD0604331AC7}.Debug|x64.Build.0 = Debug|Any CPU
		{B26985C3-250A-4805-AA97-AD0604331AC7}.Release|x64.ActiveCfg = Release|Any CPU
		{B26985C3-250A-4805-AA97-AD0604331AC7}.Release|x64.Build.0 = Release|Any CPU
		{B366D3B6-1E85-4015-8DB0-D5FA4331ECE4}.Debug|x64.ActiveCfg = Debug|Any CPU
		{B366D3B6-1E85-4015-8DB0-D5FA4331ECE4}.Debug|x64.Build.0 = Debug|Any CPU
		{B366D3B6-1E85-4015-8DB0-D5FA4331ECE4}.Release|x64.ActiveCfg = Release|Any CPU
		{B366D3B6-1E85-4015-8DB0-D5FA4331ECE4}.Release|x64.Build.0 = Release|Any CPU
		{EDB4A40E-CFC9-486A-BDC5-AB2951FD8EDC}.Debug|x64.ActiveCfg = Debug|Any CPU
		{EDB4A40E-CFC9-486A-BDC5-AB2951FD8EDC}.Debug|x64.Build.0 = Debug|Any CPU
		{EDB4A40E-CFC9-486A-BDC5-AB2951FD8EDC}.Release|x64.ActiveCfg = Release|Any CPU
		{EDB4A40E-CFC9-486A-BDC5-AB2951FD8EDC}.Release|x64.Build.0 = Release|Any CPU
		{F96089C2-6D09-4349-B65D-9CCA6160C6A5}.Debug|x64.ActiveCfg = Debug|Any CPU
		{F96089C2-6D09-4349-B65D-9CCA6160C6A5}.Debug|x64.Build.0 = Debug|Any CPU
		{F96089C2-6D09-4349-B65D-9CCA6160C6A5}.Release|x64.ActiveCfg = Release|Any CPU
		{F96089C2-6D09-4349-B65D-9CCA6160C6A5}.Release|x64.Build.0 = Release|Any CPU
		{39361E20-C7D3-43E5-A90E-5135457EABC0}.Debug|x64.ActiveCfg = Debug|Any CPU
		{39361E20-C7D3-43E5-A90E-5135457EABC0}.Debug|x64.Build.0 = Debug|Any CPU
		{39361E20-C7D3-43E5-A90E-5135457EABC0}.Release|x64.ActiveCfg = Release|Any CPU
		{39361E20-C7D3-43E5-A90E-5135457EABC0}.Release|x64.Build.0 = Release|Any CPU
		{26B5D74F-972B-4B54-98C3-15958616E56D}.Debug|x64.ActiveCfg = Debug|Any CPU
		{26B5D74F-972B-4B54-98C3-15958616E56D}.Debug|x64.Build.0 = Debug|Any CPU
		{26B5D74F-972B-4B54-98C3-15958616E56D}.Release|x64.ActiveCfg = Release|Any CPU
		{26B5D74F-972B-4B54-98C3-15958616E56D}.Release|x64.Build.0 = Release|Any CPU
		{41A25DAD-698D-47AB-8BB1-7E622FE6FAAC}.Debug|x64.ActiveCfg = Debug|Any CPU
		{41A25DAD-698D-47AB-8BB1-7E622FE6FAAC}.Debug|x64.Build.0 = Debug|Any CPU
		{41A25DAD-698D-47AB-8BB1-7E622FE6FAAC}.Release|x64.ActiveCfg = Release|Any CPU
		{41A25DAD-698D-47AB-8BB1-7E622FE6FAAC}.Release|x64.Build.0 = Release|Any CPU
		{24D161E9-D1F0-4299-BBD3-5D940BEDD535}.Debug|x64.ActiveCfg = Debug|x64
		{24D161E9-D1F0-4299-BBD3-5D940BEDD535}.Debug|x64.Build.0 = Debug|x64
		{24D161E9-D1F0-4299-BBD3-5D940BEDD535}.Release|x64.ActiveCfg = Release|x64
		{24D161E9-D1F0-4299-BBD3-5D940BEDD535}.Release|x64.Build.0 = Release|x64
		{5A6656D5-81C7-472C-9DC8-32D071CB2258}.Debug|x64.ActiveCfg = Debug|x64
		{5A6656D5-81C7-472C-9DC8-32D071CB2258}.Debug|x64.Build.0 = Debug|x64
		{5A6656D5-81C7-472C-9DC8-32D071CB2258}.Release|x64.ActiveCfg = Release|x64
		{5A6656D5-81C7-472C-9DC8-32D071CB2258}.Release|x64.Build.0 = Release|x64
		{5E236AF3-31D7-4313-A129-F080FF058283}.Debug|x64.ActiveCfg = Debug|Any CPU
		{5E236AF3-31D7-4313-A129-F080FF058283}.Debug|x64.Build.0 = Debug|Any CPU
		{5E236AF3-31D7-4313-A129-F080FF058283}.Release|x64.ActiveCfg = Release|Any CPU
		{5E236AF3-31D7-4313-A129-F080FF058283}.Release|x64.Build.0 = Release|Any CPU
		{D8FB16E2-EAE0-4E05-A993-940062CD7CA7}.Debug|x64.ActiveCfg = Debug|Any CPU
		{D8FB16E2-EAE0-4E05-A993-940062CD7CA7}.Debug|x64.Build.0 = Debug|Any CPU
		{D8FB16E2-EAE0-4E05-A993-940062CD7CA7}.Release|x64.ActiveCfg = Release|Any CPU
		{D8FB16E2-EAE0-4E05-A993-940062CD7CA7}.Release|x64.Build.0 = Release|Any CPU
		{FE70E0D6-B0A6-421D-AA12-F28F822F09A0}.Debug|x64.ActiveCfg = Debug|Any CPU
		{FE70E0D6-B0A6-421D-AA12-F28F822F09A0}.Debug|x64.Build.0 = Debug|Any CPU
		{FE70E0D6-B0A6-421D-AA12-F28F822F09A0}.Release|x64.ActiveCfg = Release|Any CPU
		{FE70E0D6-B0A6-421D-AA12-F28F822F09A0}.Release|x64.Build.0 = Release|Any CPU
		{1A46C414-7F39-4EF0-B216-A88033D18678}.Debug|x64.ActiveCfg = Debug|Any CPU
		{1A46C414-7F39-4EF0-B216-A88033D18678}.Debug|x64.Build.0 = Debug|Any CPU
		{1A46C414-7F39-4EF0-B216-A88033D18678}.Release|x64.ActiveCfg = Release|Any CPU
		{1A46C414-7F39-4EF0-B216-A88033D18678}.Release|x64.Build.0 = Release|Any CPU
		{2D23AB54-541F-4ABC-8DCA-08C199E97ABB}.Debug|x64.ActiveCfg = Debug|x64
		{2D23AB54-541F-4ABC-8DCA-08C199E97ABB}.Debug|x64.Build.0 = Debug|x64
		{2D23AB54-541F-4ABC-8DCA-08C199E97ABB}.Release|x64.ActiveCfg = Release|x64
		{2D23AB54-541F-4ABC-8DCA-08C199E97ABB}.Release|x64.Build.0 = Release|x64
		{EC90AF5D-E018-4248-85D6-9DB1898D710E}.Debug|x64.ActiveCfg = Debug|Any CPU
		{EC90AF5D-E018-4248-85D6-9DB1898D710E}.Debug|x64.Build.0 = Debug|Any CPU
		{EC90AF5D-E018-4248-85D6-9DB1898D710E}.Release|x64.ActiveCfg = Release|Any CPU
		{EC90AF5D-E018-4248-85D6-9DB1898D710E}.Release|x64.Build.0 = Release|Any CPU
		{798DE293-6EDA-4DC4-9395-BE7A71C563E3}.Debug|x64.ActiveCfg = Debug|x64
		{798DE293-6EDA-4DC4-9395-BE7A71C563E3}.Debug|x64.Build.0 = Debug|x64
		{798DE293-6EDA-4DC4-9395-BE7A71C563E3}.Release|x64.ActiveCfg = Release|x64
		{798DE293-6EDA-4DC4-9395-BE7A71C563E3}.Release|x64.Build.0 = Release|x64
		{A40DD1DC-2D35-4215-9FA0-3990FB7182FD}.Debug|x64.ActiveCfg = Debug|Any CPU
		{A40DD1DC-2D35-4215-9FA0-3990FB7182FD}.Debug|x64.Build.0 = Debug|Any CPU
		{A40DD1DC-2D35-4215-9FA0-3990FB7182FD}.Release|x64.ActiveCfg = Release|Any CPU
		{A40DD1DC-2D35-4215-9FA0-3990FB7182FD}.Release|x64.Build.0 = Release|Any CPU
		{258FEAC0-5E2D-408A-9652-9E9653219F3B}.Debug|x64.ActiveCfg = Debug|Any CPU
		{258FEAC0-5E2D-408A-9652-9E9653219F3B}.Debug|x64.Build.0 = Debug|Any CPU
		{258FEAC0-5E2D-408A-9652-9E9653219F3B}.Release|x64.ActiveCfg = Release|Any CPU
		{258FEAC0-5E2D-408A-9652-9E9653219F3B}.Release|x64.Build.0 = Release|Any CPU
	EndGlobalSection
	GlobalSection(SolutionProperties) = preSolution
		HideSolutionNode = FALSE
	EndGlobalSection
	GlobalSection(ExtensibilityGlobals) = postSolution
		SolutionGuid = {C506C09B-011F-491F-9D17-D0E2BA0B3467}
	EndGlobalSection
EndGlobal
