<?xml version="1.0" encoding="utf-8"?>
<Project ToolsVersion="4.0" xmlns="http://schemas.microsoft.com/developer/msbuild/2003">
  <ItemGroup>
    <Filter Include="Source Files">
      <UniqueIdentifier>{4FC737F1-C7A5-4376-A066-2A32D752A2FF}</UniqueIdentifier>
      <Extensions>cpp;c;cc;cxx;def;odl;idl;hpj;bat;asm;asmx</Extensions>
    </Filter>
    <Filter Include="Header Files">
      <UniqueIdentifier>{93995380-89BD-4b04-88EB-625FBE52EBFB}</UniqueIdentifier>
      <Extensions>h;hh;hpp;hxx;hm;inl;inc;xsd</Extensions>
    </Filter>
    <Filter Include="Resource Files">
      <UniqueIdentifier>{c42f0003-79e9-4a34-9c03-c74c9242f1d8}</UniqueIdentifier>
    </Filter>
    <Filter Include="Scripts">
      <UniqueIdentifier>{5faad13c-1a12-4726-955f-2ffb51b701fa}</UniqueIdentifier>
    </Filter>
  </ItemGroup>
  <ItemGroup>
    <ClInclude Include="Stdafx.h">
      <Filter>Header Files</Filter>
    </ClInclude>
    <ClInclude Include="GvFltException.h">
      <Filter>Header Files</Filter>
    </ClInclude>
    <ClInclude Include="Utils.h">
      <Filter>Header Files</Filter>
    </ClInclude>
    <ClInclude Include="HResult.h">
      <Filter>Header Files</Filter>
    </ClInclude>
    <ClInclude Include="NativeEnumerationResultUtils.h">
      <Filter>Header Files</Filter>
    </ClInclude>
    <ClInclude Include="resource.h">
      <Filter>Header Files</Filter>
    </ClInclude>
    <ClInclude Include="IoStatusBlockValue.h">
      <Filter>Header Files</Filter>
    </ClInclude>
    <ClInclude Include="ITracer.h">
      <Filter>Header Files</Filter>
    </ClInclude>
    <ClInclude Include="VirtualizationInstance.h">
      <Filter>Header Files</Filter>
    </ClInclude>
    <ClInclude Include="UpdateType.h">
      <Filter>Header Files</Filter>
    </ClInclude>
    <ClInclude Include="NotificationType.h">
      <Filter>Header Files</Filter>
    </ClInclude>
    <ClInclude Include="UpdateFailureCause.h">
      <Filter>Header Files</Filter>
    </ClInclude>
    <ClInclude Include="DirectoryEnumerationResultImpl.h">
      <Filter>Header Files</Filter>
    </ClInclude>
    <ClInclude Include="DirectoryEnumerationResult.h">
      <Filter>Header Files</Filter>
    </ClInclude>
    <ClInclude Include="DirectoryEnumerationFileNamesResult.h">
      <Filter>Header Files</Filter>
    </ClInclude>
    <ClInclude Include="WriteBuffer.h">
      <Filter>Header Files</Filter>
    </ClInclude>
    <ClInclude Include="CallbackDelegates.h">
      <Filter>Header Files</Filter>
    </ClInclude>
    <ClInclude Include="NtStatus.h">
      <Filter>Header Files</Filter>
    </ClInclude>
  </ItemGroup>
  <ItemGroup>
    <ClCompile Include="AssemblyInfo.cpp">
      <Filter>Source Files</Filter>
    </ClCompile>
    <ClCompile Include="Stdafx.cpp">
      <Filter>Source Files</Filter>
    </ClCompile>
    <ClCompile Include="GvFltException.cpp">
      <Filter>Source Files</Filter>
    </ClCompile>
    <ClCompile Include="VirtualizationInstance.cpp">
      <Filter>Source Files</Filter>
    </ClCompile>
    <ClCompile Include="WriteBuffer.cpp">
      <Filter>Source Files</Filter>
    </ClCompile>
  </ItemGroup>
  <ItemGroup>
    <None Include="packages.config" />
    <None Include="Scripts\CreateVersionHeader.bat">
      <Filter>Scripts</Filter>
    </None>
    <None Include="Scripts\CreateCliAssemblyVersion.bat">
      <Filter>Scripts</Filter>
    </None>
    <None Include="GvFlt.props" />
  </ItemGroup>
  <ItemGroup>
    <ResourceCompile Include="Version.rc">
      <Filter>Resource Files</Filter>
    </ResourceCompile>
  </ItemGroup>
</Project>